{
  "version": 4,
  "terraform_version": "1.3.9",
  "serial": 94,
  "lineage": "20e9ae2d-456b-59d5-4129-85385725bcf6",
  "outputs": {},
  "resources": [
    {
      "mode": "managed",
      "type": "azurerm_linux_virtual_machine",
      "name": "tf-linux",
      "provider": "provider[\"registry.terraform.io/hashicorp/azurerm\"]",
      "instances": [
        {
          "schema_version": 0,
          "attributes": {
            "additional_capabilities": [],
            "admin_password": null,
            "admin_ssh_key": [
              {
                "public_key": "ssh-rsa AAAAB3NzaC1yc2EAAAADAQABAAABAQDP7/EgMrZ1D2RW/Jc1y2D3ntjsVn7wGGrF/3kckNLWPJ1RvnaY3dL3JaCRRLi4UFM+9d2CLjdh29r4ynw5o7yRQ3s8S5GTDmpDfdv0YdYbWQxjFpsiunwQEhGfr7mCVdKUOzDtXNU3kRFB7duH7/S+j8sNAdQ2LHMDu18OyUEgn4+69Q2sPCxRc3SRkT1HXpjsQTJCWIxMl7bqcJHsjGqTDd+wF0JJ/HGslMhSxjenUt2uAGfyqlEg2LL60TLmzY+rzSkf/Axll2bazpdBdCo30GWh+BFCd5cv0JbaD9ArJzCE1IeLsTSVS4PGgWaBkdkHjqreQoSbQ5kte6DOwKJR\n",
                "username": "adminuser"
              }
            ],
            "admin_username": "adminuser",
            "allow_extension_operations": true,
            "availability_set_id": "",
            "boot_diagnostics": [],
            "capacity_reservation_group_id": "",
            "computer_name": "tf-U16",
            "custom_data": null,
            "dedicated_host_group_id": "",
            "dedicated_host_id": "",
            "disable_password_authentication": true,
            "edge_zone": "",
            "encryption_at_host_enabled": false,
            "eviction_policy": "",
            "extensions_time_budget": "PT1H30M",
            "gallery_application": [],
            "id": "/subscriptions/f9a92d15-34b7-4665-b1d1-39e1a39c1d15/resourceGroups/tf-rg/providers/Microsoft.Compute/virtualMachines/tf-U16",
            "identity": [],
            "license_type": "",
            "location": "southeastasia",
            "max_bid_price": -1,
            "name": "tf-U16",
            "network_interface_ids": [
              "/subscriptions/f9a92d15-34b7-4665-b1d1-39e1a39c1d15/resourceGroups/tf-rg/providers/Microsoft.Network/networkInterfaces/tflinuxnetinterface"
            ],
            "os_disk": [
              {
                "caching": "ReadWrite",
                "diff_disk_settings": [],
                "disk_encryption_set_id": "",
                "disk_size_gb": 30,
                "name": "tf-U16_OsDisk_1_a2bd7181902a499084b415db263d5d67",
                "secure_vm_disk_encryption_set_id": "",
                "security_encryption_type": "",
                "storage_account_type": "Standard_LRS",
                "write_accelerator_enabled": false
              }
            ],
            "patch_assessment_mode": "ImageDefault",
            "patch_mode": "ImageDefault",
            "plan": [],
            "platform_fault_domain": -1,
            "priority": "Regular",
            "private_ip_address": "10.0.2.5",
            "private_ip_addresses": [
              "10.0.2.5"
            ],
            "provision_vm_agent": true,
            "proximity_placement_group_id": "",
            "public_ip_address": "4.193.205.240",
            "public_ip_addresses": [
              "4.193.205.240"
            ],
            "resource_group_name": "tf-rg",
            "secret": [],
            "secure_boot_enabled": false,
            "size": "Standard_D2s_v3",
            "source_image_id": "",
            "source_image_reference": [
              {
                "offer": "UbuntuServer",
                "publisher": "Canonical",
                "sku": "16.04-LTS",
                "version": "latest"
              }
            ],
            "tags": null,
            "termination_notification": null,
            "timeouts": null,
            "user_data": "",
            "virtual_machine_id": "45c21b67-fb96-4e32-8a82-07c59dc2d088",
            "virtual_machine_scale_set_id": "",
            "vtpm_enabled": false,
            "zone": ""
          },
          "sensitive_attributes": [],
          "private": "eyJlMmJmYjczMC1lY2FhLTExZTYtOGY4OC0zNDM2M2JjN2M0YzAiOnsiY3JlYXRlIjoyNzAwMDAwMDAwMDAwLCJkZWxldGUiOjI3MDAwMDAwMDAwMDAsInJlYWQiOjMwMDAwMDAwMDAwMCwidXBkYXRlIjoyNzAwMDAwMDAwMDAwfX0=",
          "dependencies": [
            "azurerm_network_interface.tf-linuxnetinterface",
            "azurerm_network_interface.tf-netinterface",
            "tls_private_key.tf-linuxkey"
          ]
        }
      ]
    },
    {
      "mode": "managed",
      "type": "azurerm_managed_disk",
      "name": "tf-manageddisk",
      "provider": "provider[\"registry.terraform.io/hashicorp/azurerm\"]",
      "instances": [
        {
          "schema_version": 1,
          "attributes": {
            "create_option": "Empty",
            "disk_access_id": "",
            "disk_encryption_set_id": "",
            "disk_iops_read_only": 0,
            "disk_iops_read_write": 500,
            "disk_mbps_read_only": 0,
            "disk_mbps_read_write": 60,
            "disk_size_gb": 16,
            "edge_zone": "",
            "encryption_settings": [],
            "gallery_image_reference_id": "",
            "hyper_v_generation": "",
            "id": "/subscriptions/f9a92d15-34b7-4665-b1d1-39e1a39c1d15/resourceGroups/tf-rg/providers/Microsoft.Compute/disks/tfmanageddisk",
            "image_reference_id": "",
            "location": "southeastasia",
            "logical_sector_size": null,
            "max_shares": 0,
            "name": "tfmanageddisk",
            "network_access_policy": null,
            "on_demand_bursting_enabled": false,
            "os_type": "",
            "public_network_access_enabled": true,
            "resource_group_name": "tf-rg",
            "secure_vm_disk_encryption_set_id": "",
            "security_type": "",
            "source_resource_id": "",
            "source_uri": "",
            "storage_account_id": "",
            "storage_account_type": "Standard_LRS",
            "tags": {},
            "tier": "",
            "timeouts": null,
            "trusted_launch_enabled": false,
            "upload_size_bytes": 0,
            "zone": ""
          },
          "sensitive_attributes": [],
          "private": "eyJlMmJmYjczMC1lY2FhLTExZTYtOGY4OC0zNDM2M2JjN2M0YzAiOnsiY3JlYXRlIjoxODAwMDAwMDAwMDAwLCJkZWxldGUiOjE4MDAwMDAwMDAwMDAsInJlYWQiOjMwMDAwMDAwMDAwMCwidXBkYXRlIjoxODAwMDAwMDAwMDAwfSwic2NoZW1hX3ZlcnNpb24iOiIxIn0="
        }
      ]
    },
    {
      "mode": "managed",
      "type": "azurerm_network_interface",
      "name": "tf-linuxnetinterface",
      "provider": "provider[\"registry.terraform.io/hashicorp/azurerm\"]",
      "instances": [
        {
          "schema_version": 0,
          "attributes": {
            "applied_dns_servers": [],
            "dns_servers": [],
            "edge_zone": "",
            "enable_accelerated_networking": false,
            "enable_ip_forwarding": false,
            "id": "/subscriptions/f9a92d15-34b7-4665-b1d1-39e1a39c1d15/resourceGroups/tf-rg/providers/Microsoft.Network/networkInterfaces/tflinuxnetinterface",
            "internal_dns_name_label": "",
            "internal_domain_name_suffix": "rkxtcduzqxduhhhmrkafuh01ub.ix.internal.cloudapp.net",
            "ip_configuration": [
              {
                "gateway_load_balancer_frontend_ip_configuration_id": "",
                "name": "linuxipconfig",
                "primary": true,
                "private_ip_address": "10.0.2.5",
                "private_ip_address_allocation": "Dynamic",
                "private_ip_address_version": "IPv4",
                "public_ip_address_id": "/subscriptions/f9a92d15-34b7-4665-b1d1-39e1a39c1d15/resourceGroups/tf-rg/providers/Microsoft.Network/publicIPAddresses/tflinuxpublicip",
                "subnet_id": "/subscriptions/f9a92d15-34b7-4665-b1d1-39e1a39c1d15/resourceGroups/tf-rg/providers/Microsoft.Network/virtualNetworks/tfvirnet/subnets/tfsubnet"
              }
            ],
            "location": "southeastasia",
            "mac_address": "",
            "name": "tflinuxnetinterface",
            "private_ip_address": "10.0.2.5",
            "private_ip_addresses": [
              "10.0.2.5"
            ],
            "resource_group_name": "tf-rg",
            "tags": {},
            "timeouts": null,
            "virtual_machine_id": ""
          },
          "sensitive_attributes": [],
          "private": "eyJlMmJmYjczMC1lY2FhLTExZTYtOGY4OC0zNDM2M2JjN2M0YzAiOnsiY3JlYXRlIjoxODAwMDAwMDAwMDAwLCJkZWxldGUiOjE4MDAwMDAwMDAwMDAsInJlYWQiOjMwMDAwMDAwMDAwMCwidXBkYXRlIjoxODAwMDAwMDAwMDAwfX0=",
          "dependencies": [
            "azurerm_public_ip.tf-linuxpublicip",
            "azurerm_subnet.tf-subnet",
            "azurerm_virtual_network.tf-virnet"
          ]
        }
      ]
    },
    {
      "mode": "managed",
      "type": "azurerm_network_interface",
      "name": "tf-netinterface",
      "provider": "provider[\"registry.terraform.io/hashicorp/azurerm\"]",
      "instances": [
        {
          "schema_version": 0,
          "attributes": {
            "applied_dns_servers": [],
            "dns_servers": [],
            "edge_zone": "",
            "enable_accelerated_networking": false,
            "enable_ip_forwarding": false,
            "id": "/subscriptions/f9a92d15-34b7-4665-b1d1-39e1a39c1d15/resourceGroups/tf-rg/providers/Microsoft.Network/networkInterfaces/tfnetinterface",
            "internal_dns_name_label": "",
            "internal_domain_name_suffix": "rkxtcduzqxduhhhmrkafuh01ub.ix.internal.cloudapp.net",
            "ip_configuration": [
              {
                "gateway_load_balancer_frontend_ip_configuration_id": "",
                "name": "testconfiguration1",
                "primary": true,
                "private_ip_address": "10.0.2.4",
                "private_ip_address_allocation": "Dynamic",
                "private_ip_address_version": "IPv4",
                "public_ip_address_id": "/subscriptions/f9a92d15-34b7-4665-b1d1-39e1a39c1d15/resourceGroups/tf-rg/providers/Microsoft.Network/publicIPAddresses/tfpublicip",
                "subnet_id": "/subscriptions/f9a92d15-34b7-4665-b1d1-39e1a39c1d15/resourceGroups/tf-rg/providers/Microsoft.Network/virtualNetworks/tfvirnet/subnets/tfsubnet"
              }
            ],
            "location": "southeastasia",
            "mac_address": "60-45-BD-1F-70-B5",
            "name": "tfnetinterface",
            "private_ip_address": "10.0.2.4",
            "private_ip_addresses": [
              "10.0.2.4"
            ],
            "resource_group_name": "tf-rg",
            "tags": {},
            "timeouts": null,
            "virtual_machine_id": "/subscriptions/f9a92d15-34b7-4665-b1d1-39e1a39c1d15/resourceGroups/tf-rg/providers/Microsoft.Compute/virtualMachines/tf-winsrv2019"
          },
          "sensitive_attributes": [],
          "private": "eyJlMmJmYjczMC1lY2FhLTExZTYtOGY4OC0zNDM2M2JjN2M0YzAiOnsiY3JlYXRlIjoxODAwMDAwMDAwMDAwLCJkZWxldGUiOjE4MDAwMDAwMDAwMDAsInJlYWQiOjMwMDAwMDAwMDAwMCwidXBkYXRlIjoxODAwMDAwMDAwMDAwfX0=",
          "dependencies": [
            "azurerm_public_ip.tf-publicip",
            "azurerm_subnet.tf-subnet",
            "azurerm_virtual_network.tf-virnet"
          ]
        }
      ]
    },
    {
      "mode": "managed",
      "type": "azurerm_network_security_group",
      "name": "tf-netsecgrp",
      "provider": "provider[\"registry.terraform.io/hashicorp/azurerm\"]",
      "instances": [
        {
          "schema_version": 0,
          "attributes": {
            "id": "/subscriptions/f9a92d15-34b7-4665-b1d1-39e1a39c1d15/resourceGroups/tf-rg/providers/Microsoft.Network/networkSecurityGroups/tfnetsecgrp",
            "location": "southeastasia",
            "name": "tfnetsecgrp",
            "resource_group_name": "tf-rg",
            "security_rule": [
              {
                "access": "Allow",
                "description": "",
                "destination_address_prefix": "*",
                "destination_address_prefixes": [],
                "destination_application_security_group_ids": [],
                "destination_port_range": "22",
                "destination_port_ranges": [],
                "direction": "Inbound",
                "name": "AllowSSH",
                "priority": 200,
                "protocol": "Tcp",
                "source_address_prefix": "*",
                "source_address_prefixes": [],
                "source_application_security_group_ids": [],
                "source_port_range": "*",
                "source_port_ranges": []
              },
              {
                "access": "Allow",
                "description": "",
                "destination_address_prefix": "*",
                "destination_address_prefixes": [],
                "destination_application_security_group_ids": [],
                "destination_port_range": "3389",
                "destination_port_ranges": [],
                "direction": "Inbound",
                "name": "AllowRDP",
                "priority": 300,
                "protocol": "Tcp",
                "source_address_prefix": "*",
                "source_address_prefixes": [],
                "source_application_security_group_ids": [],
                "source_port_range": "*",
                "source_port_ranges": []
              }
            ],
            "tags": {},
            "timeouts": null
          },
          "sensitive_attributes": [],
          "private": "eyJlMmJmYjczMC1lY2FhLTExZTYtOGY4OC0zNDM2M2JjN2M0YzAiOnsiY3JlYXRlIjoxODAwMDAwMDAwMDAwLCJkZWxldGUiOjE4MDAwMDAwMDAwMDAsInJlYWQiOjMwMDAwMDAwMDAwMCwidXBkYXRlIjoxODAwMDAwMDAwMDAwfX0="
        }
      ]
    },
    {
      "mode": "managed",
      "type": "azurerm_public_ip",
      "name": "tf-linuxpublicip",
      "provider": "provider[\"registry.terraform.io/hashicorp/azurerm\"]",
      "instances": [
        {
          "schema_version": 0,
          "attributes": {
            "allocation_method": "Static",
            "ddos_protection_mode": "VirtualNetworkInherited",
            "ddos_protection_plan_id": null,
            "domain_name_label": null,
            "edge_zone": "",
            "fqdn": null,
            "id": "/subscriptions/f9a92d15-34b7-4665-b1d1-39e1a39c1d15/resourceGroups/tf-rg/providers/Microsoft.Network/publicIPAddresses/tflinuxpublicip",
            "idle_timeout_in_minutes": 4,
            "ip_address": "4.193.205.240",
            "ip_tags": {},
            "ip_version": "IPv4",
            "location": "southeastasia",
            "name": "tflinuxpublicip",
            "public_ip_prefix_id": null,
            "resource_group_name": "tf-rg",
            "reverse_fqdn": null,
            "sku": "Basic",
            "sku_tier": "Regional",
            "tags": {
              "environment": "Production"
            },
            "timeouts": null,
            "zones": []
          },
          "sensitive_attributes": [],
          "private": "eyJlMmJmYjczMC1lY2FhLTExZTYtOGY4OC0zNDM2M2JjN2M0YzAiOnsiY3JlYXRlIjoxODAwMDAwMDAwMDAwLCJkZWxldGUiOjE4MDAwMDAwMDAwMDAsInJlYWQiOjMwMDAwMDAwMDAwMCwidXBkYXRlIjoxODAwMDAwMDAwMDAwfX0="
        }
      ]
    },
    {
      "mode": "managed",
      "type": "azurerm_public_ip",
      "name": "tf-publicip",
      "provider": "provider[\"registry.terraform.io/hashicorp/azurerm\"]",
      "instances": [
        {
          "schema_version": 0,
          "attributes": {
            "allocation_method": "Static",
            "ddos_protection_mode": "VirtualNetworkInherited",
            "ddos_protection_plan_id": null,
            "domain_name_label": null,
            "edge_zone": "",
            "fqdn": null,
            "id": "/subscriptions/f9a92d15-34b7-4665-b1d1-39e1a39c1d15/resourceGroups/tf-rg/providers/Microsoft.Network/publicIPAddresses/tfpublicip",
            "idle_timeout_in_minutes": 4,
            "ip_address": "20.212.193.158",
            "ip_tags": {},
            "ip_version": "IPv4",
            "location": "southeastasia",
            "name": "tfpublicip",
            "public_ip_prefix_id": null,
            "resource_group_name": "tf-rg",
            "reverse_fqdn": null,
            "sku": "Basic",
            "sku_tier": "Regional",
            "tags": {
              "environment": "Production"
            },
            "timeouts": null,
            "zones": []
          },
          "sensitive_attributes": [],
          "private": "eyJlMmJmYjczMC1lY2FhLTExZTYtOGY4OC0zNDM2M2JjN2M0YzAiOnsiY3JlYXRlIjoxODAwMDAwMDAwMDAwLCJkZWxldGUiOjE4MDAwMDAwMDAwMDAsInJlYWQiOjMwMDAwMDAwMDAwMCwidXBkYXRlIjoxODAwMDAwMDAwMDAwfX0="
        }
      ]
    },
    {
      "mode": "managed",
      "type": "azurerm_resource_group",
      "name": "tf-rg",
      "provider": "provider[\"registry.terraform.io/hashicorp/azurerm\"]",
      "instances": [
        {
          "schema_version": 0,
          "attributes": {
            "id": "/subscriptions/f9a92d15-34b7-4665-b1d1-39e1a39c1d15/resourceGroups/tf-rg",
            "location": "southeastasia",
            "name": "tf-rg",
            "tags": {},
            "timeouts": null
          },
          "sensitive_attributes": [],
          "private": "eyJlMmJmYjczMC1lY2FhLTExZTYtOGY4OC0zNDM2M2JjN2M0YzAiOnsiY3JlYXRlIjo1NDAwMDAwMDAwMDAwLCJkZWxldGUiOjU0MDAwMDAwMDAwMDAsInJlYWQiOjMwMDAwMDAwMDAwMCwidXBkYXRlIjo1NDAwMDAwMDAwMDAwfX0="
        }
      ]
    },
    {
      "mode": "managed",
      "type": "azurerm_subnet",
      "name": "tf-subnet",
      "provider": "provider[\"registry.terraform.io/hashicorp/azurerm\"]",
      "instances": [
        {
          "schema_version": 0,
          "attributes": {
            "address_prefixes": [
              "10.0.2.0/24"
            ],
            "delegation": [],
            "enforce_private_link_endpoint_network_policies": false,
            "enforce_private_link_service_network_policies": false,
            "id": "/subscriptions/f9a92d15-34b7-4665-b1d1-39e1a39c1d15/resourceGroups/tf-rg/providers/Microsoft.Network/virtualNetworks/tfvirnet/subnets/tfsubnet",
            "name": "tfsubnet",
            "private_endpoint_network_policies_enabled": true,
            "private_link_service_network_policies_enabled": true,
            "resource_group_name": "tf-rg",
            "service_endpoint_policy_ids": [],
            "service_endpoints": [],
            "timeouts": null,
            "virtual_network_name": "tfvirnet"
          },
          "sensitive_attributes": [],
          "private": "eyJlMmJmYjczMC1lY2FhLTExZTYtOGY4OC0zNDM2M2JjN2M0YzAiOnsiY3JlYXRlIjoxODAwMDAwMDAwMDAwLCJkZWxldGUiOjE4MDAwMDAwMDAwMDAsInJlYWQiOjMwMDAwMDAwMDAwMCwidXBkYXRlIjoxODAwMDAwMDAwMDAwfX0=",
          "dependencies": [
            "azurerm_virtual_network.tf-virnet"
          ]
        }
      ]
    },
    {
      "mode": "managed",
      "type": "azurerm_subnet_network_security_group_association",
      "name": "tf-nwsecgrpass",
      "provider": "provider[\"registry.terraform.io/hashicorp/azurerm\"]",
      "instances": [
        {
          "schema_version": 0,
          "attributes": {
            "id": "/subscriptions/f9a92d15-34b7-4665-b1d1-39e1a39c1d15/resourceGroups/tf-rg/providers/Microsoft.Network/virtualNetworks/tfvirnet/subnets/tfsubnet",
            "network_security_group_id": "/subscriptions/f9a92d15-34b7-4665-b1d1-39e1a39c1d15/resourceGroups/tf-rg/providers/Microsoft.Network/networkSecurityGroups/tfnetsecgrp",
            "subnet_id": "/subscriptions/f9a92d15-34b7-4665-b1d1-39e1a39c1d15/resourceGroups/tf-rg/providers/Microsoft.Network/virtualNetworks/tfvirnet/subnets/tfsubnet",
            "timeouts": null
          },
          "sensitive_attributes": [],
          "private": "eyJlMmJmYjczMC1lY2FhLTExZTYtOGY4OC0zNDM2M2JjN2M0YzAiOnsiY3JlYXRlIjoxODAwMDAwMDAwMDAwLCJkZWxldGUiOjE4MDAwMDAwMDAwMDAsInJlYWQiOjMwMDAwMDAwMDAwMCwidXBkYXRlIjoxODAwMDAwMDAwMDAwfX0=",
          "dependencies": [
            "azurerm_network_security_group.tf-netsecgrp",
            "azurerm_subnet.tf-subnet",
            "azurerm_virtual_network.tf-virnet"
          ]
        }
      ]
    },
    {
      "mode": "managed",
      "type": "azurerm_virtual_machine_data_disk_attachment",
      "name": "example",
      "provider": "provider[\"registry.terraform.io/hashicorp/azurerm\"]",
      "instances": [
        {
          "schema_version": 0,
          "attributes": {
            "caching": "ReadWrite",
            "create_option": "Attach",
            "id": "/subscriptions/f9a92d15-34b7-4665-b1d1-39e1a39c1d15/resourceGroups/tf-rg/providers/Microsoft.Compute/virtualMachines/tf-winsrv2019/dataDisks/tfmanageddisk",
            "lun": 10,
            "managed_disk_id": "/subscriptions/f9a92d15-34b7-4665-b1d1-39e1a39c1d15/resourceGroups/tf-rg/providers/Microsoft.Compute/disks/tfmanageddisk",
            "timeouts": null,
            "virtual_machine_id": "/subscriptions/f9a92d15-34b7-4665-b1d1-39e1a39c1d15/resourceGroups/tf-rg/providers/Microsoft.Compute/virtualMachines/tf-winsrv2019",
            "write_accelerator_enabled": false
          },
          "sensitive_attributes": [],
          "private": "eyJlMmJmYjczMC1lY2FhLTExZTYtOGY4OC0zNDM2M2JjN2M0YzAiOnsiY3JlYXRlIjoxODAwMDAwMDAwMDAwLCJkZWxldGUiOjE4MDAwMDAwMDAwMDAsInJlYWQiOjMwMDAwMDAwMDAwMCwidXBkYXRlIjoxODAwMDAwMDAwMDAwfX0=",
          "dependencies": [
            "azurerm_managed_disk.tf-manageddisk",
            "azurerm_network_interface.tf-netinterface",
            "azurerm_public_ip.tf-publicip",
            "azurerm_subnet.tf-subnet",
            "azurerm_virtual_network.tf-virnet",
            "azurerm_windows_virtual_machine.tf-winsrv2019"
          ]
        }
      ]
    },
    {
      "mode": "managed",
      "type": "azurerm_virtual_network",
      "name": "tf-virnet",
      "provider": "provider[\"registry.terraform.io/hashicorp/azurerm\"]",
      "instances": [
        {
          "schema_version": 0,
          "attributes": {
            "address_space": [
              "10.0.0.0/16"
            ],
            "bgp_community": "",
            "ddos_protection_plan": [],
            "dns_servers": [],
            "edge_zone": "",
            "flow_timeout_in_minutes": 0,
            "guid": "0e31af8a-8599-43c7-9cec-8a805a1f5ba1",
            "id": "/subscriptions/f9a92d15-34b7-4665-b1d1-39e1a39c1d15/resourceGroups/tf-rg/providers/Microsoft.Network/virtualNetworks/tfvirnet",
            "location": "southeastasia",
            "name": "tfvirnet",
            "resource_group_name": "tf-rg",
            "subnet": [
              {
                "address_prefix": "10.0.2.0/24",
                "id": "/subscriptions/f9a92d15-34b7-4665-b1d1-39e1a39c1d15/resourceGroups/tf-rg/providers/Microsoft.Network/virtualNetworks/tfvirnet/subnets/tfsubnet",
                "name": "tfsubnet",
                "security_group": "/subscriptions/f9a92d15-34b7-4665-b1d1-39e1a39c1d15/resourceGroups/tf-rg/providers/Microsoft.Network/networkSecurityGroups/tfnetsecgrp"
              }
            ],
            "tags": {},
            "timeouts": null
          },
          "sensitive_attributes": [],
          "private": "eyJlMmJmYjczMC1lY2FhLTExZTYtOGY4OC0zNDM2M2JjN2M0YzAiOnsiY3JlYXRlIjoxODAwMDAwMDAwMDAwLCJkZWxldGUiOjE4MDAwMDAwMDAwMDAsInJlYWQiOjMwMDAwMDAwMDAwMCwidXBkYXRlIjoxODAwMDAwMDAwMDAwfX0="
        }
      ]
    },
    {
      "mode": "managed",
      "type": "azurerm_windows_virtual_machine",
      "name": "tf-winsrv2019",
      "provider": "provider[\"registry.terraform.io/hashicorp/azurerm\"]",
      "instances": [
        {
          "schema_version": 0,
          "attributes": {
            "additional_capabilities": [],
            "additional_unattend_content": [],
            "admin_password": "123qwe!@#QWE",
            "admin_username": "adminuser",
            "allow_extension_operations": true,
            "availability_set_id": "",
            "boot_diagnostics": [],
            "capacity_reservation_group_id": "",
            "computer_name": "tf-winsrv2019",
            "custom_data": null,
            "dedicated_host_group_id": "",
            "dedicated_host_id": "",
            "edge_zone": "",
            "enable_automatic_updates": true,
            "encryption_at_host_enabled": false,
            "eviction_policy": "",
            "extensions_time_budget": "PT1H30M",
            "gallery_application": [],
            "hotpatching_enabled": false,
            "id": "/subscriptions/f9a92d15-34b7-4665-b1d1-39e1a39c1d15/resourceGroups/tf-rg/providers/Microsoft.Compute/virtualMachines/tf-winsrv2019",
            "identity": [],
            "license_type": "",
            "location": "southeastasia",
            "max_bid_price": -1,
            "name": "tf-winsrv2019",
            "network_interface_ids": [
              "/subscriptions/f9a92d15-34b7-4665-b1d1-39e1a39c1d15/resourceGroups/tf-rg/providers/Microsoft.Network/networkInterfaces/tfnetinterface"
            ],
            "os_disk": [
              {
                "caching": "ReadWrite",
                "diff_disk_settings": [],
                "disk_encryption_set_id": "",
                "disk_size_gb": 127,
                "name": "tf-winsrv2019_OsDisk_1_013c88366bd74324948358c6a20e78f0",
                "secure_vm_disk_encryption_set_id": "",
                "security_encryption_type": "",
                "storage_account_type": "Standard_LRS",
                "write_accelerator_enabled": false
              }
            ],
            "patch_assessment_mode": "ImageDefault",
            "patch_mode": "AutomaticByOS",
            "plan": [],
            "platform_fault_domain": -1,
            "priority": "Regular",
            "private_ip_address": "10.0.2.4",
            "private_ip_addresses": [
              "10.0.2.4"
            ],
            "provision_vm_agent": true,
            "proximity_placement_group_id": "",
            "public_ip_address": "20.212.193.158",
            "public_ip_addresses": [
              "20.212.193.158"
            ],
            "resource_group_name": "tf-rg",
            "secret": [],
            "secure_boot_enabled": false,
            "size": "Standard_D2ls_v5",
            "source_image_id": "",
            "source_image_reference": [
              {
                "offer": "WindowsServer",
                "publisher": "MicrosoftWindowsServer",
                "sku": "2019-Datacenter",
                "version": "latest"
              }
            ],
            "tags": {},
            "termination_notification": [],
            "timeouts": null,
            "timezone": "",
            "user_data": "",
            "virtual_machine_id": "bda06e2a-7868-4baa-9d6e-aa1deda15348",
            "virtual_machine_scale_set_id": "",
            "vtpm_enabled": false,
            "winrm_listener": [],
            "zone": ""
          },
          "sensitive_attributes": [],
          "private": "eyJlMmJmYjczMC1lY2FhLTExZTYtOGY4OC0zNDM2M2JjN2M0YzAiOnsiY3JlYXRlIjoyNzAwMDAwMDAwMDAwLCJkZWxldGUiOjI3MDAwMDAwMDAwMDAsInJlYWQiOjMwMDAwMDAwMDAwMCwidXBkYXRlIjoyNzAwMDAwMDAwMDAwfX0=",
          "dependencies": [
            "azurerm_network_interface.tf-netinterface",
            "azurerm_public_ip.tf-publicip",
            "azurerm_subnet.tf-subnet",
            "azurerm_virtual_network.tf-virnet"
          ]
        }
      ]
    },
    {
      "mode": "managed",
      "type": "local_file",
      "name": "tf-linuxpemkey",
      "provider": "provider[\"registry.terraform.io/hashicorp/local\"]",
      "instances": [
        {
          "schema_version": 0,
          "attributes": {
            "content": "-----BEGIN RSA PRIVATE KEY-----\nMIIEpQIBAAKCAQEAz+/xIDK2dQ9kVvyXNctg957Y7FZ+8Bhqxf95HJDS1jydUb52\nmN3S9yWgkUS4uFBTPvXdgi43Ydva+Mp8OaO8kUN7PEuRkw5qQ33b9GHWG1kMYxab\nIrp8EBIRn6+5glXSlDsw7VzVN5ERQe3bh+/0vo/LDQHUNixzA7tfDslBIJ+PuvUN\nrDwsUXN0kZE9R16Y7EEyQliMTJe26nCR7Ixqkw3fsBdCSfxxrJTIUsY3p1LdrgBn\n8qpRINiy+tEy5s2Pq80pH/wMZZdm2s6XQXQqN9BlofgRQneXL9CW2g/QKycwhNSH\ni7E0lUuDxoFmgZHZB46q3kKEm0OZLXugzsCiUQIDAQABAoIBAQC3DyXYkszOgZ50\ndiso0MOtO8r9Rai69sQJS7/zxgvXT8WwEV2XdrIjopyZR0bX/N9Mrmc0FDvtiwBb\nxudWVy/LMv1rN5wROr+Sa1sY6ojzypF9KompKUPPYhjh3HIUrDmXBgUs8m1DXhMz\nV5PNORLeMPkxmkqY5sjaoDovaj5L2JaXTfRlRmxB+S+ldsfWUOzx9nMmRjNFAVSC\n3swBiadaXGcVU6V4au+GGQ15JcbpRFr/03bsjA/0w8Bx+TMaCiEK9/BkFiEvvMQc\nWc63dw4pRkXP7DmE/NFFZ/B8jOYy+Ey+aPMp8wQzaSVfTL/kSiyQQXlM4BpgvtZA\nuEkhsRoBAoGBAPJE1YQg4hQ6ulHllayP97mcgQnmjc1m008Y7ZFRg0pcDAKzE8ir\nRsDvewosBs8fxkqZqxLFr/ITegRAsMm0/Nn+8HZKhM7x+TbtxxxnK7WobSJQi5Nt\nX9FZF9q77mPVpUKXEQ69Iat+ADoKl2SikJ1b1WQwl+nkDhjg310/Bgt9AoGBANu4\n+m1Yi0kJWjX84s0AjnjI/cG3r6e0Q8udmfAiQHX000kaSTaMmtHjQbIk0QOnKXMd\nNtjL2Lx5ng5UNYtT53L9ioJvNQ0mh2GmwW6QtXmrjV2g/2ebNKOcQPGgV8qc7tVo\nDxJ+T7igrUpDtsEM0k2V8ApFVhc7ti4XcXuHzaJlAoGBAJJ+1xGfhLWw0WumRTxk\njep53XlsJYD31Xz12OnPfXFgeY7EVIk6MH2IEkGTX8atMw13IIAoc/0Qk+6wY3aE\n74SuaR9ObkJpBUaWv5jINiERqHRgehX6xD7l/cuxajSKQvUiPhlIemyls2NldihP\nON0+Y6nCzImM8o1OpSJQcspNAoGANqiCa5ceNxIDhfCdvt+HkZZ2Qa1fHfni75EK\nDUmH/Y/ky4eldNNvZA0Dd7xe3mjED+XRkgbLqL8cSXY7R6icp+dYgHAHo3jVLr6b\n2dRXwKejaAo33t8mLhkdsr3vePCnHSFgtnoDfOtDkHjdypJU8oX9C6EJ9IefH0In\nsdIrnl0CgYEAlSkLzRn3ASFrH92BnHksu+VxNzK4X8WWNPAiyVBA4pKb/NQFKAbq\nlFNqX5GFQrp1cUIX06byHHxqlVuOqDo+0SKXeGfv807mAEDre4SvvRNFrDxc84cV\nvX4OmQSavuSrsOgfRRh9iIzLSe8id5ckOmM0cz7I4s2flVah9heZ05E=\n-----END RSA PRIVATE KEY-----\n",
            "content_base64": null,
            "content_base64sha256": "6c+NuaRlu79sglLdky2nCbzjK24TmM0Ne199WMOGjHM=",
            "content_base64sha512": "JwfeUgwPIe0IRPaOJCDsZ0euAV4uvvUH6T9eethgQcZQugae3JdsEG5Sq5LGiHAYJbLY/0SJfBgbiJs55JDEwQ==",
            "content_md5": "9d8abe8f65fc64b49216231616d768e3",
            "content_sha1": "fb09810653ad7f7c58a81d21808924d18956ee79",
            "content_sha256": "e9cf8db9a465bbbf6c8252dd932da709bce32b6e1398cd0d7b5f7d58c3868c73",
            "content_sha512": "2707de520c0f21ed0844f68e2420ec6747ae015e2ebef507e93f5e7ad86041c650ba069edc976c106e52ab92c688701825b2d8ff44897c181b889b39e490c4c1",
            "directory_permission": "0777",
            "file_permission": "0777",
            "filename": "linuxkey.pem",
            "id": "fb09810653ad7f7c58a81d21808924d18956ee79",
            "sensitive_content": null,
            "source": null
          },
          "sensitive_attributes": [
            [
              {
                "type": "get_attr",
                "value": "content"
              }
            ]
          ],
          "dependencies": [
            "tls_private_key.tf-linuxkey"
          ]
        }
      ]
    },
    {
      "mode": "managed",
      "type": "local_file",
      "name": "tf-linuxpubkey",
      "provider": "provider[\"registry.terraform.io/hashicorp/local\"]",
      "instances": [
        {
          "schema_version": 0,
          "attributes": {
            "content": "ssh-rsa AAAAB3NzaC1yc2EAAAADAQABAAABAQDP7/EgMrZ1D2RW/Jc1y2D3ntjsVn7wGGrF/3kckNLWPJ1RvnaY3dL3JaCRRLi4UFM+9d2CLjdh29r4ynw5o7yRQ3s8S5GTDmpDfdv0YdYbWQxjFpsiunwQEhGfr7mCVdKUOzDtXNU3kRFB7duH7/S+j8sNAdQ2LHMDu18OyUEgn4+69Q2sPCxRc3SRkT1HXpjsQTJCWIxMl7bqcJHsjGqTDd+wF0JJ/HGslMhSxjenUt2uAGfyqlEg2LL60TLmzY+rzSkf/Axll2bazpdBdCo30GWh+BFCd5cv0JbaD9ArJzCE1IeLsTSVS4PGgWaBkdkHjqreQoSbQ5kte6DOwKJR\n",
            "content_base64": null,
            "content_base64sha256": "DamkrdO/x4xZdxQDR/h37Aw6oYWEXzEJmuhR4nCdo7I=",
            "content_base64sha512": "8D7RZZTFV28mLIiJq/bD21Noaf0At6X8ITnwdYNQqIt2+PJHzLTVxl8x4B11PV99VIDfIfqjDOTEWWl2nNIA9w==",
            "content_md5": "589ceb3ae58fc2f27fae9311e739cea3",
            "content_sha1": "1177856d74b2e7a852f95432bef1e77322c9c1ab",
            "content_sha256": "0da9a4add3bfc78c5977140347f877ec0c3aa185845f31099ae851e2709da3b2",
            "content_sha512": "f03ed16594c5576f262c8889abf6c3db536869fd00b7a5fc2139f0758350a88b76f8f247ccb4d5c65f31e01d753d5f7d5480df21faa30ce4c45969769cd200f7",
            "directory_permission": "0777",
            "file_permission": "0777",
            "filename": "linuxpubkey.pem",
            "id": "1177856d74b2e7a852f95432bef1e77322c9c1ab",
            "sensitive_content": null,
            "source": null
          },
          "sensitive_attributes": [],
          "dependencies": [
            "tls_private_key.tf-linuxkey"
          ]
        }
      ]
    },
    {
      "mode": "managed",
      "type": "tls_private_key",
      "name": "tf-linuxkey",
      "provider": "provider[\"registry.terraform.io/hashicorp/tls\"]",
      "instances": [
        {
          "schema_version": 1,
          "attributes": {
            "algorithm": "RSA",
            "ecdsa_curve": "P224",
            "id": "a4beb8a4913cc45f9d7d5c85346ea8b65915534b",
            "private_key_openssh": "-----BEGIN OPENSSH PRIVATE KEY-----\nb3BlbnNzaC1rZXktdjEAAAAABG5vbmUAAAAEbm9uZQAAAAAAAAABAAABFwAAAAdz\nc2gtcnNhAAAAAwEAAQAAAQEAz+/xIDK2dQ9kVvyXNctg957Y7FZ+8Bhqxf95HJDS\n1jydUb52mN3S9yWgkUS4uFBTPvXdgi43Ydva+Mp8OaO8kUN7PEuRkw5qQ33b9GHW\nG1kMYxabIrp8EBIRn6+5glXSlDsw7VzVN5ERQe3bh+/0vo/LDQHUNixzA7tfDslB\nIJ+PuvUNrDwsUXN0kZE9R16Y7EEyQliMTJe26nCR7Ixqkw3fsBdCSfxxrJTIUsY3\np1LdrgBn8qpRINiy+tEy5s2Pq80pH/wMZZdm2s6XQXQqN9BlofgRQneXL9CW2g/Q\nKycwhNSHi7E0lUuDxoFmgZHZB46q3kKEm0OZLXugzsCiUQAAA7iTr1m6k69ZugAA\nAAdzc2gtcnNhAAABAQDP7/EgMrZ1D2RW/Jc1y2D3ntjsVn7wGGrF/3kckNLWPJ1R\nvnaY3dL3JaCRRLi4UFM+9d2CLjdh29r4ynw5o7yRQ3s8S5GTDmpDfdv0YdYbWQxj\nFpsiunwQEhGfr7mCVdKUOzDtXNU3kRFB7duH7/S+j8sNAdQ2LHMDu18OyUEgn4+6\n9Q2sPCxRc3SRkT1HXpjsQTJCWIxMl7bqcJHsjGqTDd+wF0JJ/HGslMhSxjenUt2u\nAGfyqlEg2LL60TLmzY+rzSkf/Axll2bazpdBdCo30GWh+BFCd5cv0JbaD9ArJzCE\n1IeLsTSVS4PGgWaBkdkHjqreQoSbQ5kte6DOwKJRAAAAAwEAAQAAAQEAtw8l2JLM\nzoGedHYrKNDDrTvK/UWouvbECUu/88YL10/FsBFdl3ayI6KcmUdG1/zfTK5nNBQ7\n7YsAW8bnVlcvyzL9azecETq/kmtbGOqI88qRfSqJqSlDz2IY4dxyFKw5lwYFLPJt\nQ14TM1eTzTkS3jD5MZpKmObI2qA6L2o+S9iWl030ZUZsQfkvpXbH1lDs8fZzJkYz\nRQFUgt7MAYmnWlxnFVOleGrvhhkNeSXG6URa/9N27IwP9MPAcfkzGgohCvfwZBYh\nL7zEHFnOt3cOKUZFz+w5hPzRRWfwfIzmMvhMvmjzKfMEM2klX0y/5EoskEF5TOAa\nYL7WQLhJIbEaAQAAAIEAlSkLzRn3ASFrH92BnHksu+VxNzK4X8WWNPAiyVBA4pKb\n/NQFKAbqlFNqX5GFQrp1cUIX06byHHxqlVuOqDo+0SKXeGfv807mAEDre4SvvRNF\nrDxc84cVvX4OmQSavuSrsOgfRRh9iIzLSe8id5ckOmM0cz7I4s2flVah9heZ05EA\nAACBAPJE1YQg4hQ6ulHllayP97mcgQnmjc1m008Y7ZFRg0pcDAKzE8irRsDvewos\nBs8fxkqZqxLFr/ITegRAsMm0/Nn+8HZKhM7x+TbtxxxnK7WobSJQi5NtX9FZF9q7\n7mPVpUKXEQ69Iat+ADoKl2SikJ1b1WQwl+nkDhjg310/Bgt9AAAAgQDbuPptWItJ\nCVo1/OLNAI54yP3Bt6+ntEPLnZnwIkB19NNJGkk2jJrR40GyJNEDpylzHTbYy9i8\neZ4OVDWLU+dy/YqCbzUNJodhpsFukLV5q41doP9nmzSjnEDxoFfKnO7VaA8Sfk+4\noK1KQ7bBDNJNlfAKRVYXO7YuF3F7h82iZQAAAAAB\n-----END OPENSSH PRIVATE KEY-----\n",
            "private_key_pem": "-----BEGIN RSA PRIVATE KEY-----\nMIIEpQIBAAKCAQEAz+/xIDK2dQ9kVvyXNctg957Y7FZ+8Bhqxf95HJDS1jydUb52\nmN3S9yWgkUS4uFBTPvXdgi43Ydva+Mp8OaO8kUN7PEuRkw5qQ33b9GHWG1kMYxab\nIrp8EBIRn6+5glXSlDsw7VzVN5ERQe3bh+/0vo/LDQHUNixzA7tfDslBIJ+PuvUN\nrDwsUXN0kZE9R16Y7EEyQliMTJe26nCR7Ixqkw3fsBdCSfxxrJTIUsY3p1LdrgBn\n8qpRINiy+tEy5s2Pq80pH/wMZZdm2s6XQXQqN9BlofgRQneXL9CW2g/QKycwhNSH\ni7E0lUuDxoFmgZHZB46q3kKEm0OZLXugzsCiUQIDAQABAoIBAQC3DyXYkszOgZ50\ndiso0MOtO8r9Rai69sQJS7/zxgvXT8WwEV2XdrIjopyZR0bX/N9Mrmc0FDvtiwBb\nxudWVy/LMv1rN5wROr+Sa1sY6ojzypF9KompKUPPYhjh3HIUrDmXBgUs8m1DXhMz\nV5PNORLeMPkxmkqY5sjaoDovaj5L2JaXTfRlRmxB+S+ldsfWUOzx9nMmRjNFAVSC\n3swBiadaXGcVU6V4au+GGQ15JcbpRFr/03bsjA/0w8Bx+TMaCiEK9/BkFiEvvMQc\nWc63dw4pRkXP7DmE/NFFZ/B8jOYy+Ey+aPMp8wQzaSVfTL/kSiyQQXlM4BpgvtZA\nuEkhsRoBAoGBAPJE1YQg4hQ6ulHllayP97mcgQnmjc1m008Y7ZFRg0pcDAKzE8ir\nRsDvewosBs8fxkqZqxLFr/ITegRAsMm0/Nn+8HZKhM7x+TbtxxxnK7WobSJQi5Nt\nX9FZF9q77mPVpUKXEQ69Iat+ADoKl2SikJ1b1WQwl+nkDhjg310/Bgt9AoGBANu4\n+m1Yi0kJWjX84s0AjnjI/cG3r6e0Q8udmfAiQHX000kaSTaMmtHjQbIk0QOnKXMd\nNtjL2Lx5ng5UNYtT53L9ioJvNQ0mh2GmwW6QtXmrjV2g/2ebNKOcQPGgV8qc7tVo\nDxJ+T7igrUpDtsEM0k2V8ApFVhc7ti4XcXuHzaJlAoGBAJJ+1xGfhLWw0WumRTxk\njep53XlsJYD31Xz12OnPfXFgeY7EVIk6MH2IEkGTX8atMw13IIAoc/0Qk+6wY3aE\n74SuaR9ObkJpBUaWv5jINiERqHRgehX6xD7l/cuxajSKQvUiPhlIemyls2NldihP\nON0+Y6nCzImM8o1OpSJQcspNAoGANqiCa5ceNxIDhfCdvt+HkZZ2Qa1fHfni75EK\nDUmH/Y/ky4eldNNvZA0Dd7xe3mjED+XRkgbLqL8cSXY7R6icp+dYgHAHo3jVLr6b\n2dRXwKejaAo33t8mLhkdsr3vePCnHSFgtnoDfOtDkHjdypJU8oX9C6EJ9IefH0In\nsdIrnl0CgYEAlSkLzRn3ASFrH92BnHksu+VxNzK4X8WWNPAiyVBA4pKb/NQFKAbq\nlFNqX5GFQrp1cUIX06byHHxqlVuOqDo+0SKXeGfv807mAEDre4SvvRNFrDxc84cV\nvX4OmQSavuSrsOgfRRh9iIzLSe8id5ckOmM0cz7I4s2flVah9heZ05E=\n-----END RSA PRIVATE KEY-----\n",
            "private_key_pem_pkcs8": "-----BEGIN PRIVATE KEY-----\nMIIEvwIBADANBgkqhkiG9w0BAQEFAASCBKkwggSlAgEAAoIBAQDP7/EgMrZ1D2RW\n/Jc1y2D3ntjsVn7wGGrF/3kckNLWPJ1RvnaY3dL3JaCRRLi4UFM+9d2CLjdh29r4\nynw5o7yRQ3s8S5GTDmpDfdv0YdYbWQxjFpsiunwQEhGfr7mCVdKUOzDtXNU3kRFB\n7duH7/S+j8sNAdQ2LHMDu18OyUEgn4+69Q2sPCxRc3SRkT1HXpjsQTJCWIxMl7bq\ncJHsjGqTDd+wF0JJ/HGslMhSxjenUt2uAGfyqlEg2LL60TLmzY+rzSkf/Axll2ba\nzpdBdCo30GWh+BFCd5cv0JbaD9ArJzCE1IeLsTSVS4PGgWaBkdkHjqreQoSbQ5kt\ne6DOwKJRAgMBAAECggEBALcPJdiSzM6BnnR2KyjQw607yv1FqLr2xAlLv/PGC9dP\nxbARXZd2siOinJlHRtf830yuZzQUO+2LAFvG51ZXL8sy/Ws3nBE6v5JrWxjqiPPK\nkX0qiakpQ89iGOHcchSsOZcGBSzybUNeEzNXk805Et4w+TGaSpjmyNqgOi9qPkvY\nlpdN9GVGbEH5L6V2x9ZQ7PH2cyZGM0UBVILezAGJp1pcZxVTpXhq74YZDXklxulE\nWv/TduyMD/TDwHH5MxoKIQr38GQWIS+8xBxZzrd3DilGRc/sOYT80UVn8HyM5jL4\nTL5o8ynzBDNpJV9Mv+RKLJBBeUzgGmC+1kC4SSGxGgECgYEA8kTVhCDiFDq6UeWV\nrI/3uZyBCeaNzWbTTxjtkVGDSlwMArMTyKtGwO97CiwGzx/GSpmrEsWv8hN6BECw\nybT82f7wdkqEzvH5Nu3HHGcrtahtIlCLk21f0VkX2rvuY9WlQpcRDr0hq34AOgqX\nZKKQnVvVZDCX6eQOGODfXT8GC30CgYEA27j6bViLSQlaNfzizQCOeMj9wbevp7RD\ny52Z8CJAdfTTSRpJNoya0eNBsiTRA6cpcx022MvYvHmeDlQ1i1Pncv2Kgm81DSaH\nYabBbpC1eauNXaD/Z5s0o5xA8aBXypzu1WgPEn5PuKCtSkO2wQzSTZXwCkVWFzu2\nLhdxe4fNomUCgYEAkn7XEZ+EtbDRa6ZFPGSN6nndeWwlgPfVfPXY6c99cWB5jsRU\niTowfYgSQZNfxq0zDXcggChz/RCT7rBjdoTvhK5pH05uQmkFRpa/mMg2IRGodGB6\nFfrEPuX9y7FqNIpC9SI+GUh6bKWzY2V2KE843T5jqcLMiYzyjU6lIlByyk0CgYA2\nqIJrlx43EgOF8J2+34eRlnZBrV8d+eLvkQoNSYf9j+TLh6V0029kDQN3vF7eaMQP\n5dGSBsuovxxJdjtHqJyn51iAcAejeNUuvpvZ1FfAp6NoCjfe3yYuGR2yve948Kcd\nIWC2egN860OQeN3KklTyhf0LoQn0h58fQiex0iueXQKBgQCVKQvNGfcBIWsf3YGc\neSy75XE3MrhfxZY08CLJUEDikpv81AUoBuqUU2pfkYVCunVxQhfTpvIcfGqVW46o\nOj7RIpd4Z+/zTuYAQOt7hK+9E0WsPFzzhxW9fg6ZBJq+5Kuw6B9FGH2IjMtJ7yJ3\nlyQ6YzRzPsjizZ+VVqH2F5nTkQ==\n-----END PRIVATE KEY-----\n",
            "public_key_fingerprint_md5": "07:8d:a9:41:53:42:3c:28:04:42:79:aa:a2:a1:f8:cc",
            "public_key_fingerprint_sha256": "SHA256:5pmGkKrDsveboq/fLPbpqrilWq7XoFlbEZEZUbxS2Qw",
            "public_key_openssh": "ssh-rsa AAAAB3NzaC1yc2EAAAADAQABAAABAQDP7/EgMrZ1D2RW/Jc1y2D3ntjsVn7wGGrF/3kckNLWPJ1RvnaY3dL3JaCRRLi4UFM+9d2CLjdh29r4ynw5o7yRQ3s8S5GTDmpDfdv0YdYbWQxjFpsiunwQEhGfr7mCVdKUOzDtXNU3kRFB7duH7/S+j8sNAdQ2LHMDu18OyUEgn4+69Q2sPCxRc3SRkT1HXpjsQTJCWIxMl7bqcJHsjGqTDd+wF0JJ/HGslMhSxjenUt2uAGfyqlEg2LL60TLmzY+rzSkf/Axll2bazpdBdCo30GWh+BFCd5cv0JbaD9ArJzCE1IeLsTSVS4PGgWaBkdkHjqreQoSbQ5kte6DOwKJR\n",
            "public_key_pem": "-----BEGIN PUBLIC KEY-----\nMIIBIjANBgkqhkiG9w0BAQEFAAOCAQ8AMIIBCgKCAQEAz+/xIDK2dQ9kVvyXNctg\n957Y7FZ+8Bhqxf95HJDS1jydUb52mN3S9yWgkUS4uFBTPvXdgi43Ydva+Mp8OaO8\nkUN7PEuRkw5qQ33b9GHWG1kMYxabIrp8EBIRn6+5glXSlDsw7VzVN5ERQe3bh+/0\nvo/LDQHUNixzA7tfDslBIJ+PuvUNrDwsUXN0kZE9R16Y7EEyQliMTJe26nCR7Ixq\nkw3fsBdCSfxxrJTIUsY3p1LdrgBn8qpRINiy+tEy5s2Pq80pH/wMZZdm2s6XQXQq\nN9BlofgRQneXL9CW2g/QKycwhNSHi7E0lUuDxoFmgZHZB46q3kKEm0OZLXugzsCi\nUQIDAQAB\n-----END PUBLIC KEY-----\n",
            "rsa_bits": 2048
          },
          "sensitive_attributes": []
        }
      ]
    }
  ],
  "check_results": null
}
