{
  "version": 4,
  "terraform_version": "1.3.9",
  "serial": 171,
  "lineage": "e1950fc2-8f18-2776-ae16-e8cb6a97bc86",
  "outputs": {},
  "resources": [
    {
      "mode": "managed",
      "type": "azurerm_mssql_virtual_machine",
      "name": "tf-mssqlvm",
      "provider": "provider[\"registry.terraform.io/hashicorp/azurerm\"]",
      "instances": [
        {
          "schema_version": 0,
          "attributes": {
            "auto_backup": [],
            "auto_patching": [],
            "id": "/subscriptions/f9a92d15-34b7-4665-b1d1-39e1a39c1d15/resourceGroups/staging-grp/providers/Microsoft.SqlVirtualMachine/sqlVirtualMachines/tfdbwinvm2019",
            "key_vault_credential": [],
            "r_services_enabled": true,
            "sql_connectivity_port": 1433,
            "sql_connectivity_type": "PRIVATE",
            "sql_connectivity_update_password": "123qwe!@#QWE",
            "sql_connectivity_update_username": "sqluser",
            "sql_license_type": "PAYG",
            "storage_configuration": [],
            "tags": null,
            "timeouts": null,
            "virtual_machine_id": "/subscriptions/f9a92d15-34b7-4665-b1d1-39e1a39c1d15/resourceGroups/staging-grp/providers/Microsoft.Compute/virtualMachines/tfdbwinvm2019"
          },
          "sensitive_attributes": [],
          "private": "eyJlMmJmYjczMC1lY2FhLTExZTYtOGY4OC0zNDM2M2JjN2M0YzAiOnsiY3JlYXRlIjozNjAwMDAwMDAwMDAwLCJkZWxldGUiOjM2MDAwMDAwMDAwMDAsInJlYWQiOjMwMDAwMDAwMDAwMCwidXBkYXRlIjozNjAwMDAwMDAwMDAwfX0=",
          "dependencies": [
            "module.compute_module.azurerm_network_interface.tf-dbnetint",
            "module.compute_module.azurerm_public_ip.tf-dbpubip",
            "module.compute_module.azurerm_windows_virtual_machine.tf-dbwinvm2019",
            "module.general_module.azurerm_resource_group.tf-resourcegrp",
            "module.networking_module.azurerm_bastion_host.tf-bashost",
            "module.networking_module.azurerm_network_security_group.tf-nwsecgrp",
            "module.networking_module.azurerm_network_security_rule.tf-netsecrule",
            "module.networking_module.azurerm_public_ip.tf-baspubip",
            "module.networking_module.azurerm_subnet.tf-bassub",
            "module.networking_module.azurerm_subnet.tf-sub",
            "module.networking_module.azurerm_subnet_network_security_group_association.tf-nwsecgrpass",
            "module.networking_module.azurerm_virtual_network.tf-virnet"
          ]
        }
      ]
    },
    {
      "module": "module.compute_module",
      "mode": "managed",
      "type": "azurerm_network_interface",
      "name": "tf-dbnetint",
      "provider": "provider[\"registry.terraform.io/hashicorp/azurerm\"]",
      "instances": [
        {
          "schema_version": 0,
          "attributes": {
            "applied_dns_servers": [],
            "dns_servers": [],
            "edge_zone": "",
            "enable_accelerated_networking": false,
            "enable_ip_forwarding": false,
            "id": "/subscriptions/f9a92d15-34b7-4665-b1d1-39e1a39c1d15/resourceGroups/staging-grp/providers/Microsoft.Network/networkInterfaces/db-interface",
            "internal_dns_name_label": "",
            "internal_domain_name_suffix": "wrkkj4pzvjmubclxz15lf3aj5d.hx.internal.cloudapp.net",
            "ip_configuration": [
              {
                "gateway_load_balancer_frontend_ip_configuration_id": "",
                "name": "dbipconf",
                "primary": true,
                "private_ip_address": "10.0.0.4",
                "private_ip_address_allocation": "Dynamic",
                "private_ip_address_version": "IPv4",
                "public_ip_address_id": "",
                "subnet_id": "/subscriptions/f9a92d15-34b7-4665-b1d1-39e1a39c1d15/resourceGroups/staging-grp/providers/Microsoft.Network/virtualNetworks/staging-network/subnets/db-subnet"
              }
            ],
            "location": "eastasia",
            "mac_address": "",
            "name": "db-interface",
            "private_ip_address": "10.0.0.4",
            "private_ip_addresses": [
              "10.0.0.4"
            ],
            "resource_group_name": "staging-grp",
            "tags": null,
            "timeouts": null,
            "virtual_machine_id": ""
          },
          "sensitive_attributes": [],
          "private": "eyJlMmJmYjczMC1lY2FhLTExZTYtOGY4OC0zNDM2M2JjN2M0YzAiOnsiY3JlYXRlIjoxODAwMDAwMDAwMDAwLCJkZWxldGUiOjE4MDAwMDAwMDAwMDAsInJlYWQiOjMwMDAwMDAwMDAwMCwidXBkYXRlIjoxODAwMDAwMDAwMDAwfX0=",
          "dependencies": [
            "module.compute_module.azurerm_public_ip.tf-dbpubip",
            "module.general_module.azurerm_resource_group.tf-resourcegrp",
            "module.networking_module.azurerm_bastion_host.tf-bashost",
            "module.networking_module.azurerm_network_security_group.tf-nwsecgrp",
            "module.networking_module.azurerm_network_security_rule.tf-netsecrule",
            "module.networking_module.azurerm_public_ip.tf-baspubip",
            "module.networking_module.azurerm_subnet.tf-bassub",
            "module.networking_module.azurerm_subnet.tf-sub",
            "module.networking_module.azurerm_subnet_network_security_group_association.tf-nwsecgrpass",
            "module.networking_module.azurerm_virtual_network.tf-virnet"
          ]
        }
      ]
    },
    {
      "module": "module.compute_module",
      "mode": "managed",
      "type": "azurerm_windows_virtual_machine",
      "name": "tf-dbwinvm2019",
      "provider": "provider[\"registry.terraform.io/hashicorp/azurerm\"]",
      "instances": [
        {
          "schema_version": 0,
          "attributes": {
            "additional_capabilities": [],
            "additional_unattend_content": [],
            "admin_password": "123qwe!@#QWE",
            "admin_username": "dbuser",
            "allow_extension_operations": true,
            "availability_set_id": "",
            "boot_diagnostics": [],
            "computer_name": "tfdbwinvm2019",
            "custom_data": null,
            "dedicated_host_group_id": "",
            "dedicated_host_id": "",
            "edge_zone": "",
            "enable_automatic_updates": true,
            "encryption_at_host_enabled": false,
            "eviction_policy": "",
            "extensions_time_budget": "PT1H30M",
            "hotpatching_enabled": false,
            "id": "/subscriptions/f9a92d15-34b7-4665-b1d1-39e1a39c1d15/resourceGroups/staging-grp/providers/Microsoft.Compute/virtualMachines/tfdbwinvm2019",
            "identity": [],
            "license_type": "",
            "location": "eastasia",
            "max_bid_price": -1,
            "name": "tfdbwinvm2019",
            "network_interface_ids": [
              "/subscriptions/f9a92d15-34b7-4665-b1d1-39e1a39c1d15/resourceGroups/staging-grp/providers/Microsoft.Network/networkInterfaces/db-interface"
            ],
            "os_disk": [
              {
                "caching": "ReadWrite",
                "diff_disk_settings": [],
                "disk_encryption_set_id": "",
                "disk_size_gb": 127,
                "name": "tfdbwinvm2019_OsDisk_1_c927a733f0dc410d92a6fdfe3dc58732",
                "secure_vm_disk_encryption_set_id": "",
                "security_encryption_type": "",
                "storage_account_type": "Standard_LRS",
                "write_accelerator_enabled": false
              }
            ],
            "patch_mode": "AutomaticByOS",
            "plan": [],
            "platform_fault_domain": -1,
            "priority": "Regular",
            "private_ip_address": "10.0.0.4",
            "private_ip_addresses": [
              "10.0.0.4"
            ],
            "provision_vm_agent": true,
            "proximity_placement_group_id": "",
            "public_ip_address": "",
            "public_ip_addresses": [],
            "resource_group_name": "staging-grp",
            "secret": [],
            "secure_boot_enabled": false,
            "size": "Standard_D2",
            "source_image_id": "",
            "source_image_reference": [
              {
                "offer": "sql2019-ws2019",
                "publisher": "MicrosoftSQLServer",
                "sku": "sqldev",
                "version": "15.0.220510"
              }
            ],
            "tags": null,
            "termination_notification": null,
            "timeouts": null,
            "timezone": "",
            "user_data": "",
            "virtual_machine_id": "e187b575-1750-4085-b50f-aeb084e3f387",
            "virtual_machine_scale_set_id": "",
            "vtpm_enabled": false,
            "winrm_listener": [],
            "zone": ""
          },
          "sensitive_attributes": [],
          "private": "eyJlMmJmYjczMC1lY2FhLTExZTYtOGY4OC0zNDM2M2JjN2M0YzAiOnsiY3JlYXRlIjoyNzAwMDAwMDAwMDAwLCJkZWxldGUiOjI3MDAwMDAwMDAwMDAsInJlYWQiOjMwMDAwMDAwMDAwMCwidXBkYXRlIjoyNzAwMDAwMDAwMDAwfX0=",
          "dependencies": [
            "module.compute_module.azurerm_network_interface.tf-dbnetint",
            "module.compute_module.azurerm_public_ip.tf-dbpubip",
            "module.general_module.azurerm_resource_group.tf-resourcegrp",
            "module.networking_module.azurerm_bastion_host.tf-bashost",
            "module.networking_module.azurerm_network_security_group.tf-nwsecgrp",
            "module.networking_module.azurerm_network_security_rule.tf-netsecrule",
            "module.networking_module.azurerm_public_ip.tf-baspubip",
            "module.networking_module.azurerm_subnet.tf-bassub",
            "module.networking_module.azurerm_subnet.tf-sub",
            "module.networking_module.azurerm_subnet_network_security_group_association.tf-nwsecgrpass",
            "module.networking_module.azurerm_virtual_network.tf-virnet"
          ]
        }
      ]
    },
    {
      "module": "module.general_module",
      "mode": "managed",
      "type": "azurerm_resource_group",
      "name": "tf-resourcegrp",
      "provider": "provider[\"registry.terraform.io/hashicorp/azurerm\"]",
      "instances": [
        {
          "schema_version": 0,
          "attributes": {
            "id": "/subscriptions/f9a92d15-34b7-4665-b1d1-39e1a39c1d15/resourceGroups/staging-grp",
            "location": "eastasia",
            "name": "staging-grp",
            "tags": {},
            "timeouts": null
          },
          "sensitive_attributes": [],
          "private": "eyJlMmJmYjczMC1lY2FhLTExZTYtOGY4OC0zNDM2M2JjN2M0YzAiOnsiY3JlYXRlIjo1NDAwMDAwMDAwMDAwLCJkZWxldGUiOjU0MDAwMDAwMDAwMDAsInJlYWQiOjMwMDAwMDAwMDAwMCwidXBkYXRlIjo1NDAwMDAwMDAwMDAwfX0="
        }
      ]
    },
    {
      "module": "module.networking_module",
      "mode": "managed",
      "type": "azurerm_bastion_host",
      "name": "tf-bashost",
      "provider": "provider[\"registry.terraform.io/hashicorp/azurerm\"]",
      "instances": [
        {
          "index_key": 0,
          "schema_version": 0,
          "attributes": {
            "copy_paste_enabled": true,
            "dns_name": "bst-657cd82c-b2e6-4ed3-9ac0-85e11b53e9a9.bastion.azure.com",
            "file_copy_enabled": false,
            "id": "/subscriptions/f9a92d15-34b7-4665-b1d1-39e1a39c1d15/resourceGroups/staging-grp/providers/Microsoft.Network/bastionHosts/tfbashost",
            "ip_configuration": [
              {
                "name": "tfbasipconfiguration",
                "public_ip_address_id": "/subscriptions/f9a92d15-34b7-4665-b1d1-39e1a39c1d15/resourceGroups/staging-grp/providers/Microsoft.Network/publicIPAddresses/tfbaspubip",
                "subnet_id": "/subscriptions/f9a92d15-34b7-4665-b1d1-39e1a39c1d15/resourceGroups/staging-grp/providers/Microsoft.Network/virtualNetworks/staging-network/subnets/AzureBastionSubnet"
              }
            ],
            "ip_connect_enabled": false,
            "location": "eastasia",
            "name": "tfbashost",
            "resource_group_name": "staging-grp",
            "scale_units": 2,
            "shareable_link_enabled": false,
            "sku": "Basic",
            "tags": null,
            "timeouts": null,
            "tunneling_enabled": false
          },
          "sensitive_attributes": [],
          "private": "eyJlMmJmYjczMC1lY2FhLTExZTYtOGY4OC0zNDM2M2JjN2M0YzAiOnsiY3JlYXRlIjoxODAwMDAwMDAwMDAwLCJkZWxldGUiOjE4MDAwMDAwMDAwMDAsInJlYWQiOjMwMDAwMDAwMDAwMCwidXBkYXRlIjoxODAwMDAwMDAwMDAwfX0=",
          "dependencies": [
            "module.general_module.azurerm_resource_group.tf-resourcegrp",
            "module.networking_module.azurerm_public_ip.tf-baspubip",
            "module.networking_module.azurerm_subnet.tf-bassub",
            "module.networking_module.azurerm_virtual_network.tf-virnet"
          ]
        }
      ]
    },
    {
      "module": "module.networking_module",
      "mode": "managed",
      "type": "azurerm_network_security_group",
      "name": "tf-nwsecgrp",
      "provider": "provider[\"registry.terraform.io/hashicorp/azurerm\"]",
      "instances": [
        {
          "index_key": "db-nsg",
          "schema_version": 0,
          "attributes": {
            "id": "/subscriptions/f9a92d15-34b7-4665-b1d1-39e1a39c1d15/resourceGroups/staging-grp/providers/Microsoft.Network/networkSecurityGroups/db-nsg",
            "location": "eastasia",
            "name": "db-nsg",
            "resource_group_name": "staging-grp",
            "security_rule": [],
            "tags": null,
            "timeouts": null
          },
          "sensitive_attributes": [],
          "private": "eyJlMmJmYjczMC1lY2FhLTExZTYtOGY4OC0zNDM2M2JjN2M0YzAiOnsiY3JlYXRlIjoxODAwMDAwMDAwMDAwLCJkZWxldGUiOjE4MDAwMDAwMDAwMDAsInJlYWQiOjMwMDAwMDAwMDAwMCwidXBkYXRlIjoxODAwMDAwMDAwMDAwfX0=",
          "dependencies": [
            "module.general_module.azurerm_resource_group.tf-resourcegrp",
            "module.networking_module.azurerm_virtual_network.tf-virnet"
          ]
        },
        {
          "index_key": "web-nsg",
          "schema_version": 0,
          "attributes": {
            "id": "/subscriptions/f9a92d15-34b7-4665-b1d1-39e1a39c1d15/resourceGroups/staging-grp/providers/Microsoft.Network/networkSecurityGroups/web-nsg",
            "location": "eastasia",
            "name": "web-nsg",
            "resource_group_name": "staging-grp",
            "security_rule": [],
            "tags": null,
            "timeouts": null
          },
          "sensitive_attributes": [],
          "private": "eyJlMmJmYjczMC1lY2FhLTExZTYtOGY4OC0zNDM2M2JjN2M0YzAiOnsiY3JlYXRlIjoxODAwMDAwMDAwMDAwLCJkZWxldGUiOjE4MDAwMDAwMDAwMDAsInJlYWQiOjMwMDAwMDAwMDAwMCwidXBkYXRlIjoxODAwMDAwMDAwMDAwfX0=",
          "dependencies": [
            "module.general_module.azurerm_resource_group.tf-resourcegrp",
            "module.networking_module.azurerm_virtual_network.tf-virnet"
          ]
        }
      ]
    },
    {
      "module": "module.networking_module",
      "mode": "managed",
      "type": "azurerm_network_security_rule",
      "name": "tf-netsecrule",
      "provider": "provider[\"registry.terraform.io/hashicorp/azurerm\"]",
      "instances": [
        {
          "index_key": "1",
          "schema_version": 0,
          "attributes": {
            "access": "Allow",
            "description": "",
            "destination_address_prefix": "*",
            "destination_address_prefixes": null,
            "destination_application_security_group_ids": null,
            "destination_port_range": "3389",
            "destination_port_ranges": null,
            "direction": "Inbound",
            "id": "/subscriptions/f9a92d15-34b7-4665-b1d1-39e1a39c1d15/resourceGroups/staging-grp/providers/Microsoft.Network/networkSecurityGroups/web-nsg/securityRules/AllowRDP",
            "name": "AllowRDP",
            "network_security_group_name": "web-nsg",
            "priority": 200,
            "protocol": "Tcp",
            "resource_group_name": "staging-grp",
            "source_address_prefix": "*",
            "source_address_prefixes": null,
            "source_application_security_group_ids": null,
            "source_port_range": "*",
            "source_port_ranges": null,
            "timeouts": null
          },
          "sensitive_attributes": [],
          "private": "eyJlMmJmYjczMC1lY2FhLTExZTYtOGY4OC0zNDM2M2JjN2M0YzAiOnsiY3JlYXRlIjoxODAwMDAwMDAwMDAwLCJkZWxldGUiOjE4MDAwMDAwMDAwMDAsInJlYWQiOjMwMDAwMDAwMDAwMCwidXBkYXRlIjoxODAwMDAwMDAwMDAwfX0=",
          "dependencies": [
            "module.general_module.azurerm_resource_group.tf-resourcegrp",
            "module.networking_module.azurerm_network_security_group.tf-nwsecgrp",
            "module.networking_module.azurerm_virtual_network.tf-virnet"
          ]
        },
        {
          "index_key": "2",
          "schema_version": 0,
          "attributes": {
            "access": "Allow",
            "description": "",
            "destination_address_prefix": "*",
            "destination_address_prefixes": null,
            "destination_application_security_group_ids": null,
            "destination_port_range": "22",
            "destination_port_ranges": null,
            "direction": "Inbound",
            "id": "/subscriptions/f9a92d15-34b7-4665-b1d1-39e1a39c1d15/resourceGroups/staging-grp/providers/Microsoft.Network/networkSecurityGroups/web-nsg/securityRules/AllowSSH",
            "name": "AllowSSH",
            "network_security_group_name": "web-nsg",
            "priority": 201,
            "protocol": "Tcp",
            "resource_group_name": "staging-grp",
            "source_address_prefix": "*",
            "source_address_prefixes": null,
            "source_application_security_group_ids": null,
            "source_port_range": "*",
            "source_port_ranges": null,
            "timeouts": null
          },
          "sensitive_attributes": [],
          "private": "eyJlMmJmYjczMC1lY2FhLTExZTYtOGY4OC0zNDM2M2JjN2M0YzAiOnsiY3JlYXRlIjoxODAwMDAwMDAwMDAwLCJkZWxldGUiOjE4MDAwMDAwMDAwMDAsInJlYWQiOjMwMDAwMDAwMDAwMCwidXBkYXRlIjoxODAwMDAwMDAwMDAwfX0=",
          "dependencies": [
            "module.general_module.azurerm_resource_group.tf-resourcegrp",
            "module.networking_module.azurerm_network_security_group.tf-nwsecgrp",
            "module.networking_module.azurerm_virtual_network.tf-virnet"
          ]
        },
        {
          "index_key": "3",
          "schema_version": 0,
          "attributes": {
            "access": "Allow",
            "description": "",
            "destination_address_prefix": "*",
            "destination_address_prefixes": null,
            "destination_application_security_group_ids": null,
            "destination_port_range": "80",
            "destination_port_ranges": null,
            "direction": "Inbound",
            "id": "/subscriptions/f9a92d15-34b7-4665-b1d1-39e1a39c1d15/resourceGroups/staging-grp/providers/Microsoft.Network/networkSecurityGroups/web-nsg/securityRules/AllowHTTP",
            "name": "AllowHTTP",
            "network_security_group_name": "web-nsg",
            "priority": 202,
            "protocol": "Tcp",
            "resource_group_name": "staging-grp",
            "source_address_prefix": "*",
            "source_address_prefixes": null,
            "source_application_security_group_ids": null,
            "source_port_range": "*",
            "source_port_ranges": null,
            "timeouts": null
          },
          "sensitive_attributes": [],
          "private": "eyJlMmJmYjczMC1lY2FhLTExZTYtOGY4OC0zNDM2M2JjN2M0YzAiOnsiY3JlYXRlIjoxODAwMDAwMDAwMDAwLCJkZWxldGUiOjE4MDAwMDAwMDAwMDAsInJlYWQiOjMwMDAwMDAwMDAwMCwidXBkYXRlIjoxODAwMDAwMDAwMDAwfX0=",
          "dependencies": [
            "module.general_module.azurerm_resource_group.tf-resourcegrp",
            "module.networking_module.azurerm_network_security_group.tf-nwsecgrp",
            "module.networking_module.azurerm_virtual_network.tf-virnet"
          ]
        },
        {
          "index_key": "4",
          "schema_version": 0,
          "attributes": {
            "access": "Allow",
            "description": "",
            "destination_address_prefix": "*",
            "destination_address_prefixes": null,
            "destination_application_security_group_ids": null,
            "destination_port_range": "8172",
            "destination_port_ranges": null,
            "direction": "Inbound",
            "id": "/subscriptions/f9a92d15-34b7-4665-b1d1-39e1a39c1d15/resourceGroups/staging-grp/providers/Microsoft.Network/networkSecurityGroups/web-nsg/securityRules/AllowPublicApplicationfromVS",
            "name": "AllowPublicApplicationfromVS",
            "network_security_group_name": "web-nsg",
            "priority": 203,
            "protocol": "Tcp",
            "resource_group_name": "staging-grp",
            "source_address_prefix": "*",
            "source_address_prefixes": null,
            "source_application_security_group_ids": null,
            "source_port_range": "*",
            "source_port_ranges": null,
            "timeouts": null
          },
          "sensitive_attributes": [],
          "private": "eyJlMmJmYjczMC1lY2FhLTExZTYtOGY4OC0zNDM2M2JjN2M0YzAiOnsiY3JlYXRlIjoxODAwMDAwMDAwMDAwLCJkZWxldGUiOjE4MDAwMDAwMDAwMDAsInJlYWQiOjMwMDAwMDAwMDAwMCwidXBkYXRlIjoxODAwMDAwMDAwMDAwfX0=",
          "dependencies": [
            "module.general_module.azurerm_resource_group.tf-resourcegrp",
            "module.networking_module.azurerm_network_security_group.tf-nwsecgrp",
            "module.networking_module.azurerm_virtual_network.tf-virnet"
          ]
        }
      ]
    },
    {
      "module": "module.networking_module",
      "mode": "managed",
      "type": "azurerm_public_ip",
      "name": "tf-baspubip",
      "provider": "provider[\"registry.terraform.io/hashicorp/azurerm\"]",
      "instances": [
        {
          "index_key": 0,
          "schema_version": 0,
          "attributes": {
            "allocation_method": "Static",
            "domain_name_label": null,
            "edge_zone": "",
            "fqdn": null,
            "id": "/subscriptions/f9a92d15-34b7-4665-b1d1-39e1a39c1d15/resourceGroups/staging-grp/providers/Microsoft.Network/publicIPAddresses/tfbaspubip",
            "idle_timeout_in_minutes": 4,
            "ip_address": "20.205.117.187",
            "ip_tags": null,
            "ip_version": "IPv4",
            "location": "eastasia",
            "name": "tfbaspubip",
            "public_ip_prefix_id": null,
            "resource_group_name": "staging-grp",
            "reverse_fqdn": null,
            "sku": "Standard",
            "sku_tier": "Regional",
            "tags": null,
            "timeouts": null,
            "zones": null
          },
          "sensitive_attributes": [],
          "private": "eyJlMmJmYjczMC1lY2FhLTExZTYtOGY4OC0zNDM2M2JjN2M0YzAiOnsiY3JlYXRlIjoxODAwMDAwMDAwMDAwLCJkZWxldGUiOjE4MDAwMDAwMDAwMDAsInJlYWQiOjMwMDAwMDAwMDAwMCwidXBkYXRlIjoxODAwMDAwMDAwMDAwfX0=",
          "dependencies": [
            "module.general_module.azurerm_resource_group.tf-resourcegrp"
          ]
        }
      ]
    },
    {
      "module": "module.networking_module",
      "mode": "managed",
      "type": "azurerm_subnet",
      "name": "tf-bassub",
      "provider": "provider[\"registry.terraform.io/hashicorp/azurerm\"]",
      "instances": [
        {
          "index_key": 0,
          "schema_version": 0,
          "attributes": {
            "address_prefixes": [
              "10.0.10.0/24"
            ],
            "delegation": [],
            "enforce_private_link_endpoint_network_policies": false,
            "enforce_private_link_service_network_policies": false,
            "id": "/subscriptions/f9a92d15-34b7-4665-b1d1-39e1a39c1d15/resourceGroups/staging-grp/providers/Microsoft.Network/virtualNetworks/staging-network/subnets/AzureBastionSubnet",
            "name": "AzureBastionSubnet",
            "resource_group_name": "staging-grp",
            "service_endpoint_policy_ids": null,
            "service_endpoints": null,
            "timeouts": null,
            "virtual_network_name": "staging-network"
          },
          "sensitive_attributes": [],
          "private": "eyJlMmJmYjczMC1lY2FhLTExZTYtOGY4OC0zNDM2M2JjN2M0YzAiOnsiY3JlYXRlIjoxODAwMDAwMDAwMDAwLCJkZWxldGUiOjE4MDAwMDAwMDAwMDAsInJlYWQiOjMwMDAwMDAwMDAwMCwidXBkYXRlIjoxODAwMDAwMDAwMDAwfX0=",
          "dependencies": [
            "module.general_module.azurerm_resource_group.tf-resourcegrp",
            "module.networking_module.azurerm_virtual_network.tf-virnet"
          ]
        }
      ]
    },
    {
      "module": "module.networking_module",
      "mode": "managed",
      "type": "azurerm_subnet",
      "name": "tf-sub",
      "provider": "provider[\"registry.terraform.io/hashicorp/azurerm\"]",
      "instances": [
        {
          "index_key": "db-subnet",
          "schema_version": 0,
          "attributes": {
            "address_prefixes": [
              "10.0.0.0/24"
            ],
            "delegation": [],
            "enforce_private_link_endpoint_network_policies": false,
            "enforce_private_link_service_network_policies": false,
            "id": "/subscriptions/f9a92d15-34b7-4665-b1d1-39e1a39c1d15/resourceGroups/staging-grp/providers/Microsoft.Network/virtualNetworks/staging-network/subnets/db-subnet",
            "name": "db-subnet",
            "resource_group_name": "staging-grp",
            "service_endpoint_policy_ids": null,
            "service_endpoints": null,
            "timeouts": null,
            "virtual_network_name": "staging-network"
          },
          "sensitive_attributes": [],
          "private": "eyJlMmJmYjczMC1lY2FhLTExZTYtOGY4OC0zNDM2M2JjN2M0YzAiOnsiY3JlYXRlIjoxODAwMDAwMDAwMDAwLCJkZWxldGUiOjE4MDAwMDAwMDAwMDAsInJlYWQiOjMwMDAwMDAwMDAwMCwidXBkYXRlIjoxODAwMDAwMDAwMDAwfX0=",
          "dependencies": [
            "module.general_module.azurerm_resource_group.tf-resourcegrp",
            "module.networking_module.azurerm_virtual_network.tf-virnet"
          ]
        },
        {
          "index_key": "web-subnet",
          "schema_version": 0,
          "attributes": {
            "address_prefixes": [
              "10.0.1.0/24"
            ],
            "delegation": [],
            "enforce_private_link_endpoint_network_policies": false,
            "enforce_private_link_service_network_policies": false,
            "id": "/subscriptions/f9a92d15-34b7-4665-b1d1-39e1a39c1d15/resourceGroups/staging-grp/providers/Microsoft.Network/virtualNetworks/staging-network/subnets/web-subnet",
            "name": "web-subnet",
            "resource_group_name": "staging-grp",
            "service_endpoint_policy_ids": null,
            "service_endpoints": null,
            "timeouts": null,
            "virtual_network_name": "staging-network"
          },
          "sensitive_attributes": [],
          "private": "eyJlMmJmYjczMC1lY2FhLTExZTYtOGY4OC0zNDM2M2JjN2M0YzAiOnsiY3JlYXRlIjoxODAwMDAwMDAwMDAwLCJkZWxldGUiOjE4MDAwMDAwMDAwMDAsInJlYWQiOjMwMDAwMDAwMDAwMCwidXBkYXRlIjoxODAwMDAwMDAwMDAwfX0=",
          "dependencies": [
            "module.general_module.azurerm_resource_group.tf-resourcegrp",
            "module.networking_module.azurerm_virtual_network.tf-virnet"
          ]
        }
      ]
    },
    {
      "module": "module.networking_module",
      "mode": "managed",
      "type": "azurerm_subnet_network_security_group_association",
      "name": "tf-nwsecgrpass",
      "provider": "provider[\"registry.terraform.io/hashicorp/azurerm\"]",
      "instances": [
        {
          "index_key": "db-nsg",
          "schema_version": 0,
          "attributes": {
            "id": "/subscriptions/f9a92d15-34b7-4665-b1d1-39e1a39c1d15/resourceGroups/staging-grp/providers/Microsoft.Network/virtualNetworks/staging-network/subnets/db-subnet",
            "network_security_group_id": "/subscriptions/f9a92d15-34b7-4665-b1d1-39e1a39c1d15/resourceGroups/staging-grp/providers/Microsoft.Network/networkSecurityGroups/db-nsg",
            "subnet_id": "/subscriptions/f9a92d15-34b7-4665-b1d1-39e1a39c1d15/resourceGroups/staging-grp/providers/Microsoft.Network/virtualNetworks/staging-network/subnets/db-subnet",
            "timeouts": null
          },
          "sensitive_attributes": [],
          "private": "eyJlMmJmYjczMC1lY2FhLTExZTYtOGY4OC0zNDM2M2JjN2M0YzAiOnsiY3JlYXRlIjoxODAwMDAwMDAwMDAwLCJkZWxldGUiOjE4MDAwMDAwMDAwMDAsInJlYWQiOjMwMDAwMDAwMDAwMCwidXBkYXRlIjoxODAwMDAwMDAwMDAwfX0=",
          "dependencies": [
            "module.general_module.azurerm_resource_group.tf-resourcegrp",
            "module.networking_module.azurerm_network_security_group.tf-nwsecgrp",
            "module.networking_module.azurerm_subnet.tf-sub",
            "module.networking_module.azurerm_virtual_network.tf-virnet"
          ]
        },
        {
          "index_key": "web-nsg",
          "schema_version": 0,
          "attributes": {
            "id": "/subscriptions/f9a92d15-34b7-4665-b1d1-39e1a39c1d15/resourceGroups/staging-grp/providers/Microsoft.Network/virtualNetworks/staging-network/subnets/web-subnet",
            "network_security_group_id": "/subscriptions/f9a92d15-34b7-4665-b1d1-39e1a39c1d15/resourceGroups/staging-grp/providers/Microsoft.Network/networkSecurityGroups/web-nsg",
            "subnet_id": "/subscriptions/f9a92d15-34b7-4665-b1d1-39e1a39c1d15/resourceGroups/staging-grp/providers/Microsoft.Network/virtualNetworks/staging-network/subnets/web-subnet",
            "timeouts": null
          },
          "sensitive_attributes": [],
          "private": "eyJlMmJmYjczMC1lY2FhLTExZTYtOGY4OC0zNDM2M2JjN2M0YzAiOnsiY3JlYXRlIjoxODAwMDAwMDAwMDAwLCJkZWxldGUiOjE4MDAwMDAwMDAwMDAsInJlYWQiOjMwMDAwMDAwMDAwMCwidXBkYXRlIjoxODAwMDAwMDAwMDAwfX0=",
          "dependencies": [
            "module.general_module.azurerm_resource_group.tf-resourcegrp",
            "module.networking_module.azurerm_network_security_group.tf-nwsecgrp",
            "module.networking_module.azurerm_subnet.tf-sub",
            "module.networking_module.azurerm_virtual_network.tf-virnet"
          ]
        }
      ]
    },
    {
      "module": "module.networking_module",
      "mode": "managed",
      "type": "azurerm_virtual_network",
      "name": "tf-virnet",
      "provider": "provider[\"registry.terraform.io/hashicorp/azurerm\"]",
      "instances": [
        {
          "schema_version": 0,
          "attributes": {
            "address_space": [
              "10.0.0.0/16"
            ],
            "bgp_community": "",
            "ddos_protection_plan": [],
            "dns_servers": [],
            "edge_zone": "",
            "flow_timeout_in_minutes": 0,
            "guid": "f9a454b4-aaf9-4059-8977-cefeb2f409fb",
            "id": "/subscriptions/f9a92d15-34b7-4665-b1d1-39e1a39c1d15/resourceGroups/staging-grp/providers/Microsoft.Network/virtualNetworks/staging-network",
            "location": "eastasia",
            "name": "staging-network",
            "resource_group_name": "staging-grp",
            "subnet": [],
            "tags": null,
            "timeouts": null
          },
          "sensitive_attributes": [],
          "private": "eyJlMmJmYjczMC1lY2FhLTExZTYtOGY4OC0zNDM2M2JjN2M0YzAiOnsiY3JlYXRlIjoxODAwMDAwMDAwMDAwLCJkZWxldGUiOjE4MDAwMDAwMDAwMDAsInJlYWQiOjMwMDAwMDAwMDAwMCwidXBkYXRlIjoxODAwMDAwMDAwMDAwfX0=",
          "dependencies": [
            "module.general_module.azurerm_resource_group.tf-resourcegrp"
          ]
        }
      ]
    }
  ],
  "check_results": null
}
