{
  "version": 4,
  "terraform_version": "1.3.9",
  "serial": 946,
  "lineage": "491d7c1d-0dad-8591-ab44-316b8902c535",
  "outputs": {
    "tf-main-output": {
      "value": {
        "dmgmt-output": "sg-sea-dmgmt-rsg-01"
      },
      "type": [
        "object",
        {
          "dmgmt-output": "string"
        }
      ]
    }
  },
  "resources": [
    {
      "module": "module.dmgmt_module",
      "mode": "data",
      "type": "azurerm_client_config",
      "name": "current",
      "provider": "provider[\"registry.terraform.io/hashicorp/azurerm\"]",
      "instances": [
        {
          "schema_version": 0,
          "attributes": {
            "client_id": "d2393fbe-e5c1-418a-8988-d6752d8ff7ea",
            "id": "Y2xpZW50Q29uZmlncy9jbGllbnRJZD1kMjM5M2ZiZS1lNWMxLTQxOGEtODk4OC1kNjc1MmQ4ZmY3ZWE7b2JqZWN0SWQ9YTQ2YTBlMTItMDFlNC00YjhiLTg2NmYtYjE4ZjRiY2ZiYmQ0O3N1YnNjcmlwdGlvbklkPTBkYTBiNDdkLTIwMTQtNDAwNC04YjI5LTI3OTUzMzRlMzRkYTt0ZW5hbnRJZD1mY2YxZDFkZC01YjZjLTRlNzctYTkwNi1hNjM1OWRkMjg3ZWQ=",
            "object_id": "a46a0e12-01e4-4b8b-866f-b18f4bcfbbd4",
            "subscription_id": "0da0b47d-2014-4004-8b29-2795334e34da",
            "tenant_id": "fcf1d1dd-5b6c-4e77-a906-a6359dd287ed",
            "timeouts": null
          },
          "sensitive_attributes": []
        }
      ]
    },
    {
      "module": "module.dmgmt_module",
      "mode": "managed",
      "type": "azurerm_bastion_host",
      "name": "tf-bas-dmgmt",
      "provider": "provider[\"registry.terraform.io/hashicorp/azurerm\"]",
      "instances": [
        {
          "schema_version": 0,
          "attributes": {
            "copy_paste_enabled": true,
            "dns_name": "bst-8b7d9339-63e4-42c9-9c05-d9c1e6677946.bastion.azure.com",
            "file_copy_enabled": false,
            "id": "/subscriptions/0da0b47d-2014-4004-8b29-2795334e34da/resourceGroups/sg-sea-dmgmt-rsg-01/providers/Microsoft.Network/bastionHosts/sg-sea-dmgmt-bas-01",
            "ip_configuration": [
              {
                "name": "sg-sea-dmgmt-ipconf-bas-01",
                "public_ip_address_id": "/subscriptions/0da0b47d-2014-4004-8b29-2795334e34da/resourceGroups/sg-sea-dmgmt-rsg-01/providers/Microsoft.Network/publicIPAddresses/sg-sea-dmgmt-pubip-bas-01",
                "subnet_id": "/subscriptions/0da0b47d-2014-4004-8b29-2795334e34da/resourceGroups/sg-sea-dmgmt-rsg-01/providers/Microsoft.Network/virtualNetworks/sg-sea-dmgmt-vnet-01/subnets/AzureBastionSubnet"
              }
            ],
            "ip_connect_enabled": false,
            "location": "southeastasia",
            "name": "sg-sea-dmgmt-bas-01",
            "resource_group_name": "sg-sea-dmgmt-rsg-01",
            "scale_units": 2,
            "shareable_link_enabled": false,
            "sku": "Basic",
            "tags": {},
            "timeouts": null,
            "tunneling_enabled": false
          },
          "sensitive_attributes": [],
          "private": "eyJlMmJmYjczMC1lY2FhLTExZTYtOGY4OC0zNDM2M2JjN2M0YzAiOnsiY3JlYXRlIjoxODAwMDAwMDAwMDAwLCJkZWxldGUiOjE4MDAwMDAwMDAwMDAsInJlYWQiOjMwMDAwMDAwMDAwMCwidXBkYXRlIjoxODAwMDAwMDAwMDAwfX0=",
          "dependencies": [
            "module.dmgmt_module.azurerm_public_ip.tf-pubip-bas-dmgmt",
            "module.dmgmt_module.azurerm_subnet.tf-dmgmtsub",
            "module.general_module.azurerm_consumption_budget_resource_group.tf-conbudgetrsg-dmgmt",
            "module.general_module.azurerm_monitor_action_group.tf-monitorgrp-dmgmt",
            "module.general_module.azurerm_resource_group.tf-rg",
            "module.general_module.azurerm_virtual_network.tf-vnet",
            "module.general_module.azurerm_virtual_network_peering.tf-vnet-peer1to2-dmgmt",
            "module.general_module.azurerm_virtual_network_peering.tf-vnet-peer1to3-dmgmt",
            "module.general_module.azurerm_virtual_network_peering.tf-vnet-peer2to1-dmgmt",
            "module.general_module.azurerm_virtual_network_peering.tf-vnet-peer2to3-dmgmt",
            "module.general_module.azurerm_virtual_network_peering.tf-vnet-peer3to1-dmgmt",
            "module.general_module.azurerm_virtual_network_peering.tf-vnet-peer3to2-dmgmt"
          ]
        }
      ]
    },
    {
      "module": "module.dmgmt_module",
      "mode": "managed",
      "type": "azurerm_key_vault",
      "name": "tf-dmgmt-keyvault",
      "provider": "provider[\"registry.terraform.io/hashicorp/azurerm\"]",
      "instances": [
        {
          "schema_version": 2,
          "attributes": {
            "access_policy": [
              {
                "application_id": "",
                "certificate_permissions": [],
                "key_permissions": [
                  "Get",
                  "Delete",
                  "Purge",
                  "Create"
                ],
                "object_id": "a46a0e12-01e4-4b8b-866f-b18f4bcfbbd4",
                "secret_permissions": [
                  "Get",
                  "Set",
                  "Delete",
                  "Purge"
                ],
                "storage_permissions": [],
                "tenant_id": "fcf1d1dd-5b6c-4e77-a906-a6359dd287ed"
              }
            ],
            "contact": [],
            "enable_rbac_authorization": false,
            "enabled_for_deployment": false,
            "enabled_for_disk_encryption": true,
            "enabled_for_template_deployment": false,
            "id": "/subscriptions/0da0b47d-2014-4004-8b29-2795334e34da/resourceGroups/sg-sea-dmgmt-rsg-01/providers/Microsoft.KeyVault/vaults/terraform-thinh-keyvault",
            "location": "southeastasia",
            "name": "terraform-thinh-keyvault",
            "network_acls": [
              {
                "bypass": "AzureServices",
                "default_action": "Allow",
                "ip_rules": [],
                "virtual_network_subnet_ids": []
              }
            ],
            "public_network_access_enabled": true,
            "purge_protection_enabled": false,
            "resource_group_name": "sg-sea-dmgmt-rsg-01",
            "sku_name": "standard",
            "soft_delete_retention_days": 7,
            "tags": {},
            "tenant_id": "fcf1d1dd-5b6c-4e77-a906-a6359dd287ed",
            "timeouts": null,
            "vault_uri": "https://terraform-thinh-keyvault.vault.azure.net/"
          },
          "sensitive_attributes": [],
          "private": "eyJlMmJmYjczMC1lY2FhLTExZTYtOGY4OC0zNDM2M2JjN2M0YzAiOnsiY3JlYXRlIjoxODAwMDAwMDAwMDAwLCJkZWxldGUiOjE4MDAwMDAwMDAwMDAsInJlYWQiOjMwMDAwMDAwMDAwMCwidXBkYXRlIjoxODAwMDAwMDAwMDAwfSwic2NoZW1hX3ZlcnNpb24iOiIyIn0=",
          "dependencies": [
            "module.dmgmt_module.data.azurerm_client_config.current",
            "module.general_module.azurerm_consumption_budget_resource_group.tf-conbudgetrsg-dmgmt",
            "module.general_module.azurerm_monitor_action_group.tf-monitorgrp-dmgmt",
            "module.general_module.azurerm_resource_group.tf-rg",
            "module.general_module.azurerm_virtual_network.tf-vnet",
            "module.general_module.azurerm_virtual_network_peering.tf-vnet-peer1to2-dmgmt",
            "module.general_module.azurerm_virtual_network_peering.tf-vnet-peer1to3-dmgmt",
            "module.general_module.azurerm_virtual_network_peering.tf-vnet-peer2to1-dmgmt",
            "module.general_module.azurerm_virtual_network_peering.tf-vnet-peer2to3-dmgmt",
            "module.general_module.azurerm_virtual_network_peering.tf-vnet-peer3to1-dmgmt",
            "module.general_module.azurerm_virtual_network_peering.tf-vnet-peer3to2-dmgmt"
          ]
        }
      ]
    },
    {
      "module": "module.dmgmt_module",
      "mode": "managed",
      "type": "azurerm_key_vault_secret",
      "name": "tf-dmgmt-keyvaultsec",
      "provider": "provider[\"registry.terraform.io/hashicorp/azurerm\"]",
      "instances": [
        {
          "schema_version": 0,
          "attributes": {
            "content_type": "",
            "expiration_date": null,
            "id": "https://terraform-thinh-keyvault.vault.azure.net/secrets/tfkeyvaultsecthinhphung2/7b3dd07b95ef4f9b80b5c5f0e509c3c4",
            "key_vault_id": "/subscriptions/0da0b47d-2014-4004-8b29-2795334e34da/resourceGroups/sg-sea-dmgmt-rsg-01/providers/Microsoft.KeyVault/vaults/terraform-thinh-keyvault",
            "name": "tfkeyvaultsecthinhphung2",
            "not_before_date": null,
            "resource_id": "/subscriptions/0da0b47d-2014-4004-8b29-2795334e34da/resourceGroups/sg-sea-dmgmt-rsg-01/providers/Microsoft.KeyVault/vaults/terraform-thinh-keyvault/secrets/tfkeyvaultsecthinhphung2/versions/7b3dd07b95ef4f9b80b5c5f0e509c3c4",
            "resource_versionless_id": "/subscriptions/0da0b47d-2014-4004-8b29-2795334e34da/resourceGroups/sg-sea-dmgmt-rsg-01/providers/Microsoft.KeyVault/vaults/terraform-thinh-keyvault/secrets/tfkeyvaultsecthinhphung2",
            "tags": {},
            "timeouts": null,
            "value": "123qwe!@#QWE",
            "version": "7b3dd07b95ef4f9b80b5c5f0e509c3c4",
            "versionless_id": "https://terraform-thinh-keyvault.vault.azure.net/secrets/tfkeyvaultsecthinhphung2"
          },
          "sensitive_attributes": [],
          "private": "eyJlMmJmYjczMC1lY2FhLTExZTYtOGY4OC0zNDM2M2JjN2M0YzAiOnsiY3JlYXRlIjoxODAwMDAwMDAwMDAwLCJkZWxldGUiOjE4MDAwMDAwMDAwMDAsInJlYWQiOjE4MDAwMDAwMDAwMDAsInVwZGF0ZSI6MTgwMDAwMDAwMDAwMH19",
          "dependencies": [
            "module.dmgmt_module.azurerm_key_vault.tf-dmgmt-keyvault",
            "module.dmgmt_module.data.azurerm_client_config.current",
            "module.general_module.azurerm_consumption_budget_resource_group.tf-conbudgetrsg-dmgmt",
            "module.general_module.azurerm_monitor_action_group.tf-monitorgrp-dmgmt",
            "module.general_module.azurerm_resource_group.tf-rg",
            "module.general_module.azurerm_virtual_network.tf-vnet",
            "module.general_module.azurerm_virtual_network_peering.tf-vnet-peer1to2-dmgmt",
            "module.general_module.azurerm_virtual_network_peering.tf-vnet-peer1to3-dmgmt",
            "module.general_module.azurerm_virtual_network_peering.tf-vnet-peer2to1-dmgmt",
            "module.general_module.azurerm_virtual_network_peering.tf-vnet-peer2to3-dmgmt",
            "module.general_module.azurerm_virtual_network_peering.tf-vnet-peer3to1-dmgmt",
            "module.general_module.azurerm_virtual_network_peering.tf-vnet-peer3to2-dmgmt"
          ]
        }
      ]
    },
    {
      "module": "module.dmgmt_module",
      "mode": "managed",
      "type": "azurerm_log_analytics_workspace",
      "name": "tf-loganalws-dmgmt",
      "provider": "provider[\"registry.terraform.io/hashicorp/azurerm\"]",
      "instances": [
        {
          "schema_version": 3,
          "attributes": {
            "allow_resource_only_permissions": true,
            "cmk_for_query_forced": false,
            "daily_quota_gb": -1,
            "id": "/subscriptions/0da0b47d-2014-4004-8b29-2795334e34da/resourceGroups/sg-sea-dmgmt-rsg-01/providers/Microsoft.OperationalInsights/workspaces/sg-sea-dmgmt-loganalws-01",
            "internet_ingestion_enabled": true,
            "internet_query_enabled": true,
            "local_authentication_disabled": false,
            "location": "southeastasia",
            "name": "sg-sea-dmgmt-loganalws-01",
            "primary_shared_key": "maNHbAPICoGaY2iQMX3NsnhxtX7pm47cVfDs2gPuDjFY/YPqUKCA/QNb0g3jImxX7t2MkLulE+Sjk/n0ME3iiA==",
            "reservation_capacity_in_gb_per_day": null,
            "resource_group_name": "sg-sea-dmgmt-rsg-01",
            "retention_in_days": 30,
            "secondary_shared_key": "Z0G+mOeo3BsZ/UAuf9MJ1Bq+APmxM2T37PpKe1yXfx1V+DhNh4qvhi85z8oZbmD9PTGr9gkpswudQWvL8KT6Bw==",
            "sku": "PerGB2018",
            "tags": {},
            "timeouts": null,
            "workspace_id": "c8b1631a-8345-4a51-a776-7dbb21cdd2c4"
          },
          "sensitive_attributes": [],
          "private": "eyJlMmJmYjczMC1lY2FhLTExZTYtOGY4OC0zNDM2M2JjN2M0YzAiOnsiY3JlYXRlIjoxODAwMDAwMDAwMDAwLCJkZWxldGUiOjE4MDAwMDAwMDAwMDAsInJlYWQiOjMwMDAwMDAwMDAwMCwidXBkYXRlIjoxODAwMDAwMDAwMDAwfSwic2NoZW1hX3ZlcnNpb24iOiIzIn0=",
          "dependencies": [
            "module.general_module.azurerm_consumption_budget_resource_group.tf-conbudgetrsg-dmgmt",
            "module.general_module.azurerm_monitor_action_group.tf-monitorgrp-dmgmt",
            "module.general_module.azurerm_resource_group.tf-rg",
            "module.general_module.azurerm_virtual_network.tf-vnet",
            "module.general_module.azurerm_virtual_network_peering.tf-vnet-peer1to2-dmgmt",
            "module.general_module.azurerm_virtual_network_peering.tf-vnet-peer1to3-dmgmt",
            "module.general_module.azurerm_virtual_network_peering.tf-vnet-peer2to1-dmgmt",
            "module.general_module.azurerm_virtual_network_peering.tf-vnet-peer2to3-dmgmt",
            "module.general_module.azurerm_virtual_network_peering.tf-vnet-peer3to1-dmgmt",
            "module.general_module.azurerm_virtual_network_peering.tf-vnet-peer3to2-dmgmt"
          ]
        }
      ]
    },
    {
      "module": "module.dmgmt_module",
      "mode": "managed",
      "type": "azurerm_nat_gateway",
      "name": "tf-natgw",
      "provider": "provider[\"registry.terraform.io/hashicorp/azurerm\"]",
      "instances": [
        {
          "schema_version": 0,
          "attributes": {
            "id": "/subscriptions/0da0b47d-2014-4004-8b29-2795334e34da/resourceGroups/sg-sea-dmgmt-rsg-01/providers/Microsoft.Network/natGateways/dmgmt-natgw",
            "idle_timeout_in_minutes": 10,
            "location": "southeastasia",
            "name": "dmgmt-natgw",
            "resource_group_name": "sg-sea-dmgmt-rsg-01",
            "resource_guid": "8b79276a-75d2-4a19-99e4-48fc5d38a482",
            "sku_name": "Standard",
            "tags": {},
            "timeouts": null,
            "zones": []
          },
          "sensitive_attributes": [],
          "private": "eyJlMmJmYjczMC1lY2FhLTExZTYtOGY4OC0zNDM2M2JjN2M0YzAiOnsiY3JlYXRlIjozNjAwMDAwMDAwMDAwLCJkZWxldGUiOjM2MDAwMDAwMDAwMDAsInJlYWQiOjMwMDAwMDAwMDAwMCwidXBkYXRlIjozNjAwMDAwMDAwMDAwfX0=",
          "dependencies": [
            "module.general_module.azurerm_consumption_budget_resource_group.tf-conbudgetrsg-dmgmt",
            "module.general_module.azurerm_monitor_action_group.tf-monitorgrp-dmgmt",
            "module.general_module.azurerm_resource_group.tf-rg",
            "module.general_module.azurerm_virtual_network.tf-vnet",
            "module.general_module.azurerm_virtual_network_peering.tf-vnet-peer1to2-dmgmt",
            "module.general_module.azurerm_virtual_network_peering.tf-vnet-peer1to3-dmgmt",
            "module.general_module.azurerm_virtual_network_peering.tf-vnet-peer2to1-dmgmt",
            "module.general_module.azurerm_virtual_network_peering.tf-vnet-peer2to3-dmgmt",
            "module.general_module.azurerm_virtual_network_peering.tf-vnet-peer3to1-dmgmt",
            "module.general_module.azurerm_virtual_network_peering.tf-vnet-peer3to2-dmgmt"
          ]
        }
      ]
    },
    {
      "module": "module.dmgmt_module",
      "mode": "managed",
      "type": "azurerm_nat_gateway_public_ip_association",
      "name": "example",
      "provider": "provider[\"registry.terraform.io/hashicorp/azurerm\"]",
      "instances": [
        {
          "schema_version": 0,
          "attributes": {
            "id": "/subscriptions/0da0b47d-2014-4004-8b29-2795334e34da/resourceGroups/sg-sea-dmgmt-rsg-01/providers/Microsoft.Network/natGateways/dmgmt-natgw|/subscriptions/0da0b47d-2014-4004-8b29-2795334e34da/resourceGroups/sg-sea-dmgmt-rsg-01/providers/Microsoft.Network/publicIPAddresses/dmgmt-natgwpubip",
            "nat_gateway_id": "/subscriptions/0da0b47d-2014-4004-8b29-2795334e34da/resourceGroups/sg-sea-dmgmt-rsg-01/providers/Microsoft.Network/natGateways/dmgmt-natgw",
            "public_ip_address_id": "/subscriptions/0da0b47d-2014-4004-8b29-2795334e34da/resourceGroups/sg-sea-dmgmt-rsg-01/providers/Microsoft.Network/publicIPAddresses/dmgmt-natgwpubip",
            "timeouts": null
          },
          "sensitive_attributes": [],
          "private": "eyJlMmJmYjczMC1lY2FhLTExZTYtOGY4OC0zNDM2M2JjN2M0YzAiOnsiY3JlYXRlIjoxODAwMDAwMDAwMDAwLCJkZWxldGUiOjE4MDAwMDAwMDAwMDAsInJlYWQiOjMwMDAwMDAwMDAwMH19",
          "dependencies": [
            "module.dmgmt_module.azurerm_nat_gateway.tf-natgw",
            "module.dmgmt_module.azurerm_public_ip.tf-dmgmtnatgwpubip",
            "module.general_module.azurerm_consumption_budget_resource_group.tf-conbudgetrsg-dmgmt",
            "module.general_module.azurerm_monitor_action_group.tf-monitorgrp-dmgmt",
            "module.general_module.azurerm_resource_group.tf-rg",
            "module.general_module.azurerm_virtual_network.tf-vnet",
            "module.general_module.azurerm_virtual_network_peering.tf-vnet-peer1to2-dmgmt",
            "module.general_module.azurerm_virtual_network_peering.tf-vnet-peer1to3-dmgmt",
            "module.general_module.azurerm_virtual_network_peering.tf-vnet-peer2to1-dmgmt",
            "module.general_module.azurerm_virtual_network_peering.tf-vnet-peer2to3-dmgmt",
            "module.general_module.azurerm_virtual_network_peering.tf-vnet-peer3to1-dmgmt",
            "module.general_module.azurerm_virtual_network_peering.tf-vnet-peer3to2-dmgmt"
          ]
        }
      ]
    },
    {
      "module": "module.dmgmt_module",
      "mode": "managed",
      "type": "azurerm_network_interface",
      "name": "tf-dmgmtnwint",
      "provider": "provider[\"registry.terraform.io/hashicorp/azurerm\"]",
      "instances": [
        {
          "schema_version": 0,
          "attributes": {
            "applied_dns_servers": [],
            "dns_servers": [],
            "edge_zone": "",
            "enable_accelerated_networking": false,
            "enable_ip_forwarding": false,
            "id": "/subscriptions/0da0b47d-2014-4004-8b29-2795334e34da/resourceGroups/sg-sea-dmgmt-rsg-01/providers/Microsoft.Network/networkInterfaces/dmgmtwin-nic",
            "internal_dns_name_label": "",
            "internal_domain_name_suffix": "z43sk2jy01eu1ht0ops5sbbwab.ix.internal.cloudapp.net",
            "ip_configuration": [
              {
                "gateway_load_balancer_frontend_ip_configuration_id": "",
                "name": "internal",
                "primary": true,
                "private_ip_address": "10.80.2.4",
                "private_ip_address_allocation": "Dynamic",
                "private_ip_address_version": "IPv4",
                "public_ip_address_id": "",
                "subnet_id": "/subscriptions/0da0b47d-2014-4004-8b29-2795334e34da/resourceGroups/sg-sea-dmgmt-rsg-01/providers/Microsoft.Network/virtualNetworks/sg-sea-dmgmt-vnet-01/subnets/sg-sea-Jumpboxsnet-sn"
              }
            ],
            "location": "southeastasia",
            "mac_address": "00-22-48-57-87-77",
            "name": "dmgmtwin-nic",
            "private_ip_address": "10.80.2.4",
            "private_ip_addresses": [
              "10.80.2.4"
            ],
            "resource_group_name": "sg-sea-dmgmt-rsg-01",
            "tags": {},
            "timeouts": null,
            "virtual_machine_id": "/subscriptions/0da0b47d-2014-4004-8b29-2795334e34da/resourceGroups/sg-sea-dmgmt-rsg-01/providers/Microsoft.Compute/virtualMachines/dmgmtwin-vm"
          },
          "sensitive_attributes": [],
          "private": "eyJlMmJmYjczMC1lY2FhLTExZTYtOGY4OC0zNDM2M2JjN2M0YzAiOnsiY3JlYXRlIjoxODAwMDAwMDAwMDAwLCJkZWxldGUiOjE4MDAwMDAwMDAwMDAsInJlYWQiOjMwMDAwMDAwMDAwMCwidXBkYXRlIjoxODAwMDAwMDAwMDAwfX0=",
          "dependencies": [
            "module.dmgmt_module.azurerm_subnet.tf-dmgmtsub",
            "module.general_module.azurerm_consumption_budget_resource_group.tf-conbudgetrsg-dmgmt",
            "module.general_module.azurerm_monitor_action_group.tf-monitorgrp-dmgmt",
            "module.general_module.azurerm_resource_group.tf-rg",
            "module.general_module.azurerm_virtual_network.tf-vnet",
            "module.general_module.azurerm_virtual_network_peering.tf-vnet-peer1to2-dmgmt",
            "module.general_module.azurerm_virtual_network_peering.tf-vnet-peer1to3-dmgmt",
            "module.general_module.azurerm_virtual_network_peering.tf-vnet-peer2to1-dmgmt",
            "module.general_module.azurerm_virtual_network_peering.tf-vnet-peer2to3-dmgmt",
            "module.general_module.azurerm_virtual_network_peering.tf-vnet-peer3to1-dmgmt",
            "module.general_module.azurerm_virtual_network_peering.tf-vnet-peer3to2-dmgmt"
          ]
        }
      ]
    },
    {
      "module": "module.dmgmt_module",
      "mode": "managed",
      "type": "azurerm_network_security_group",
      "name": "tf-netsecgrp-dmgmt",
      "provider": "provider[\"registry.terraform.io/hashicorp/azurerm\"]",
      "instances": [
        {
          "schema_version": 0,
          "attributes": {
            "id": "/subscriptions/0da0b47d-2014-4004-8b29-2795334e34da/resourceGroups/sg-sea-dmgmt-rsg-01/providers/Microsoft.Network/networkSecurityGroups/sg-sea-dmgmt-netsecgrp-01",
            "location": "southeastasia",
            "name": "sg-sea-dmgmt-netsecgrp-01",
            "resource_group_name": "sg-sea-dmgmt-rsg-01",
            "security_rule": [
              {
                "access": "Allow",
                "description": "",
                "destination_address_prefix": "*",
                "destination_address_prefixes": [],
                "destination_application_security_group_ids": [],
                "destination_port_range": "*",
                "destination_port_ranges": [],
                "direction": "Inbound",
                "name": "AllowICMPPing",
                "priority": 204,
                "protocol": "Icmp",
                "source_address_prefix": "*",
                "source_address_prefixes": [],
                "source_application_security_group_ids": [],
                "source_port_range": "*",
                "source_port_ranges": []
              },
              {
                "access": "Allow",
                "description": "",
                "destination_address_prefix": "*",
                "destination_address_prefixes": [],
                "destination_application_security_group_ids": [],
                "destination_port_range": "22",
                "destination_port_ranges": [],
                "direction": "Inbound",
                "name": "AllowSSH",
                "priority": 201,
                "protocol": "Tcp",
                "source_address_prefix": "*",
                "source_address_prefixes": [],
                "source_application_security_group_ids": [],
                "source_port_range": "*",
                "source_port_ranges": []
              },
              {
                "access": "Allow",
                "description": "",
                "destination_address_prefix": "*",
                "destination_address_prefixes": [],
                "destination_application_security_group_ids": [],
                "destination_port_range": "3389",
                "destination_port_ranges": [],
                "direction": "Inbound",
                "name": "AllowRDP",
                "priority": 200,
                "protocol": "Tcp",
                "source_address_prefix": "*",
                "source_address_prefixes": [],
                "source_application_security_group_ids": [],
                "source_port_range": "*",
                "source_port_ranges": []
              },
              {
                "access": "Allow",
                "description": "",
                "destination_address_prefix": "*",
                "destination_address_prefixes": [],
                "destination_application_security_group_ids": [],
                "destination_port_range": "445",
                "destination_port_ranges": [],
                "direction": "Inbound",
                "name": "AllowSMBUsers",
                "priority": 203,
                "protocol": "Tcp",
                "source_address_prefix": "*",
                "source_address_prefixes": [],
                "source_application_security_group_ids": [],
                "source_port_range": "*",
                "source_port_ranges": []
              },
              {
                "access": "Allow",
                "description": "",
                "destination_address_prefix": "*",
                "destination_address_prefixes": [],
                "destination_application_security_group_ids": [],
                "destination_port_range": "80",
                "destination_port_ranges": [],
                "direction": "Inbound",
                "name": "AllowHTTP",
                "priority": 202,
                "protocol": "Tcp",
                "source_address_prefix": "*",
                "source_address_prefixes": [],
                "source_application_security_group_ids": [],
                "source_port_range": "*",
                "source_port_ranges": []
              }
            ],
            "tags": {},
            "timeouts": null
          },
          "sensitive_attributes": [],
          "private": "eyJlMmJmYjczMC1lY2FhLTExZTYtOGY4OC0zNDM2M2JjN2M0YzAiOnsiY3JlYXRlIjoxODAwMDAwMDAwMDAwLCJkZWxldGUiOjE4MDAwMDAwMDAwMDAsInJlYWQiOjMwMDAwMDAwMDAwMCwidXBkYXRlIjoxODAwMDAwMDAwMDAwfX0=",
          "dependencies": [
            "module.general_module.azurerm_consumption_budget_resource_group.tf-conbudgetrsg-dmgmt",
            "module.general_module.azurerm_monitor_action_group.tf-monitorgrp-dmgmt",
            "module.general_module.azurerm_resource_group.tf-rg",
            "module.general_module.azurerm_virtual_network.tf-vnet",
            "module.general_module.azurerm_virtual_network_peering.tf-vnet-peer1to2-dmgmt",
            "module.general_module.azurerm_virtual_network_peering.tf-vnet-peer1to3-dmgmt",
            "module.general_module.azurerm_virtual_network_peering.tf-vnet-peer2to1-dmgmt",
            "module.general_module.azurerm_virtual_network_peering.tf-vnet-peer2to3-dmgmt",
            "module.general_module.azurerm_virtual_network_peering.tf-vnet-peer3to1-dmgmt",
            "module.general_module.azurerm_virtual_network_peering.tf-vnet-peer3to2-dmgmt"
          ]
        }
      ]
    },
    {
      "module": "module.dmgmt_module",
      "mode": "managed",
      "type": "azurerm_public_ip",
      "name": "tf-dmgmtnatgwpubip",
      "provider": "provider[\"registry.terraform.io/hashicorp/azurerm\"]",
      "instances": [
        {
          "schema_version": 0,
          "attributes": {
            "allocation_method": "Static",
            "ddos_protection_mode": "VirtualNetworkInherited",
            "ddos_protection_plan_id": null,
            "domain_name_label": null,
            "edge_zone": "",
            "fqdn": null,
            "id": "/subscriptions/0da0b47d-2014-4004-8b29-2795334e34da/resourceGroups/sg-sea-dmgmt-rsg-01/providers/Microsoft.Network/publicIPAddresses/dmgmt-natgwpubip",
            "idle_timeout_in_minutes": 4,
            "ip_address": "4.193.105.211",
            "ip_tags": {},
            "ip_version": "IPv4",
            "location": "southeastasia",
            "name": "dmgmt-natgwpubip",
            "public_ip_prefix_id": null,
            "resource_group_name": "sg-sea-dmgmt-rsg-01",
            "reverse_fqdn": null,
            "sku": "Standard",
            "sku_tier": "Regional",
            "tags": {},
            "timeouts": null,
            "zones": []
          },
          "sensitive_attributes": [],
          "private": "eyJlMmJmYjczMC1lY2FhLTExZTYtOGY4OC0zNDM2M2JjN2M0YzAiOnsiY3JlYXRlIjoxODAwMDAwMDAwMDAwLCJkZWxldGUiOjE4MDAwMDAwMDAwMDAsInJlYWQiOjMwMDAwMDAwMDAwMCwidXBkYXRlIjoxODAwMDAwMDAwMDAwfX0=",
          "dependencies": [
            "module.general_module.azurerm_consumption_budget_resource_group.tf-conbudgetrsg-dmgmt",
            "module.general_module.azurerm_monitor_action_group.tf-monitorgrp-dmgmt",
            "module.general_module.azurerm_resource_group.tf-rg",
            "module.general_module.azurerm_virtual_network.tf-vnet",
            "module.general_module.azurerm_virtual_network_peering.tf-vnet-peer1to2-dmgmt",
            "module.general_module.azurerm_virtual_network_peering.tf-vnet-peer1to3-dmgmt",
            "module.general_module.azurerm_virtual_network_peering.tf-vnet-peer2to1-dmgmt",
            "module.general_module.azurerm_virtual_network_peering.tf-vnet-peer2to3-dmgmt",
            "module.general_module.azurerm_virtual_network_peering.tf-vnet-peer3to1-dmgmt",
            "module.general_module.azurerm_virtual_network_peering.tf-vnet-peer3to2-dmgmt"
          ]
        }
      ]
    },
    {
      "module": "module.dmgmt_module",
      "mode": "managed",
      "type": "azurerm_public_ip",
      "name": "tf-pubgw-dmgmt",
      "provider": "provider[\"registry.terraform.io/hashicorp/azurerm\"]",
      "instances": [
        {
          "schema_version": 0,
          "attributes": {
            "allocation_method": "Static",
            "ddos_protection_mode": "VirtualNetworkInherited",
            "ddos_protection_plan_id": null,
            "domain_name_label": null,
            "edge_zone": "",
            "fqdn": null,
            "id": "/subscriptions/0da0b47d-2014-4004-8b29-2795334e34da/resourceGroups/sg-sea-dmgmt-rsg-01/providers/Microsoft.Network/publicIPAddresses/sg-sea-dmgmt-pubgw-01",
            "idle_timeout_in_minutes": 4,
            "ip_address": "4.193.55.203",
            "ip_tags": {},
            "ip_version": "IPv4",
            "location": "southeastasia",
            "name": "sg-sea-dmgmt-pubgw-01",
            "public_ip_prefix_id": null,
            "resource_group_name": "sg-sea-dmgmt-rsg-01",
            "reverse_fqdn": null,
            "sku": "Standard",
            "sku_tier": "Regional",
            "tags": {},
            "timeouts": null,
            "zones": []
          },
          "sensitive_attributes": [],
          "private": "eyJlMmJmYjczMC1lY2FhLTExZTYtOGY4OC0zNDM2M2JjN2M0YzAiOnsiY3JlYXRlIjoxODAwMDAwMDAwMDAwLCJkZWxldGUiOjE4MDAwMDAwMDAwMDAsInJlYWQiOjMwMDAwMDAwMDAwMCwidXBkYXRlIjoxODAwMDAwMDAwMDAwfX0=",
          "dependencies": [
            "module.general_module.azurerm_consumption_budget_resource_group.tf-conbudgetrsg-dmgmt",
            "module.general_module.azurerm_monitor_action_group.tf-monitorgrp-dmgmt",
            "module.general_module.azurerm_resource_group.tf-rg",
            "module.general_module.azurerm_virtual_network.tf-vnet",
            "module.general_module.azurerm_virtual_network_peering.tf-vnet-peer1to2-dmgmt",
            "module.general_module.azurerm_virtual_network_peering.tf-vnet-peer1to3-dmgmt",
            "module.general_module.azurerm_virtual_network_peering.tf-vnet-peer2to1-dmgmt",
            "module.general_module.azurerm_virtual_network_peering.tf-vnet-peer2to3-dmgmt",
            "module.general_module.azurerm_virtual_network_peering.tf-vnet-peer3to1-dmgmt",
            "module.general_module.azurerm_virtual_network_peering.tf-vnet-peer3to2-dmgmt"
          ]
        }
      ]
    },
    {
      "module": "module.dmgmt_module",
      "mode": "managed",
      "type": "azurerm_public_ip",
      "name": "tf-pubip-bas-dmgmt",
      "provider": "provider[\"registry.terraform.io/hashicorp/azurerm\"]",
      "instances": [
        {
          "schema_version": 0,
          "attributes": {
            "allocation_method": "Static",
            "ddos_protection_mode": "VirtualNetworkInherited",
            "ddos_protection_plan_id": null,
            "domain_name_label": null,
            "edge_zone": "",
            "fqdn": null,
            "id": "/subscriptions/0da0b47d-2014-4004-8b29-2795334e34da/resourceGroups/sg-sea-dmgmt-rsg-01/providers/Microsoft.Network/publicIPAddresses/sg-sea-dmgmt-pubip-bas-01",
            "idle_timeout_in_minutes": 4,
            "ip_address": "4.193.55.206",
            "ip_tags": {},
            "ip_version": "IPv4",
            "location": "southeastasia",
            "name": "sg-sea-dmgmt-pubip-bas-01",
            "public_ip_prefix_id": null,
            "resource_group_name": "sg-sea-dmgmt-rsg-01",
            "reverse_fqdn": null,
            "sku": "Standard",
            "sku_tier": "Regional",
            "tags": {},
            "timeouts": null,
            "zones": []
          },
          "sensitive_attributes": [],
          "private": "eyJlMmJmYjczMC1lY2FhLTExZTYtOGY4OC0zNDM2M2JjN2M0YzAiOnsiY3JlYXRlIjoxODAwMDAwMDAwMDAwLCJkZWxldGUiOjE4MDAwMDAwMDAwMDAsInJlYWQiOjMwMDAwMDAwMDAwMCwidXBkYXRlIjoxODAwMDAwMDAwMDAwfX0=",
          "dependencies": [
            "module.general_module.azurerm_consumption_budget_resource_group.tf-conbudgetrsg-dmgmt",
            "module.general_module.azurerm_monitor_action_group.tf-monitorgrp-dmgmt",
            "module.general_module.azurerm_resource_group.tf-rg",
            "module.general_module.azurerm_virtual_network.tf-vnet",
            "module.general_module.azurerm_virtual_network_peering.tf-vnet-peer1to2-dmgmt",
            "module.general_module.azurerm_virtual_network_peering.tf-vnet-peer1to3-dmgmt",
            "module.general_module.azurerm_virtual_network_peering.tf-vnet-peer2to1-dmgmt",
            "module.general_module.azurerm_virtual_network_peering.tf-vnet-peer2to3-dmgmt",
            "module.general_module.azurerm_virtual_network_peering.tf-vnet-peer3to1-dmgmt",
            "module.general_module.azurerm_virtual_network_peering.tf-vnet-peer3to2-dmgmt"
          ]
        }
      ]
    },
    {
      "module": "module.dmgmt_module",
      "mode": "managed",
      "type": "azurerm_storage_account",
      "name": "tf-stracc-dmgmt",
      "provider": "provider[\"registry.terraform.io/hashicorp/azurerm\"]",
      "instances": [
        {
          "schema_version": 3,
          "attributes": {
            "access_tier": "Hot",
            "account_kind": "StorageV2",
            "account_replication_type": "LRS",
            "account_tier": "Standard",
            "allow_nested_items_to_be_public": true,
            "allowed_copy_scope": "",
            "azure_files_authentication": [],
            "blob_properties": [
              {
                "change_feed_enabled": false,
                "change_feed_retention_in_days": 0,
                "container_delete_retention_policy": [],
                "cors_rule": [],
                "default_service_version": "",
                "delete_retention_policy": [],
                "last_access_time_enabled": false,
                "restore_policy": [],
                "versioning_enabled": false
              }
            ],
            "cross_tenant_replication_enabled": true,
            "custom_domain": [],
            "customer_managed_key": [],
            "default_to_oauth_authentication": false,
            "edge_zone": "",
            "enable_https_traffic_only": true,
            "id": "/subscriptions/0da0b47d-2014-4004-8b29-2795334e34da/resourceGroups/sg-sea-dmgmt-rsg-01/providers/Microsoft.Storage/storageAccounts/thterrastracc",
            "identity": [],
            "immutability_policy": [],
            "infrastructure_encryption_enabled": false,
            "is_hns_enabled": false,
            "large_file_share_enabled": null,
            "location": "southeastasia",
            "min_tls_version": "TLS1_2",
            "name": "thterrastracc",
            "network_rules": [
              {
                "bypass": [
                  "AzureServices"
                ],
                "default_action": "Allow",
                "ip_rules": [],
                "private_link_access": [],
                "virtual_network_subnet_ids": []
              }
            ],
            "nfsv3_enabled": false,
            "primary_access_key": "77PcHpGOhkFNpllsae9j8QuVMETamZK3kZA9BUDbhXIodjsdf88DTNYo3EjktjkSJH4ubOvpx0n7+AStFwlQTA==",
            "primary_blob_connection_string": "DefaultEndpointsProtocol=https;BlobEndpoint=https://thterrastracc.blob.core.windows.net/;AccountName=thterrastracc;AccountKey=77PcHpGOhkFNpllsae9j8QuVMETamZK3kZA9BUDbhXIodjsdf88DTNYo3EjktjkSJH4ubOvpx0n7+AStFwlQTA==",
            "primary_blob_endpoint": "https://thterrastracc.blob.core.windows.net/",
            "primary_blob_host": "thterrastracc.blob.core.windows.net",
            "primary_connection_string": "DefaultEndpointsProtocol=https;AccountName=thterrastracc;AccountKey=77PcHpGOhkFNpllsae9j8QuVMETamZK3kZA9BUDbhXIodjsdf88DTNYo3EjktjkSJH4ubOvpx0n7+AStFwlQTA==;EndpointSuffix=core.windows.net",
            "primary_dfs_endpoint": "https://thterrastracc.dfs.core.windows.net/",
            "primary_dfs_host": "thterrastracc.dfs.core.windows.net",
            "primary_file_endpoint": "https://thterrastracc.file.core.windows.net/",
            "primary_file_host": "thterrastracc.file.core.windows.net",
            "primary_location": "southeastasia",
            "primary_queue_endpoint": "https://thterrastracc.queue.core.windows.net/",
            "primary_queue_host": "thterrastracc.queue.core.windows.net",
            "primary_table_endpoint": "https://thterrastracc.table.core.windows.net/",
            "primary_table_host": "thterrastracc.table.core.windows.net",
            "primary_web_endpoint": "https://thterrastracc.z23.web.core.windows.net/",
            "primary_web_host": "thterrastracc.z23.web.core.windows.net",
            "public_network_access_enabled": true,
            "queue_encryption_key_type": "Service",
            "queue_properties": [
              {
                "cors_rule": [],
                "hour_metrics": [
                  {
                    "enabled": true,
                    "include_apis": true,
                    "retention_policy_days": 7,
                    "version": "1.0"
                  }
                ],
                "logging": [
                  {
                    "delete": false,
                    "read": false,
                    "retention_policy_days": 0,
                    "version": "1.0",
                    "write": false
                  }
                ],
                "minute_metrics": [
                  {
                    "enabled": false,
                    "include_apis": false,
                    "retention_policy_days": 0,
                    "version": "1.0"
                  }
                ]
              }
            ],
            "resource_group_name": "sg-sea-dmgmt-rsg-01",
            "routing": [],
            "sas_policy": [],
            "secondary_access_key": "TXjLDHyPBXzSwHFjUjw+bo912l0x9BJT0SP1+eMyfg4Qu0dGFcK3eLcK7kHa45W74h2lEx3YA1fd+ASt1FwRcA==",
            "secondary_blob_connection_string": "",
            "secondary_blob_endpoint": null,
            "secondary_blob_host": null,
            "secondary_connection_string": "DefaultEndpointsProtocol=https;AccountName=thterrastracc;AccountKey=TXjLDHyPBXzSwHFjUjw+bo912l0x9BJT0SP1+eMyfg4Qu0dGFcK3eLcK7kHa45W74h2lEx3YA1fd+ASt1FwRcA==;EndpointSuffix=core.windows.net",
            "secondary_dfs_endpoint": null,
            "secondary_dfs_host": null,
            "secondary_file_endpoint": null,
            "secondary_file_host": null,
            "secondary_location": "",
            "secondary_queue_endpoint": null,
            "secondary_queue_host": null,
            "secondary_table_endpoint": null,
            "secondary_table_host": null,
            "secondary_web_endpoint": null,
            "secondary_web_host": null,
            "sftp_enabled": false,
            "share_properties": [
              {
                "cors_rule": [],
                "retention_policy": [
                  {
                    "days": 7
                  }
                ],
                "smb": []
              }
            ],
            "shared_access_key_enabled": true,
            "static_website": [],
            "table_encryption_key_type": "Service",
            "tags": {},
            "timeouts": null
          },
          "sensitive_attributes": [],
          "private": "eyJlMmJmYjczMC1lY2FhLTExZTYtOGY4OC0zNDM2M2JjN2M0YzAiOnsiY3JlYXRlIjozNjAwMDAwMDAwMDAwLCJkZWxldGUiOjM2MDAwMDAwMDAwMDAsInJlYWQiOjMwMDAwMDAwMDAwMCwidXBkYXRlIjozNjAwMDAwMDAwMDAwfSwic2NoZW1hX3ZlcnNpb24iOiIzIn0=",
          "dependencies": [
            "module.general_module.azurerm_consumption_budget_resource_group.tf-conbudgetrsg-dmgmt",
            "module.general_module.azurerm_monitor_action_group.tf-monitorgrp-dmgmt",
            "module.general_module.azurerm_resource_group.tf-rg",
            "module.general_module.azurerm_virtual_network.tf-vnet",
            "module.general_module.azurerm_virtual_network_peering.tf-vnet-peer1to2-dmgmt",
            "module.general_module.azurerm_virtual_network_peering.tf-vnet-peer1to3-dmgmt",
            "module.general_module.azurerm_virtual_network_peering.tf-vnet-peer2to1-dmgmt",
            "module.general_module.azurerm_virtual_network_peering.tf-vnet-peer2to3-dmgmt",
            "module.general_module.azurerm_virtual_network_peering.tf-vnet-peer3to1-dmgmt",
            "module.general_module.azurerm_virtual_network_peering.tf-vnet-peer3to2-dmgmt"
          ]
        }
      ]
    },
    {
      "module": "module.dmgmt_module",
      "mode": "managed",
      "type": "azurerm_subnet",
      "name": "tf-dmgmtsub",
      "provider": "provider[\"registry.terraform.io/hashicorp/azurerm\"]",
      "instances": [
        {
          "index_key": 0,
          "schema_version": 0,
          "attributes": {
            "address_prefixes": [
              "10.80.0.0/26"
            ],
            "delegation": [],
            "enforce_private_link_endpoint_network_policies": false,
            "enforce_private_link_service_network_policies": false,
            "id": "/subscriptions/0da0b47d-2014-4004-8b29-2795334e34da/resourceGroups/sg-sea-dmgmt-rsg-01/providers/Microsoft.Network/virtualNetworks/sg-sea-dmgmt-vnet-01/subnets/GatewaySubnet",
            "name": "GatewaySubnet",
            "private_endpoint_network_policies_enabled": true,
            "private_link_service_network_policies_enabled": true,
            "resource_group_name": "sg-sea-dmgmt-rsg-01",
            "service_endpoint_policy_ids": [],
            "service_endpoints": [],
            "timeouts": null,
            "virtual_network_name": "sg-sea-dmgmt-vnet-01"
          },
          "sensitive_attributes": [],
          "private": "eyJlMmJmYjczMC1lY2FhLTExZTYtOGY4OC0zNDM2M2JjN2M0YzAiOnsiY3JlYXRlIjoxODAwMDAwMDAwMDAwLCJkZWxldGUiOjE4MDAwMDAwMDAwMDAsInJlYWQiOjMwMDAwMDAwMDAwMCwidXBkYXRlIjoxODAwMDAwMDAwMDAwfX0=",
          "dependencies": [
            "module.general_module.azurerm_consumption_budget_resource_group.tf-conbudgetrsg-dmgmt",
            "module.general_module.azurerm_monitor_action_group.tf-monitorgrp-dmgmt",
            "module.general_module.azurerm_resource_group.tf-rg",
            "module.general_module.azurerm_virtual_network.tf-vnet",
            "module.general_module.azurerm_virtual_network_peering.tf-vnet-peer1to2-dmgmt",
            "module.general_module.azurerm_virtual_network_peering.tf-vnet-peer1to3-dmgmt",
            "module.general_module.azurerm_virtual_network_peering.tf-vnet-peer2to1-dmgmt",
            "module.general_module.azurerm_virtual_network_peering.tf-vnet-peer2to3-dmgmt",
            "module.general_module.azurerm_virtual_network_peering.tf-vnet-peer3to1-dmgmt",
            "module.general_module.azurerm_virtual_network_peering.tf-vnet-peer3to2-dmgmt"
          ]
        },
        {
          "index_key": 1,
          "schema_version": 0,
          "attributes": {
            "address_prefixes": [
              "10.80.1.0/26"
            ],
            "delegation": [],
            "enforce_private_link_endpoint_network_policies": false,
            "enforce_private_link_service_network_policies": false,
            "id": "/subscriptions/0da0b47d-2014-4004-8b29-2795334e34da/resourceGroups/sg-sea-dmgmt-rsg-01/providers/Microsoft.Network/virtualNetworks/sg-sea-dmgmt-vnet-01/subnets/AzureBastionSubnet",
            "name": "AzureBastionSubnet",
            "private_endpoint_network_policies_enabled": true,
            "private_link_service_network_policies_enabled": true,
            "resource_group_name": "sg-sea-dmgmt-rsg-01",
            "service_endpoint_policy_ids": [],
            "service_endpoints": [],
            "timeouts": null,
            "virtual_network_name": "sg-sea-dmgmt-vnet-01"
          },
          "sensitive_attributes": [],
          "private": "eyJlMmJmYjczMC1lY2FhLTExZTYtOGY4OC0zNDM2M2JjN2M0YzAiOnsiY3JlYXRlIjoxODAwMDAwMDAwMDAwLCJkZWxldGUiOjE4MDAwMDAwMDAwMDAsInJlYWQiOjMwMDAwMDAwMDAwMCwidXBkYXRlIjoxODAwMDAwMDAwMDAwfX0=",
          "dependencies": [
            "module.general_module.azurerm_consumption_budget_resource_group.tf-conbudgetrsg-dmgmt",
            "module.general_module.azurerm_monitor_action_group.tf-monitorgrp-dmgmt",
            "module.general_module.azurerm_resource_group.tf-rg",
            "module.general_module.azurerm_virtual_network.tf-vnet",
            "module.general_module.azurerm_virtual_network_peering.tf-vnet-peer1to2-dmgmt",
            "module.general_module.azurerm_virtual_network_peering.tf-vnet-peer1to3-dmgmt",
            "module.general_module.azurerm_virtual_network_peering.tf-vnet-peer2to1-dmgmt",
            "module.general_module.azurerm_virtual_network_peering.tf-vnet-peer2to3-dmgmt",
            "module.general_module.azurerm_virtual_network_peering.tf-vnet-peer3to1-dmgmt",
            "module.general_module.azurerm_virtual_network_peering.tf-vnet-peer3to2-dmgmt"
          ]
        },
        {
          "index_key": 2,
          "schema_version": 0,
          "attributes": {
            "address_prefixes": [
              "10.80.2.0/26"
            ],
            "delegation": [],
            "enforce_private_link_endpoint_network_policies": false,
            "enforce_private_link_service_network_policies": false,
            "id": "/subscriptions/0da0b47d-2014-4004-8b29-2795334e34da/resourceGroups/sg-sea-dmgmt-rsg-01/providers/Microsoft.Network/virtualNetworks/sg-sea-dmgmt-vnet-01/subnets/sg-sea-Jumpboxsnet-sn",
            "name": "sg-sea-Jumpboxsnet-sn",
            "private_endpoint_network_policies_enabled": true,
            "private_link_service_network_policies_enabled": true,
            "resource_group_name": "sg-sea-dmgmt-rsg-01",
            "service_endpoint_policy_ids": [],
            "service_endpoints": [],
            "timeouts": null,
            "virtual_network_name": "sg-sea-dmgmt-vnet-01"
          },
          "sensitive_attributes": [],
          "private": "eyJlMmJmYjczMC1lY2FhLTExZTYtOGY4OC0zNDM2M2JjN2M0YzAiOnsiY3JlYXRlIjoxODAwMDAwMDAwMDAwLCJkZWxldGUiOjE4MDAwMDAwMDAwMDAsInJlYWQiOjMwMDAwMDAwMDAwMCwidXBkYXRlIjoxODAwMDAwMDAwMDAwfX0=",
          "dependencies": [
            "module.general_module.azurerm_consumption_budget_resource_group.tf-conbudgetrsg-dmgmt",
            "module.general_module.azurerm_monitor_action_group.tf-monitorgrp-dmgmt",
            "module.general_module.azurerm_resource_group.tf-rg",
            "module.general_module.azurerm_virtual_network.tf-vnet",
            "module.general_module.azurerm_virtual_network_peering.tf-vnet-peer1to2-dmgmt",
            "module.general_module.azurerm_virtual_network_peering.tf-vnet-peer1to3-dmgmt",
            "module.general_module.azurerm_virtual_network_peering.tf-vnet-peer2to1-dmgmt",
            "module.general_module.azurerm_virtual_network_peering.tf-vnet-peer2to3-dmgmt",
            "module.general_module.azurerm_virtual_network_peering.tf-vnet-peer3to1-dmgmt",
            "module.general_module.azurerm_virtual_network_peering.tf-vnet-peer3to2-dmgmt"
          ]
        }
      ]
    },
    {
      "module": "module.dmgmt_module",
      "mode": "managed",
      "type": "azurerm_subnet_nat_gateway_association",
      "name": "tf-subnatgwass",
      "provider": "provider[\"registry.terraform.io/hashicorp/azurerm\"]",
      "instances": [
        {
          "schema_version": 0,
          "attributes": {
            "id": "/subscriptions/0da0b47d-2014-4004-8b29-2795334e34da/resourceGroups/sg-sea-dmgmt-rsg-01/providers/Microsoft.Network/virtualNetworks/sg-sea-dmgmt-vnet-01/subnets/sg-sea-Jumpboxsnet-sn",
            "nat_gateway_id": "/subscriptions/0da0b47d-2014-4004-8b29-2795334e34da/resourceGroups/sg-sea-dmgmt-rsg-01/providers/Microsoft.Network/natGateways/dmgmt-natgw",
            "subnet_id": "/subscriptions/0da0b47d-2014-4004-8b29-2795334e34da/resourceGroups/sg-sea-dmgmt-rsg-01/providers/Microsoft.Network/virtualNetworks/sg-sea-dmgmt-vnet-01/subnets/sg-sea-Jumpboxsnet-sn",
            "timeouts": null
          },
          "sensitive_attributes": [],
          "private": "eyJlMmJmYjczMC1lY2FhLTExZTYtOGY4OC0zNDM2M2JjN2M0YzAiOnsiY3JlYXRlIjoxODAwMDAwMDAwMDAwLCJkZWxldGUiOjE4MDAwMDAwMDAwMDAsInJlYWQiOjMwMDAwMDAwMDAwMCwidXBkYXRlIjoxODAwMDAwMDAwMDAwfX0=",
          "dependencies": [
            "module.dmgmt_module.azurerm_nat_gateway.tf-natgw",
            "module.dmgmt_module.azurerm_subnet.tf-dmgmtsub",
            "module.general_module.azurerm_consumption_budget_resource_group.tf-conbudgetrsg-dmgmt",
            "module.general_module.azurerm_monitor_action_group.tf-monitorgrp-dmgmt",
            "module.general_module.azurerm_resource_group.tf-rg",
            "module.general_module.azurerm_virtual_network.tf-vnet",
            "module.general_module.azurerm_virtual_network_peering.tf-vnet-peer1to2-dmgmt",
            "module.general_module.azurerm_virtual_network_peering.tf-vnet-peer1to3-dmgmt",
            "module.general_module.azurerm_virtual_network_peering.tf-vnet-peer2to1-dmgmt",
            "module.general_module.azurerm_virtual_network_peering.tf-vnet-peer2to3-dmgmt",
            "module.general_module.azurerm_virtual_network_peering.tf-vnet-peer3to1-dmgmt",
            "module.general_module.azurerm_virtual_network_peering.tf-vnet-peer3to2-dmgmt"
          ]
        }
      ]
    },
    {
      "module": "module.dmgmt_module",
      "mode": "managed",
      "type": "azurerm_subnet_network_security_group_association",
      "name": "tf-netsecgrpass-dmgmt",
      "provider": "provider[\"registry.terraform.io/hashicorp/azurerm\"]",
      "instances": [
        {
          "schema_version": 0,
          "attributes": {
            "id": "/subscriptions/0da0b47d-2014-4004-8b29-2795334e34da/resourceGroups/sg-sea-dmgmt-rsg-01/providers/Microsoft.Network/virtualNetworks/sg-sea-dmgmt-vnet-01/subnets/sg-sea-Jumpboxsnet-sn",
            "network_security_group_id": "/subscriptions/0da0b47d-2014-4004-8b29-2795334e34da/resourceGroups/sg-sea-dmgmt-rsg-01/providers/Microsoft.Network/networkSecurityGroups/sg-sea-dmgmt-netsecgrp-01",
            "subnet_id": "/subscriptions/0da0b47d-2014-4004-8b29-2795334e34da/resourceGroups/sg-sea-dmgmt-rsg-01/providers/Microsoft.Network/virtualNetworks/sg-sea-dmgmt-vnet-01/subnets/sg-sea-Jumpboxsnet-sn",
            "timeouts": null
          },
          "sensitive_attributes": [],
          "private": "eyJlMmJmYjczMC1lY2FhLTExZTYtOGY4OC0zNDM2M2JjN2M0YzAiOnsiY3JlYXRlIjoxODAwMDAwMDAwMDAwLCJkZWxldGUiOjE4MDAwMDAwMDAwMDAsInJlYWQiOjMwMDAwMDAwMDAwMCwidXBkYXRlIjoxODAwMDAwMDAwMDAwfX0=",
          "dependencies": [
            "module.dmgmt_module.azurerm_network_security_group.tf-netsecgrp-dmgmt",
            "module.dmgmt_module.azurerm_subnet.tf-dmgmtsub",
            "module.general_module.azurerm_consumption_budget_resource_group.tf-conbudgetrsg-dmgmt",
            "module.general_module.azurerm_monitor_action_group.tf-monitorgrp-dmgmt",
            "module.general_module.azurerm_resource_group.tf-rg",
            "module.general_module.azurerm_virtual_network.tf-vnet",
            "module.general_module.azurerm_virtual_network_peering.tf-vnet-peer1to2-dmgmt",
            "module.general_module.azurerm_virtual_network_peering.tf-vnet-peer1to3-dmgmt",
            "module.general_module.azurerm_virtual_network_peering.tf-vnet-peer2to1-dmgmt",
            "module.general_module.azurerm_virtual_network_peering.tf-vnet-peer2to3-dmgmt",
            "module.general_module.azurerm_virtual_network_peering.tf-vnet-peer3to1-dmgmt",
            "module.general_module.azurerm_virtual_network_peering.tf-vnet-peer3to2-dmgmt"
          ]
        }
      ]
    },
    {
      "module": "module.dmgmt_module",
      "mode": "managed",
      "type": "azurerm_virtual_network_gateway",
      "name": "tf-vnetgw-dmgmt",
      "provider": "provider[\"registry.terraform.io/hashicorp/azurerm\"]",
      "instances": [
        {
          "schema_version": 0,
          "attributes": {
            "active_active": false,
            "bgp_settings": [
              {
                "asn": 65515,
                "peer_weight": 0,
                "peering_addresses": [
                  {
                    "apipa_addresses": [],
                    "default_addresses": [
                      "10.80.0.62"
                    ],
                    "ip_configuration_name": "vnetGatewayConfig",
                    "tunnel_ip_addresses": [
                      "4.193.55.203"
                    ]
                  }
                ]
              }
            ],
            "custom_route": [],
            "default_local_network_gateway_id": null,
            "edge_zone": "",
            "enable_bgp": false,
            "generation": "Generation1",
            "id": "/subscriptions/0da0b47d-2014-4004-8b29-2795334e34da/resourceGroups/sg-sea-dmgmt-rsg-01/providers/Microsoft.Network/virtualNetworkGateways/sg-sea-dmgmt-vnetgw-01",
            "ip_configuration": [
              {
                "name": "vnetGatewayConfig",
                "private_ip_address_allocation": "Dynamic",
                "public_ip_address_id": "/subscriptions/0da0b47d-2014-4004-8b29-2795334e34da/resourceGroups/sg-sea-dmgmt-rsg-01/providers/Microsoft.Network/publicIPAddresses/sg-sea-dmgmt-pubgw-01",
                "subnet_id": "/subscriptions/0da0b47d-2014-4004-8b29-2795334e34da/resourceGroups/sg-sea-dmgmt-rsg-01/providers/Microsoft.Network/virtualNetworks/sg-sea-dmgmt-vnet-01/subnets/GatewaySubnet"
              }
            ],
            "location": "southeastasia",
            "name": "sg-sea-dmgmt-vnetgw-01",
            "private_ip_address_enabled": false,
            "resource_group_name": "sg-sea-dmgmt-rsg-01",
            "sku": "VpnGw1",
            "tags": {},
            "timeouts": null,
            "type": "Vpn",
            "vpn_client_configuration": [],
            "vpn_type": "RouteBased"
          },
          "sensitive_attributes": [],
          "private": "eyJlMmJmYjczMC1lY2FhLTExZTYtOGY4OC0zNDM2M2JjN2M0YzAiOnsiY3JlYXRlIjozNjAwMDAwMDAwMDAwLCJkZWxldGUiOjM2MDAwMDAwMDAwMDAsInJlYWQiOjMwMDAwMDAwMDAwMCwidXBkYXRlIjozNjAwMDAwMDAwMDAwfX0=",
          "dependencies": [
            "module.dmgmt_module.azurerm_public_ip.tf-pubgw-dmgmt",
            "module.dmgmt_module.azurerm_subnet.tf-dmgmtsub",
            "module.general_module.azurerm_consumption_budget_resource_group.tf-conbudgetrsg-dmgmt",
            "module.general_module.azurerm_monitor_action_group.tf-monitorgrp-dmgmt",
            "module.general_module.azurerm_resource_group.tf-rg",
            "module.general_module.azurerm_virtual_network.tf-vnet",
            "module.general_module.azurerm_virtual_network_peering.tf-vnet-peer1to2-dmgmt",
            "module.general_module.azurerm_virtual_network_peering.tf-vnet-peer1to3-dmgmt",
            "module.general_module.azurerm_virtual_network_peering.tf-vnet-peer2to1-dmgmt",
            "module.general_module.azurerm_virtual_network_peering.tf-vnet-peer2to3-dmgmt",
            "module.general_module.azurerm_virtual_network_peering.tf-vnet-peer3to1-dmgmt",
            "module.general_module.azurerm_virtual_network_peering.tf-vnet-peer3to2-dmgmt"
          ]
        }
      ]
    },
    {
      "module": "module.dmgmt_module",
      "mode": "managed",
      "type": "azurerm_windows_virtual_machine",
      "name": "tf-dmgmtwinvm",
      "provider": "provider[\"registry.terraform.io/hashicorp/azurerm\"]",
      "instances": [
        {
          "schema_version": 0,
          "attributes": {
            "additional_capabilities": [],
            "additional_unattend_content": [],
            "admin_password": "123qwe!@#QWE",
            "admin_username": "adminuser",
            "allow_extension_operations": true,
            "availability_set_id": "",
            "boot_diagnostics": [],
            "capacity_reservation_group_id": "",
            "computer_name": "dmgmtwin-vm",
            "custom_data": null,
            "dedicated_host_group_id": "",
            "dedicated_host_id": "",
            "edge_zone": "",
            "enable_automatic_updates": true,
            "encryption_at_host_enabled": false,
            "eviction_policy": "",
            "extensions_time_budget": "PT1H30M",
            "gallery_application": [],
            "hotpatching_enabled": false,
            "id": "/subscriptions/0da0b47d-2014-4004-8b29-2795334e34da/resourceGroups/sg-sea-dmgmt-rsg-01/providers/Microsoft.Compute/virtualMachines/dmgmtwin-vm",
            "identity": [],
            "license_type": "",
            "location": "southeastasia",
            "max_bid_price": -1,
            "name": "dmgmtwin-vm",
            "network_interface_ids": [
              "/subscriptions/0da0b47d-2014-4004-8b29-2795334e34da/resourceGroups/sg-sea-dmgmt-rsg-01/providers/Microsoft.Network/networkInterfaces/dmgmtwin-nic"
            ],
            "os_disk": [
              {
                "caching": "ReadWrite",
                "diff_disk_settings": [],
                "disk_encryption_set_id": "",
                "disk_size_gb": 127,
                "name": "dmgmtwin-vm_OsDisk_1_5ab3efb25e2041a88cd71b7e746539f5",
                "secure_vm_disk_encryption_set_id": "",
                "security_encryption_type": "",
                "storage_account_type": "Standard_LRS",
                "write_accelerator_enabled": false
              }
            ],
            "patch_assessment_mode": "ImageDefault",
            "patch_mode": "AutomaticByOS",
            "plan": [],
            "platform_fault_domain": -1,
            "priority": "Regular",
            "private_ip_address": "10.80.2.4",
            "private_ip_addresses": [
              "10.80.2.4"
            ],
            "provision_vm_agent": true,
            "proximity_placement_group_id": "",
            "public_ip_address": "",
            "public_ip_addresses": [],
            "resource_group_name": "sg-sea-dmgmt-rsg-01",
            "secret": [],
            "secure_boot_enabled": false,
            "size": "Standard_DS1_v2",
            "source_image_id": "",
            "source_image_reference": [
              {
                "offer": "WindowsServer",
                "publisher": "MicrosoftWindowsServer",
                "sku": "2019-Datacenter",
                "version": "latest"
              }
            ],
            "tags": {},
            "termination_notification": [],
            "timeouts": null,
            "timezone": "",
            "user_data": "",
            "virtual_machine_id": "00f9292d-3755-4778-a148-8dd8b8fc09f4",
            "virtual_machine_scale_set_id": "",
            "vtpm_enabled": false,
            "winrm_listener": [],
            "zone": ""
          },
          "sensitive_attributes": [],
          "private": "eyJlMmJmYjczMC1lY2FhLTExZTYtOGY4OC0zNDM2M2JjN2M0YzAiOnsiY3JlYXRlIjoyNzAwMDAwMDAwMDAwLCJkZWxldGUiOjI3MDAwMDAwMDAwMDAsInJlYWQiOjMwMDAwMDAwMDAwMCwidXBkYXRlIjoyNzAwMDAwMDAwMDAwfX0=",
          "dependencies": [
            "module.dmgmt_module.azurerm_network_interface.tf-dmgmtnwint",
            "module.dmgmt_module.azurerm_subnet.tf-dmgmtsub",
            "module.general_module.azurerm_consumption_budget_resource_group.tf-conbudgetrsg-dmgmt",
            "module.general_module.azurerm_monitor_action_group.tf-monitorgrp-dmgmt",
            "module.general_module.azurerm_resource_group.tf-rg",
            "module.general_module.azurerm_virtual_network.tf-vnet",
            "module.general_module.azurerm_virtual_network_peering.tf-vnet-peer1to2-dmgmt",
            "module.general_module.azurerm_virtual_network_peering.tf-vnet-peer1to3-dmgmt",
            "module.general_module.azurerm_virtual_network_peering.tf-vnet-peer2to1-dmgmt",
            "module.general_module.azurerm_virtual_network_peering.tf-vnet-peer2to3-dmgmt",
            "module.general_module.azurerm_virtual_network_peering.tf-vnet-peer3to1-dmgmt",
            "module.general_module.azurerm_virtual_network_peering.tf-vnet-peer3to2-dmgmt"
          ]
        }
      ]
    },
    {
      "module": "module.general_module",
      "mode": "managed",
      "type": "azurerm_consumption_budget_resource_group",
      "name": "tf-conbudgetrsg-dmgmt",
      "provider": "provider[\"registry.terraform.io/hashicorp/azurerm\"]",
      "instances": [
        {
          "schema_version": 0,
          "attributes": {
            "amount": 2000,
            "etag": "\"1d99434d0f00a56\"",
            "filter": [
              {
                "dimension": [
                  {
                    "name": "ResourceId",
                    "operator": "In",
                    "values": [
                      "/subscriptions/0da0b47d-2014-4004-8b29-2795334e34da/resourceGroups/sg-sea-dmgmt-rsg-01/providers/Microsoft.Insights/actionGroups/Thinh_Budget"
                    ]
                  }
                ],
                "not": [],
                "tag": []
              }
            ],
            "id": "/subscriptions/0da0b47d-2014-4004-8b29-2795334e34da/resourceGroups/sg-sea-dmgmt-rsg-01/providers/Microsoft.Consumption/budgets/sg-sea-dmgmt-conbudgetrsg-01",
            "name": "sg-sea-dmgmt-conbudgetrsg-01",
            "notification": [
              {
                "contact_emails": [],
                "contact_groups": [
                  "/subscriptions/0da0b47d-2014-4004-8b29-2795334e34da/resourceGroups/sg-sea-dmgmt-rsg-01/providers/Microsoft.Insights/actionGroups/Thinh_Budget"
                ],
                "contact_roles": [],
                "enabled": true,
                "operator": "EqualTo",
                "threshold": 100,
                "threshold_type": "Forecasted"
              },
              {
                "contact_emails": [],
                "contact_groups": [
                  "/subscriptions/0da0b47d-2014-4004-8b29-2795334e34da/resourceGroups/sg-sea-dmgmt-rsg-01/providers/Microsoft.Insights/actionGroups/Thinh_Budget"
                ],
                "contact_roles": [],
                "enabled": true,
                "operator": "EqualTo",
                "threshold": 10,
                "threshold_type": "Forecasted"
              },
              {
                "contact_emails": [],
                "contact_groups": [
                  "/subscriptions/0da0b47d-2014-4004-8b29-2795334e34da/resourceGroups/sg-sea-dmgmt-rsg-01/providers/Microsoft.Insights/actionGroups/Thinh_Budget"
                ],
                "contact_roles": [],
                "enabled": true,
                "operator": "EqualTo",
                "threshold": 20,
                "threshold_type": "Forecasted"
              },
              {
                "contact_emails": [],
                "contact_groups": [
                  "/subscriptions/0da0b47d-2014-4004-8b29-2795334e34da/resourceGroups/sg-sea-dmgmt-rsg-01/providers/Microsoft.Insights/actionGroups/Thinh_Budget"
                ],
                "contact_roles": [],
                "enabled": true,
                "operator": "EqualTo",
                "threshold": 50,
                "threshold_type": "Forecasted"
              }
            ],
            "resource_group_id": "/subscriptions/0da0b47d-2014-4004-8b29-2795334e34da/resourceGroups/sg-sea-dmgmt-rsg-01",
            "time_grain": "Monthly",
            "time_period": [
              {
                "end_date": "2025-04-06T00:00:00Z",
                "start_date": "2023-06-01T00:00:00Z"
              }
            ],
            "timeouts": null
          },
          "sensitive_attributes": [],
          "private": "eyJlMmJmYjczMC1lY2FhLTExZTYtOGY4OC0zNDM2M2JjN2M0YzAiOnsiY3JlYXRlIjoxODAwMDAwMDAwMDAwLCJkZWxldGUiOjE4MDAwMDAwMDAwMDAsInJlYWQiOjMwMDAwMDAwMDAwMCwidXBkYXRlIjoxODAwMDAwMDAwMDAwfX0=",
          "dependencies": [
            "module.general_module.azurerm_monitor_action_group.tf-monitorgrp-dmgmt",
            "module.general_module.azurerm_resource_group.tf-rg"
          ]
        }
      ]
    },
    {
      "module": "module.general_module",
      "mode": "managed",
      "type": "azurerm_monitor_action_group",
      "name": "tf-monitorgrp-dmgmt",
      "provider": "provider[\"registry.terraform.io/hashicorp/azurerm\"]",
      "instances": [
        {
          "schema_version": 1,
          "attributes": {
            "arm_role_receiver": [],
            "automation_runbook_receiver": [],
            "azure_app_push_receiver": [],
            "azure_function_receiver": [],
            "email_receiver": [
              {
                "email_address": "thinh.phung@svtech.com.vn",
                "name": "thinh",
                "use_common_alert_schema": false
              },
              {
                "email_address": "test@svtech.com.vn",
                "name": "test",
                "use_common_alert_schema": false
              }
            ],
            "enabled": true,
            "event_hub_receiver": [],
            "id": "/subscriptions/0da0b47d-2014-4004-8b29-2795334e34da/resourceGroups/sg-sea-dmgmt-rsg-01/providers/Microsoft.Insights/actionGroups/Thinh_Budget",
            "itsm_receiver": [],
            "location": "global",
            "logic_app_receiver": [],
            "name": "Thinh_Budget",
            "resource_group_name": "sg-sea-dmgmt-rsg-01",
            "short_name": "Thinh-Budget",
            "sms_receiver": [],
            "tags": null,
            "timeouts": null,
            "voice_receiver": [],
            "webhook_receiver": []
          },
          "sensitive_attributes": [],
          "private": "eyJlMmJmYjczMC1lY2FhLTExZTYtOGY4OC0zNDM2M2JjN2M0YzAiOnsiY3JlYXRlIjoxODAwMDAwMDAwMDAwLCJkZWxldGUiOjE4MDAwMDAwMDAwMDAsInJlYWQiOjMwMDAwMDAwMDAwMCwidXBkYXRlIjoxODAwMDAwMDAwMDAwfSwic2NoZW1hX3ZlcnNpb24iOiIxIn0="
        }
      ]
    },
    {
      "module": "module.general_module",
      "mode": "managed",
      "type": "azurerm_resource_group",
      "name": "tf-rg",
      "provider": "provider[\"registry.terraform.io/hashicorp/azurerm\"]",
      "instances": [
        {
          "index_key": 0,
          "schema_version": 0,
          "attributes": {
            "id": "/subscriptions/0da0b47d-2014-4004-8b29-2795334e34da/resourceGroups/sg-sea-dmgmt-rsg-01",
            "location": "southeastasia",
            "name": "sg-sea-dmgmt-rsg-01",
            "tags": {},
            "timeouts": null
          },
          "sensitive_attributes": [],
          "private": "eyJlMmJmYjczMC1lY2FhLTExZTYtOGY4OC0zNDM2M2JjN2M0YzAiOnsiY3JlYXRlIjo1NDAwMDAwMDAwMDAwLCJkZWxldGUiOjU0MDAwMDAwMDAwMDAsInJlYWQiOjMwMDAwMDAwMDAwMCwidXBkYXRlIjo1NDAwMDAwMDAwMDAwfX0="
        },
        {
          "index_key": 1,
          "schema_version": 0,
          "attributes": {
            "id": "/subscriptions/0da0b47d-2014-4004-8b29-2795334e34da/resourceGroups/sg-sea-prd-rsg-01",
            "location": "southeastasia",
            "name": "sg-sea-prd-rsg-01",
            "tags": {},
            "timeouts": null
          },
          "sensitive_attributes": [],
          "private": "eyJlMmJmYjczMC1lY2FhLTExZTYtOGY4OC0zNDM2M2JjN2M0YzAiOnsiY3JlYXRlIjo1NDAwMDAwMDAwMDAwLCJkZWxldGUiOjU0MDAwMDAwMDAwMDAsInJlYWQiOjMwMDAwMDAwMDAwMCwidXBkYXRlIjo1NDAwMDAwMDAwMDAwfX0="
        },
        {
          "index_key": 2,
          "schema_version": 0,
          "attributes": {
            "id": "/subscriptions/0da0b47d-2014-4004-8b29-2795334e34da/resourceGroups/sg-sea-nonprd-rsg-01",
            "location": "southeastasia",
            "name": "sg-sea-nonprd-rsg-01",
            "tags": {},
            "timeouts": null
          },
          "sensitive_attributes": [],
          "private": "eyJlMmJmYjczMC1lY2FhLTExZTYtOGY4OC0zNDM2M2JjN2M0YzAiOnsiY3JlYXRlIjo1NDAwMDAwMDAwMDAwLCJkZWxldGUiOjU0MDAwMDAwMDAwMDAsInJlYWQiOjMwMDAwMDAwMDAwMCwidXBkYXRlIjo1NDAwMDAwMDAwMDAwfX0="
        }
      ]
    },
    {
      "module": "module.general_module",
      "mode": "managed",
      "type": "azurerm_virtual_network",
      "name": "tf-vnet",
      "provider": "provider[\"registry.terraform.io/hashicorp/azurerm\"]",
      "instances": [
        {
          "index_key": 0,
          "schema_version": 0,
          "attributes": {
            "address_space": [
              "10.80.0.0/22"
            ],
            "bgp_community": "",
            "ddos_protection_plan": [],
            "dns_servers": [],
            "edge_zone": "",
            "flow_timeout_in_minutes": 0,
            "guid": "7125bbcf-d638-4dc9-9e7a-73e5f9043601",
            "id": "/subscriptions/0da0b47d-2014-4004-8b29-2795334e34da/resourceGroups/sg-sea-dmgmt-rsg-01/providers/Microsoft.Network/virtualNetworks/sg-sea-dmgmt-vnet-01",
            "location": "southeastasia",
            "name": "sg-sea-dmgmt-vnet-01",
            "resource_group_name": "sg-sea-dmgmt-rsg-01",
            "subnet": [
              {
                "address_prefix": "10.80.0.0/26",
                "id": "/subscriptions/0da0b47d-2014-4004-8b29-2795334e34da/resourceGroups/sg-sea-dmgmt-rsg-01/providers/Microsoft.Network/virtualNetworks/sg-sea-dmgmt-vnet-01/subnets/GatewaySubnet",
                "name": "GatewaySubnet",
                "security_group": ""
              },
              {
                "address_prefix": "10.80.1.0/26",
                "id": "/subscriptions/0da0b47d-2014-4004-8b29-2795334e34da/resourceGroups/sg-sea-dmgmt-rsg-01/providers/Microsoft.Network/virtualNetworks/sg-sea-dmgmt-vnet-01/subnets/AzureBastionSubnet",
                "name": "AzureBastionSubnet",
                "security_group": ""
              },
              {
                "address_prefix": "10.80.2.0/26",
                "id": "/subscriptions/0da0b47d-2014-4004-8b29-2795334e34da/resourceGroups/sg-sea-dmgmt-rsg-01/providers/Microsoft.Network/virtualNetworks/sg-sea-dmgmt-vnet-01/subnets/sg-sea-Jumpboxsnet-sn",
                "name": "sg-sea-Jumpboxsnet-sn",
                "security_group": "/subscriptions/0da0b47d-2014-4004-8b29-2795334e34da/resourceGroups/sg-sea-dmgmt-rsg-01/providers/Microsoft.Network/networkSecurityGroups/sg-sea-dmgmt-netsecgrp-01"
              }
            ],
            "tags": {},
            "timeouts": null
          },
          "sensitive_attributes": [],
          "private": "eyJlMmJmYjczMC1lY2FhLTExZTYtOGY4OC0zNDM2M2JjN2M0YzAiOnsiY3JlYXRlIjoxODAwMDAwMDAwMDAwLCJkZWxldGUiOjE4MDAwMDAwMDAwMDAsInJlYWQiOjMwMDAwMDAwMDAwMCwidXBkYXRlIjoxODAwMDAwMDAwMDAwfX0=",
          "dependencies": [
            "module.general_module.azurerm_resource_group.tf-rg"
          ]
        },
        {
          "index_key": 1,
          "schema_version": 0,
          "attributes": {
            "address_space": [
              "10.80.4.0/22"
            ],
            "bgp_community": "",
            "ddos_protection_plan": [],
            "dns_servers": [],
            "edge_zone": "",
            "flow_timeout_in_minutes": 0,
            "guid": "0f84f35d-8fee-4c82-ae62-0f383f03e2d9",
            "id": "/subscriptions/0da0b47d-2014-4004-8b29-2795334e34da/resourceGroups/sg-sea-prd-rsg-01/providers/Microsoft.Network/virtualNetworks/sg-sea-prd-vnet-01",
            "location": "southeastasia",
            "name": "sg-sea-prd-vnet-01",
            "resource_group_name": "sg-sea-prd-rsg-01",
            "subnet": [
              {
                "address_prefix": "10.80.4.0/24",
                "id": "/subscriptions/0da0b47d-2014-4004-8b29-2795334e34da/resourceGroups/sg-sea-prd-rsg-01/providers/Microsoft.Network/virtualNetworks/sg-sea-prd-vnet-01/subnets/sg-sea-prd-subnet-01",
                "name": "sg-sea-prd-subnet-01",
                "security_group": "/subscriptions/0da0b47d-2014-4004-8b29-2795334e34da/resourceGroups/sg-sea-prd-rsg-01/providers/Microsoft.Network/networkSecurityGroups/sg-sea-prd-netsecgrp-01"
              }
            ],
            "tags": {},
            "timeouts": null
          },
          "sensitive_attributes": [],
          "private": "eyJlMmJmYjczMC1lY2FhLTExZTYtOGY4OC0zNDM2M2JjN2M0YzAiOnsiY3JlYXRlIjoxODAwMDAwMDAwMDAwLCJkZWxldGUiOjE4MDAwMDAwMDAwMDAsInJlYWQiOjMwMDAwMDAwMDAwMCwidXBkYXRlIjoxODAwMDAwMDAwMDAwfX0=",
          "dependencies": [
            "module.general_module.azurerm_resource_group.tf-rg"
          ]
        },
        {
          "index_key": 2,
          "schema_version": 0,
          "attributes": {
            "address_space": [
              "10.80.8.0/22"
            ],
            "bgp_community": "",
            "ddos_protection_plan": [],
            "dns_servers": [],
            "edge_zone": "",
            "flow_timeout_in_minutes": 0,
            "guid": "7276d94c-5577-44da-974f-048c2c2b140f",
            "id": "/subscriptions/0da0b47d-2014-4004-8b29-2795334e34da/resourceGroups/sg-sea-nonprd-rsg-01/providers/Microsoft.Network/virtualNetworks/sg-sea-nonprd-vnet-01",
            "location": "southeastasia",
            "name": "sg-sea-nonprd-vnet-01",
            "resource_group_name": "sg-sea-nonprd-rsg-01",
            "subnet": [
              {
                "address_prefix": "10.80.8.0/24",
                "id": "/subscriptions/0da0b47d-2014-4004-8b29-2795334e34da/resourceGroups/sg-sea-nonprd-rsg-01/providers/Microsoft.Network/virtualNetworks/sg-sea-nonprd-vnet-01/subnets/sg-sea-nonprd-subnet-01",
                "name": "sg-sea-nonprd-subnet-01",
                "security_group": "/subscriptions/0da0b47d-2014-4004-8b29-2795334e34da/resourceGroups/sg-sea-nonprd-rsg-01/providers/Microsoft.Network/networkSecurityGroups/sg-sea-nonprd-netsecgrp-01"
              }
            ],
            "tags": {},
            "timeouts": null
          },
          "sensitive_attributes": [],
          "private": "eyJlMmJmYjczMC1lY2FhLTExZTYtOGY4OC0zNDM2M2JjN2M0YzAiOnsiY3JlYXRlIjoxODAwMDAwMDAwMDAwLCJkZWxldGUiOjE4MDAwMDAwMDAwMDAsInJlYWQiOjMwMDAwMDAwMDAwMCwidXBkYXRlIjoxODAwMDAwMDAwMDAwfX0=",
          "dependencies": [
            "module.general_module.azurerm_resource_group.tf-rg"
          ]
        }
      ]
    },
    {
      "module": "module.general_module",
      "mode": "managed",
      "type": "azurerm_virtual_network_peering",
      "name": "tf-vnet-peer1to2-dmgmt",
      "provider": "provider[\"registry.terraform.io/hashicorp/azurerm\"]",
      "instances": [
        {
          "schema_version": 0,
          "attributes": {
            "allow_forwarded_traffic": false,
            "allow_gateway_transit": false,
            "allow_virtual_network_access": true,
            "id": "/subscriptions/0da0b47d-2014-4004-8b29-2795334e34da/resourceGroups/sg-sea-dmgmt-rsg-01/providers/Microsoft.Network/virtualNetworks/sg-sea-dmgmt-vnet-01/virtualNetworkPeerings/sg-sea-dmgmt-peer1to2-01",
            "name": "sg-sea-dmgmt-peer1to2-01",
            "remote_virtual_network_id": "/subscriptions/0da0b47d-2014-4004-8b29-2795334e34da/resourceGroups/sg-sea-prd-rsg-01/providers/Microsoft.Network/virtualNetworks/sg-sea-prd-vnet-01",
            "resource_group_name": "sg-sea-dmgmt-rsg-01",
            "timeouts": null,
            "triggers": null,
            "use_remote_gateways": false,
            "virtual_network_name": "sg-sea-dmgmt-vnet-01"
          },
          "sensitive_attributes": [],
          "private": "eyJlMmJmYjczMC1lY2FhLTExZTYtOGY4OC0zNDM2M2JjN2M0YzAiOnsiY3JlYXRlIjoxODAwMDAwMDAwMDAwLCJkZWxldGUiOjE4MDAwMDAwMDAwMDAsInJlYWQiOjMwMDAwMDAwMDAwMCwidXBkYXRlIjoxODAwMDAwMDAwMDAwfX0=",
          "dependencies": [
            "module.general_module.azurerm_resource_group.tf-rg",
            "module.general_module.azurerm_virtual_network.tf-vnet"
          ]
        }
      ]
    },
    {
      "module": "module.general_module",
      "mode": "managed",
      "type": "azurerm_virtual_network_peering",
      "name": "tf-vnet-peer1to3-dmgmt",
      "provider": "provider[\"registry.terraform.io/hashicorp/azurerm\"]",
      "instances": [
        {
          "schema_version": 0,
          "attributes": {
            "allow_forwarded_traffic": false,
            "allow_gateway_transit": false,
            "allow_virtual_network_access": true,
            "id": "/subscriptions/0da0b47d-2014-4004-8b29-2795334e34da/resourceGroups/sg-sea-dmgmt-rsg-01/providers/Microsoft.Network/virtualNetworks/sg-sea-dmgmt-vnet-01/virtualNetworkPeerings/sg-sea-dmgmt-peer1to3-01",
            "name": "sg-sea-dmgmt-peer1to3-01",
            "remote_virtual_network_id": "/subscriptions/0da0b47d-2014-4004-8b29-2795334e34da/resourceGroups/sg-sea-nonprd-rsg-01/providers/Microsoft.Network/virtualNetworks/sg-sea-nonprd-vnet-01",
            "resource_group_name": "sg-sea-dmgmt-rsg-01",
            "timeouts": null,
            "triggers": null,
            "use_remote_gateways": false,
            "virtual_network_name": "sg-sea-dmgmt-vnet-01"
          },
          "sensitive_attributes": [],
          "private": "eyJlMmJmYjczMC1lY2FhLTExZTYtOGY4OC0zNDM2M2JjN2M0YzAiOnsiY3JlYXRlIjoxODAwMDAwMDAwMDAwLCJkZWxldGUiOjE4MDAwMDAwMDAwMDAsInJlYWQiOjMwMDAwMDAwMDAwMCwidXBkYXRlIjoxODAwMDAwMDAwMDAwfX0=",
          "dependencies": [
            "module.general_module.azurerm_resource_group.tf-rg",
            "module.general_module.azurerm_virtual_network.tf-vnet"
          ]
        }
      ]
    },
    {
      "module": "module.general_module",
      "mode": "managed",
      "type": "azurerm_virtual_network_peering",
      "name": "tf-vnet-peer2to1-dmgmt",
      "provider": "provider[\"registry.terraform.io/hashicorp/azurerm\"]",
      "instances": [
        {
          "schema_version": 0,
          "attributes": {
            "allow_forwarded_traffic": false,
            "allow_gateway_transit": false,
            "allow_virtual_network_access": true,
            "id": "/subscriptions/0da0b47d-2014-4004-8b29-2795334e34da/resourceGroups/sg-sea-prd-rsg-01/providers/Microsoft.Network/virtualNetworks/sg-sea-prd-vnet-01/virtualNetworkPeerings/sg-sea-dmgmt-peer2to1-01",
            "name": "sg-sea-dmgmt-peer2to1-01",
            "remote_virtual_network_id": "/subscriptions/0da0b47d-2014-4004-8b29-2795334e34da/resourceGroups/sg-sea-dmgmt-rsg-01/providers/Microsoft.Network/virtualNetworks/sg-sea-dmgmt-vnet-01",
            "resource_group_name": "sg-sea-prd-rsg-01",
            "timeouts": null,
            "triggers": null,
            "use_remote_gateways": false,
            "virtual_network_name": "sg-sea-prd-vnet-01"
          },
          "sensitive_attributes": [],
          "private": "eyJlMmJmYjczMC1lY2FhLTExZTYtOGY4OC0zNDM2M2JjN2M0YzAiOnsiY3JlYXRlIjoxODAwMDAwMDAwMDAwLCJkZWxldGUiOjE4MDAwMDAwMDAwMDAsInJlYWQiOjMwMDAwMDAwMDAwMCwidXBkYXRlIjoxODAwMDAwMDAwMDAwfX0=",
          "dependencies": [
            "module.general_module.azurerm_resource_group.tf-rg",
            "module.general_module.azurerm_virtual_network.tf-vnet"
          ]
        }
      ]
    },
    {
      "module": "module.general_module",
      "mode": "managed",
      "type": "azurerm_virtual_network_peering",
      "name": "tf-vnet-peer2to3-dmgmt",
      "provider": "provider[\"registry.terraform.io/hashicorp/azurerm\"]",
      "instances": [
        {
          "schema_version": 0,
          "attributes": {
            "allow_forwarded_traffic": false,
            "allow_gateway_transit": false,
            "allow_virtual_network_access": true,
            "id": "/subscriptions/0da0b47d-2014-4004-8b29-2795334e34da/resourceGroups/sg-sea-prd-rsg-01/providers/Microsoft.Network/virtualNetworks/sg-sea-prd-vnet-01/virtualNetworkPeerings/sg-sea-dmgmt-peer2to3-01",
            "name": "sg-sea-dmgmt-peer2to3-01",
            "remote_virtual_network_id": "/subscriptions/0da0b47d-2014-4004-8b29-2795334e34da/resourceGroups/sg-sea-nonprd-rsg-01/providers/Microsoft.Network/virtualNetworks/sg-sea-nonprd-vnet-01",
            "resource_group_name": "sg-sea-prd-rsg-01",
            "timeouts": null,
            "triggers": null,
            "use_remote_gateways": false,
            "virtual_network_name": "sg-sea-prd-vnet-01"
          },
          "sensitive_attributes": [],
          "private": "eyJlMmJmYjczMC1lY2FhLTExZTYtOGY4OC0zNDM2M2JjN2M0YzAiOnsiY3JlYXRlIjoxODAwMDAwMDAwMDAwLCJkZWxldGUiOjE4MDAwMDAwMDAwMDAsInJlYWQiOjMwMDAwMDAwMDAwMCwidXBkYXRlIjoxODAwMDAwMDAwMDAwfX0=",
          "dependencies": [
            "module.general_module.azurerm_resource_group.tf-rg",
            "module.general_module.azurerm_virtual_network.tf-vnet"
          ]
        }
      ]
    },
    {
      "module": "module.general_module",
      "mode": "managed",
      "type": "azurerm_virtual_network_peering",
      "name": "tf-vnet-peer3to1-dmgmt",
      "provider": "provider[\"registry.terraform.io/hashicorp/azurerm\"]",
      "instances": [
        {
          "schema_version": 0,
          "attributes": {
            "allow_forwarded_traffic": false,
            "allow_gateway_transit": false,
            "allow_virtual_network_access": true,
            "id": "/subscriptions/0da0b47d-2014-4004-8b29-2795334e34da/resourceGroups/sg-sea-nonprd-rsg-01/providers/Microsoft.Network/virtualNetworks/sg-sea-nonprd-vnet-01/virtualNetworkPeerings/sg-sea-dmgmt-peer3to1-01",
            "name": "sg-sea-dmgmt-peer3to1-01",
            "remote_virtual_network_id": "/subscriptions/0da0b47d-2014-4004-8b29-2795334e34da/resourceGroups/sg-sea-dmgmt-rsg-01/providers/Microsoft.Network/virtualNetworks/sg-sea-dmgmt-vnet-01",
            "resource_group_name": "sg-sea-nonprd-rsg-01",
            "timeouts": null,
            "triggers": null,
            "use_remote_gateways": false,
            "virtual_network_name": "sg-sea-nonprd-vnet-01"
          },
          "sensitive_attributes": [],
          "private": "eyJlMmJmYjczMC1lY2FhLTExZTYtOGY4OC0zNDM2M2JjN2M0YzAiOnsiY3JlYXRlIjoxODAwMDAwMDAwMDAwLCJkZWxldGUiOjE4MDAwMDAwMDAwMDAsInJlYWQiOjMwMDAwMDAwMDAwMCwidXBkYXRlIjoxODAwMDAwMDAwMDAwfX0=",
          "dependencies": [
            "module.general_module.azurerm_resource_group.tf-rg",
            "module.general_module.azurerm_virtual_network.tf-vnet"
          ]
        }
      ]
    },
    {
      "module": "module.general_module",
      "mode": "managed",
      "type": "azurerm_virtual_network_peering",
      "name": "tf-vnet-peer3to2-dmgmt",
      "provider": "provider[\"registry.terraform.io/hashicorp/azurerm\"]",
      "instances": [
        {
          "schema_version": 0,
          "attributes": {
            "allow_forwarded_traffic": false,
            "allow_gateway_transit": false,
            "allow_virtual_network_access": true,
            "id": "/subscriptions/0da0b47d-2014-4004-8b29-2795334e34da/resourceGroups/sg-sea-nonprd-rsg-01/providers/Microsoft.Network/virtualNetworks/sg-sea-nonprd-vnet-01/virtualNetworkPeerings/sg-sea-dmgmt-peer3to2-01",
            "name": "sg-sea-dmgmt-peer3to2-01",
            "remote_virtual_network_id": "/subscriptions/0da0b47d-2014-4004-8b29-2795334e34da/resourceGroups/sg-sea-prd-rsg-01/providers/Microsoft.Network/virtualNetworks/sg-sea-prd-vnet-01",
            "resource_group_name": "sg-sea-nonprd-rsg-01",
            "timeouts": null,
            "triggers": null,
            "use_remote_gateways": false,
            "virtual_network_name": "sg-sea-nonprd-vnet-01"
          },
          "sensitive_attributes": [],
          "private": "eyJlMmJmYjczMC1lY2FhLTExZTYtOGY4OC0zNDM2M2JjN2M0YzAiOnsiY3JlYXRlIjoxODAwMDAwMDAwMDAwLCJkZWxldGUiOjE4MDAwMDAwMDAwMDAsInJlYWQiOjMwMDAwMDAwMDAwMCwidXBkYXRlIjoxODAwMDAwMDAwMDAwfX0=",
          "dependencies": [
            "module.general_module.azurerm_resource_group.tf-rg",
            "module.general_module.azurerm_virtual_network.tf-vnet"
          ]
        }
      ]
    },
    {
      "module": "module.nonpro_module",
      "mode": "managed",
      "type": "azurerm_linux_virtual_machine",
      "name": "tf-nonprdlinux",
      "provider": "provider[\"registry.terraform.io/hashicorp/azurerm\"]",
      "instances": [
        {
          "schema_version": 0,
          "attributes": {
            "additional_capabilities": [],
            "admin_password": "123qwe!@#QWE",
            "admin_ssh_key": [],
            "admin_username": "adminuser",
            "allow_extension_operations": true,
            "availability_set_id": "",
            "boot_diagnostics": [],
            "capacity_reservation_group_id": "",
            "computer_name": "Nonprd-Linux",
            "custom_data": null,
            "dedicated_host_group_id": "",
            "dedicated_host_id": "",
            "disable_password_authentication": false,
            "edge_zone": "",
            "encryption_at_host_enabled": false,
            "eviction_policy": "",
            "extensions_time_budget": "PT1H30M",
            "gallery_application": [],
            "id": "/subscriptions/0da0b47d-2014-4004-8b29-2795334e34da/resourceGroups/sg-sea-nonprd-rsg-01/providers/Microsoft.Compute/virtualMachines/Nonprd-Linux",
            "identity": [],
            "license_type": "",
            "location": "southeastasia",
            "max_bid_price": -1,
            "name": "Nonprd-Linux",
            "network_interface_ids": [
              "/subscriptions/0da0b47d-2014-4004-8b29-2795334e34da/resourceGroups/sg-sea-nonprd-rsg-01/providers/Microsoft.Network/networkInterfaces/nonprdlinux-nic"
            ],
            "os_disk": [
              {
                "caching": "ReadWrite",
                "diff_disk_settings": [],
                "disk_encryption_set_id": "",
                "disk_size_gb": 30,
                "name": "Nonprd-Linux_disk1_c350a8a923a54a538b027a22469aadde",
                "secure_vm_disk_encryption_set_id": "",
                "security_encryption_type": "",
                "storage_account_type": "Standard_LRS",
                "write_accelerator_enabled": false
              }
            ],
            "patch_assessment_mode": "ImageDefault",
            "patch_mode": "ImageDefault",
            "plan": [],
            "platform_fault_domain": -1,
            "priority": "Regular",
            "private_ip_address": "10.80.8.4",
            "private_ip_addresses": [
              "10.80.8.4"
            ],
            "provision_vm_agent": true,
            "proximity_placement_group_id": "",
            "public_ip_address": "",
            "public_ip_addresses": [],
            "resource_group_name": "sg-sea-nonprd-rsg-01",
            "secret": [],
            "secure_boot_enabled": false,
            "size": "Standard_DS1_v2",
            "source_image_id": "",
            "source_image_reference": [
              {
                "offer": "UbuntuServer",
                "publisher": "Canonical",
                "sku": "18.04-LTS",
                "version": "latest"
              }
            ],
            "tags": {},
            "termination_notification": [],
            "timeouts": null,
            "user_data": "",
            "virtual_machine_id": "72593014-9e9d-4f98-a523-15835fc863c7",
            "virtual_machine_scale_set_id": "",
            "vtpm_enabled": false,
            "zone": ""
          },
          "sensitive_attributes": [],
          "private": "eyJlMmJmYjczMC1lY2FhLTExZTYtOGY4OC0zNDM2M2JjN2M0YzAiOnsiY3JlYXRlIjoyNzAwMDAwMDAwMDAwLCJkZWxldGUiOjI3MDAwMDAwMDAwMDAsInJlYWQiOjMwMDAwMDAwMDAwMCwidXBkYXRlIjoyNzAwMDAwMDAwMDAwfX0=",
          "dependencies": [
            "module.general_module.azurerm_consumption_budget_resource_group.tf-conbudgetrsg-dmgmt",
            "module.general_module.azurerm_monitor_action_group.tf-monitorgrp-dmgmt",
            "module.general_module.azurerm_resource_group.tf-rg",
            "module.general_module.azurerm_virtual_network.tf-vnet",
            "module.general_module.azurerm_virtual_network_peering.tf-vnet-peer1to2-dmgmt",
            "module.general_module.azurerm_virtual_network_peering.tf-vnet-peer1to3-dmgmt",
            "module.general_module.azurerm_virtual_network_peering.tf-vnet-peer2to1-dmgmt",
            "module.general_module.azurerm_virtual_network_peering.tf-vnet-peer2to3-dmgmt",
            "module.general_module.azurerm_virtual_network_peering.tf-vnet-peer3to1-dmgmt",
            "module.general_module.azurerm_virtual_network_peering.tf-vnet-peer3to2-dmgmt",
            "module.nonpro_module.azurerm_network_interface.tf-nonprdnwint",
            "module.nonpro_module.azurerm_network_security_group.tf-netsecgrp-nonprd",
            "module.nonpro_module.azurerm_subnet.tf-nonprdsubnet",
            "module.nonpro_module.azurerm_subnet_network_security_group_association.tf-netsecgrpass-nonprd"
          ]
        }
      ]
    },
    {
      "module": "module.nonpro_module",
      "mode": "managed",
      "type": "azurerm_network_interface",
      "name": "tf-nonprdnwint",
      "provider": "provider[\"registry.terraform.io/hashicorp/azurerm\"]",
      "instances": [
        {
          "schema_version": 0,
          "attributes": {
            "applied_dns_servers": [],
            "dns_servers": [],
            "edge_zone": "",
            "enable_accelerated_networking": false,
            "enable_ip_forwarding": false,
            "id": "/subscriptions/0da0b47d-2014-4004-8b29-2795334e34da/resourceGroups/sg-sea-nonprd-rsg-01/providers/Microsoft.Network/networkInterfaces/nonprdlinux-nic",
            "internal_dns_name_label": "",
            "internal_domain_name_suffix": "jtmxm2txkxnejf0pasgcykyubh.ix.internal.cloudapp.net",
            "ip_configuration": [
              {
                "gateway_load_balancer_frontend_ip_configuration_id": "",
                "name": "internal",
                "primary": true,
                "private_ip_address": "10.80.8.4",
                "private_ip_address_allocation": "Dynamic",
                "private_ip_address_version": "IPv4",
                "public_ip_address_id": "",
                "subnet_id": "/subscriptions/0da0b47d-2014-4004-8b29-2795334e34da/resourceGroups/sg-sea-nonprd-rsg-01/providers/Microsoft.Network/virtualNetworks/sg-sea-nonprd-vnet-01/subnets/sg-sea-nonprd-subnet-01"
              }
            ],
            "location": "southeastasia",
            "mac_address": "00-0D-3A-C7-9C-48",
            "name": "nonprdlinux-nic",
            "private_ip_address": "10.80.8.4",
            "private_ip_addresses": [
              "10.80.8.4"
            ],
            "resource_group_name": "sg-sea-nonprd-rsg-01",
            "tags": {},
            "timeouts": null,
            "virtual_machine_id": "/subscriptions/0da0b47d-2014-4004-8b29-2795334e34da/resourceGroups/sg-sea-nonprd-rsg-01/providers/Microsoft.Compute/virtualMachines/Nonprd-Linux"
          },
          "sensitive_attributes": [],
          "private": "eyJlMmJmYjczMC1lY2FhLTExZTYtOGY4OC0zNDM2M2JjN2M0YzAiOnsiY3JlYXRlIjoxODAwMDAwMDAwMDAwLCJkZWxldGUiOjE4MDAwMDAwMDAwMDAsInJlYWQiOjMwMDAwMDAwMDAwMCwidXBkYXRlIjoxODAwMDAwMDAwMDAwfX0=",
          "dependencies": [
            "module.general_module.azurerm_consumption_budget_resource_group.tf-conbudgetrsg-dmgmt",
            "module.general_module.azurerm_monitor_action_group.tf-monitorgrp-dmgmt",
            "module.general_module.azurerm_resource_group.tf-rg",
            "module.general_module.azurerm_virtual_network.tf-vnet",
            "module.general_module.azurerm_virtual_network_peering.tf-vnet-peer1to2-dmgmt",
            "module.general_module.azurerm_virtual_network_peering.tf-vnet-peer1to3-dmgmt",
            "module.general_module.azurerm_virtual_network_peering.tf-vnet-peer2to1-dmgmt",
            "module.general_module.azurerm_virtual_network_peering.tf-vnet-peer2to3-dmgmt",
            "module.general_module.azurerm_virtual_network_peering.tf-vnet-peer3to1-dmgmt",
            "module.general_module.azurerm_virtual_network_peering.tf-vnet-peer3to2-dmgmt",
            "module.nonpro_module.azurerm_network_security_group.tf-netsecgrp-nonprd",
            "module.nonpro_module.azurerm_subnet.tf-nonprdsubnet",
            "module.nonpro_module.azurerm_subnet_network_security_group_association.tf-netsecgrpass-nonprd"
          ]
        }
      ]
    },
    {
      "module": "module.nonpro_module",
      "mode": "managed",
      "type": "azurerm_network_security_group",
      "name": "tf-netsecgrp-nonprd",
      "provider": "provider[\"registry.terraform.io/hashicorp/azurerm\"]",
      "instances": [
        {
          "schema_version": 0,
          "attributes": {
            "id": "/subscriptions/0da0b47d-2014-4004-8b29-2795334e34da/resourceGroups/sg-sea-nonprd-rsg-01/providers/Microsoft.Network/networkSecurityGroups/sg-sea-nonprd-netsecgrp-01",
            "location": "southeastasia",
            "name": "sg-sea-nonprd-netsecgrp-01",
            "resource_group_name": "sg-sea-nonprd-rsg-01",
            "security_rule": [
              {
                "access": "Allow",
                "description": "",
                "destination_address_prefix": "*",
                "destination_address_prefixes": [],
                "destination_application_security_group_ids": [],
                "destination_port_range": "22",
                "destination_port_ranges": [],
                "direction": "Inbound",
                "name": "AllowSSH",
                "priority": 201,
                "protocol": "Tcp",
                "source_address_prefix": "*",
                "source_address_prefixes": [],
                "source_application_security_group_ids": [],
                "source_port_range": "*",
                "source_port_ranges": []
              },
              {
                "access": "Allow",
                "description": "",
                "destination_address_prefix": "*",
                "destination_address_prefixes": [],
                "destination_application_security_group_ids": [],
                "destination_port_range": "3389",
                "destination_port_ranges": [],
                "direction": "Inbound",
                "name": "AllowRDP",
                "priority": 200,
                "protocol": "Tcp",
                "source_address_prefix": "*",
                "source_address_prefixes": [],
                "source_application_security_group_ids": [],
                "source_port_range": "*",
                "source_port_ranges": []
              },
              {
                "access": "Allow",
                "description": "",
                "destination_address_prefix": "*",
                "destination_address_prefixes": [],
                "destination_application_security_group_ids": [],
                "destination_port_range": "80",
                "destination_port_ranges": [],
                "direction": "Inbound",
                "name": "AllowHTTP",
                "priority": 202,
                "protocol": "Tcp",
                "source_address_prefix": "*",
                "source_address_prefixes": [],
                "source_application_security_group_ids": [],
                "source_port_range": "*",
                "source_port_ranges": []
              }
            ],
            "tags": {},
            "timeouts": null
          },
          "sensitive_attributes": [],
          "private": "eyJlMmJmYjczMC1lY2FhLTExZTYtOGY4OC0zNDM2M2JjN2M0YzAiOnsiY3JlYXRlIjoxODAwMDAwMDAwMDAwLCJkZWxldGUiOjE4MDAwMDAwMDAwMDAsInJlYWQiOjMwMDAwMDAwMDAwMCwidXBkYXRlIjoxODAwMDAwMDAwMDAwfX0=",
          "dependencies": [
            "module.general_module.azurerm_consumption_budget_resource_group.tf-conbudgetrsg-dmgmt",
            "module.general_module.azurerm_monitor_action_group.tf-monitorgrp-dmgmt",
            "module.general_module.azurerm_resource_group.tf-rg",
            "module.general_module.azurerm_virtual_network.tf-vnet",
            "module.general_module.azurerm_virtual_network_peering.tf-vnet-peer1to2-dmgmt",
            "module.general_module.azurerm_virtual_network_peering.tf-vnet-peer1to3-dmgmt",
            "module.general_module.azurerm_virtual_network_peering.tf-vnet-peer2to1-dmgmt",
            "module.general_module.azurerm_virtual_network_peering.tf-vnet-peer2to3-dmgmt",
            "module.general_module.azurerm_virtual_network_peering.tf-vnet-peer3to1-dmgmt",
            "module.general_module.azurerm_virtual_network_peering.tf-vnet-peer3to2-dmgmt"
          ]
        }
      ]
    },
    {
      "module": "module.nonpro_module",
      "mode": "managed",
      "type": "azurerm_subnet",
      "name": "tf-nonprdsubnet",
      "provider": "provider[\"registry.terraform.io/hashicorp/azurerm\"]",
      "instances": [
        {
          "index_key": 0,
          "schema_version": 0,
          "attributes": {
            "address_prefixes": [
              "10.80.8.0/24"
            ],
            "delegation": [],
            "enforce_private_link_endpoint_network_policies": false,
            "enforce_private_link_service_network_policies": false,
            "id": "/subscriptions/0da0b47d-2014-4004-8b29-2795334e34da/resourceGroups/sg-sea-nonprd-rsg-01/providers/Microsoft.Network/virtualNetworks/sg-sea-nonprd-vnet-01/subnets/sg-sea-nonprd-subnet-01",
            "name": "sg-sea-nonprd-subnet-01",
            "private_endpoint_network_policies_enabled": true,
            "private_link_service_network_policies_enabled": true,
            "resource_group_name": "sg-sea-nonprd-rsg-01",
            "service_endpoint_policy_ids": [],
            "service_endpoints": [],
            "timeouts": null,
            "virtual_network_name": "sg-sea-nonprd-vnet-01"
          },
          "sensitive_attributes": [],
          "private": "eyJlMmJmYjczMC1lY2FhLTExZTYtOGY4OC0zNDM2M2JjN2M0YzAiOnsiY3JlYXRlIjoxODAwMDAwMDAwMDAwLCJkZWxldGUiOjE4MDAwMDAwMDAwMDAsInJlYWQiOjMwMDAwMDAwMDAwMCwidXBkYXRlIjoxODAwMDAwMDAwMDAwfX0=",
          "dependencies": [
            "module.general_module.azurerm_consumption_budget_resource_group.tf-conbudgetrsg-dmgmt",
            "module.general_module.azurerm_monitor_action_group.tf-monitorgrp-dmgmt",
            "module.general_module.azurerm_resource_group.tf-rg",
            "module.general_module.azurerm_virtual_network.tf-vnet",
            "module.general_module.azurerm_virtual_network_peering.tf-vnet-peer1to2-dmgmt",
            "module.general_module.azurerm_virtual_network_peering.tf-vnet-peer1to3-dmgmt",
            "module.general_module.azurerm_virtual_network_peering.tf-vnet-peer2to1-dmgmt",
            "module.general_module.azurerm_virtual_network_peering.tf-vnet-peer2to3-dmgmt",
            "module.general_module.azurerm_virtual_network_peering.tf-vnet-peer3to1-dmgmt",
            "module.general_module.azurerm_virtual_network_peering.tf-vnet-peer3to2-dmgmt"
          ]
        }
      ]
    },
    {
      "module": "module.nonpro_module",
      "mode": "managed",
      "type": "azurerm_subnet_network_security_group_association",
      "name": "tf-netsecgrpass-nonprd",
      "provider": "provider[\"registry.terraform.io/hashicorp/azurerm\"]",
      "instances": [
        {
          "index_key": 0,
          "schema_version": 0,
          "attributes": {
            "id": "/subscriptions/0da0b47d-2014-4004-8b29-2795334e34da/resourceGroups/sg-sea-nonprd-rsg-01/providers/Microsoft.Network/virtualNetworks/sg-sea-nonprd-vnet-01/subnets/sg-sea-nonprd-subnet-01",
            "network_security_group_id": "/subscriptions/0da0b47d-2014-4004-8b29-2795334e34da/resourceGroups/sg-sea-nonprd-rsg-01/providers/Microsoft.Network/networkSecurityGroups/sg-sea-nonprd-netsecgrp-01",
            "subnet_id": "/subscriptions/0da0b47d-2014-4004-8b29-2795334e34da/resourceGroups/sg-sea-nonprd-rsg-01/providers/Microsoft.Network/virtualNetworks/sg-sea-nonprd-vnet-01/subnets/sg-sea-nonprd-subnet-01",
            "timeouts": null
          },
          "sensitive_attributes": [],
          "private": "eyJlMmJmYjczMC1lY2FhLTExZTYtOGY4OC0zNDM2M2JjN2M0YzAiOnsiY3JlYXRlIjoxODAwMDAwMDAwMDAwLCJkZWxldGUiOjE4MDAwMDAwMDAwMDAsInJlYWQiOjMwMDAwMDAwMDAwMCwidXBkYXRlIjoxODAwMDAwMDAwMDAwfX0=",
          "dependencies": [
            "module.general_module.azurerm_consumption_budget_resource_group.tf-conbudgetrsg-dmgmt",
            "module.general_module.azurerm_monitor_action_group.tf-monitorgrp-dmgmt",
            "module.general_module.azurerm_resource_group.tf-rg",
            "module.general_module.azurerm_virtual_network.tf-vnet",
            "module.general_module.azurerm_virtual_network_peering.tf-vnet-peer1to2-dmgmt",
            "module.general_module.azurerm_virtual_network_peering.tf-vnet-peer1to3-dmgmt",
            "module.general_module.azurerm_virtual_network_peering.tf-vnet-peer2to1-dmgmt",
            "module.general_module.azurerm_virtual_network_peering.tf-vnet-peer2to3-dmgmt",
            "module.general_module.azurerm_virtual_network_peering.tf-vnet-peer3to1-dmgmt",
            "module.general_module.azurerm_virtual_network_peering.tf-vnet-peer3to2-dmgmt",
            "module.nonpro_module.azurerm_network_security_group.tf-netsecgrp-nonprd",
            "module.nonpro_module.azurerm_subnet.tf-nonprdsubnet"
          ]
        }
      ]
    },
    {
      "module": "module.prd_module",
      "mode": "managed",
      "type": "azurerm_linux_virtual_machine",
      "name": "tf-prdlinux",
      "provider": "provider[\"registry.terraform.io/hashicorp/azurerm\"]",
      "instances": [
        {
          "schema_version": 0,
          "attributes": {
            "additional_capabilities": [],
            "admin_password": "123qwe!@#QWE",
            "admin_ssh_key": [],
            "admin_username": "adminuser",
            "allow_extension_operations": true,
            "availability_set_id": "",
            "boot_diagnostics": [],
            "capacity_reservation_group_id": "",
            "computer_name": "Prd-Linux",
            "custom_data": null,
            "dedicated_host_group_id": "",
            "dedicated_host_id": "",
            "disable_password_authentication": false,
            "edge_zone": "",
            "encryption_at_host_enabled": false,
            "eviction_policy": "",
            "extensions_time_budget": "PT1H30M",
            "gallery_application": [],
            "id": "/subscriptions/0da0b47d-2014-4004-8b29-2795334e34da/resourceGroups/sg-sea-prd-rsg-01/providers/Microsoft.Compute/virtualMachines/Prd-Linux",
            "identity": [],
            "license_type": "",
            "location": "southeastasia",
            "max_bid_price": -1,
            "name": "Prd-Linux",
            "network_interface_ids": [
              "/subscriptions/0da0b47d-2014-4004-8b29-2795334e34da/resourceGroups/sg-sea-prd-rsg-01/providers/Microsoft.Network/networkInterfaces/prdlinux-nic"
            ],
            "os_disk": [
              {
                "caching": "ReadWrite",
                "diff_disk_settings": [],
                "disk_encryption_set_id": "",
                "disk_size_gb": 30,
                "name": "Prd-Linux_OsDisk_1_03a5caeab94c4feeb5fd903541512d54",
                "secure_vm_disk_encryption_set_id": "",
                "security_encryption_type": "",
                "storage_account_type": "Standard_LRS",
                "write_accelerator_enabled": false
              }
            ],
            "patch_assessment_mode": "ImageDefault",
            "patch_mode": "ImageDefault",
            "plan": [],
            "platform_fault_domain": -1,
            "priority": "Regular",
            "private_ip_address": "10.80.4.4",
            "private_ip_addresses": [
              "10.80.4.4"
            ],
            "provision_vm_agent": true,
            "proximity_placement_group_id": "",
            "public_ip_address": "",
            "public_ip_addresses": [],
            "resource_group_name": "sg-sea-prd-rsg-01",
            "secret": [],
            "secure_boot_enabled": false,
            "size": "Standard_DS1_v2",
            "source_image_id": "",
            "source_image_reference": [
              {
                "offer": "UbuntuServer",
                "publisher": "Canonical",
                "sku": "18.04-LTS",
                "version": "latest"
              }
            ],
            "tags": {},
            "termination_notification": [],
            "timeouts": null,
            "user_data": "",
            "virtual_machine_id": "122d2786-c436-44ec-b9fe-a9724660f08f",
            "virtual_machine_scale_set_id": "",
            "vtpm_enabled": false,
            "zone": ""
          },
          "sensitive_attributes": [],
          "private": "eyJlMmJmYjczMC1lY2FhLTExZTYtOGY4OC0zNDM2M2JjN2M0YzAiOnsiY3JlYXRlIjoyNzAwMDAwMDAwMDAwLCJkZWxldGUiOjI3MDAwMDAwMDAwMDAsInJlYWQiOjMwMDAwMDAwMDAwMCwidXBkYXRlIjoyNzAwMDAwMDAwMDAwfX0=",
          "dependencies": [
            "module.general_module.azurerm_consumption_budget_resource_group.tf-conbudgetrsg-dmgmt",
            "module.general_module.azurerm_monitor_action_group.tf-monitorgrp-dmgmt",
            "module.general_module.azurerm_resource_group.tf-rg",
            "module.general_module.azurerm_virtual_network.tf-vnet",
            "module.general_module.azurerm_virtual_network_peering.tf-vnet-peer1to2-dmgmt",
            "module.general_module.azurerm_virtual_network_peering.tf-vnet-peer1to3-dmgmt",
            "module.general_module.azurerm_virtual_network_peering.tf-vnet-peer2to1-dmgmt",
            "module.general_module.azurerm_virtual_network_peering.tf-vnet-peer2to3-dmgmt",
            "module.general_module.azurerm_virtual_network_peering.tf-vnet-peer3to1-dmgmt",
            "module.general_module.azurerm_virtual_network_peering.tf-vnet-peer3to2-dmgmt",
            "module.prd_module.azurerm_network_interface.tf-prdnwint",
            "module.prd_module.azurerm_network_security_group.tf-netsecgrp-prd",
            "module.prd_module.azurerm_subnet.tf-prdsubnet",
            "module.prd_module.azurerm_subnet_network_security_group_association.tf-netsecgrpass-prd"
          ]
        }
      ]
    },
    {
      "module": "module.prd_module",
      "mode": "managed",
      "type": "azurerm_network_interface",
      "name": "tf-prdnwint",
      "provider": "provider[\"registry.terraform.io/hashicorp/azurerm\"]",
      "instances": [
        {
          "schema_version": 0,
          "attributes": {
            "applied_dns_servers": [],
            "dns_servers": [],
            "edge_zone": "",
            "enable_accelerated_networking": false,
            "enable_ip_forwarding": false,
            "id": "/subscriptions/0da0b47d-2014-4004-8b29-2795334e34da/resourceGroups/sg-sea-prd-rsg-01/providers/Microsoft.Network/networkInterfaces/prdlinux-nic",
            "internal_dns_name_label": "",
            "internal_domain_name_suffix": "lxzyid5or4bezltcb22d4a5c1b.ix.internal.cloudapp.net",
            "ip_configuration": [
              {
                "gateway_load_balancer_frontend_ip_configuration_id": "",
                "name": "internal",
                "primary": true,
                "private_ip_address": "10.80.4.4",
                "private_ip_address_allocation": "Dynamic",
                "private_ip_address_version": "IPv4",
                "public_ip_address_id": "",
                "subnet_id": "/subscriptions/0da0b47d-2014-4004-8b29-2795334e34da/resourceGroups/sg-sea-prd-rsg-01/providers/Microsoft.Network/virtualNetworks/sg-sea-prd-vnet-01/subnets/sg-sea-prd-subnet-01"
              }
            ],
            "location": "southeastasia",
            "mac_address": "00-22-48-56-BD-38",
            "name": "prdlinux-nic",
            "private_ip_address": "10.80.4.4",
            "private_ip_addresses": [
              "10.80.4.4"
            ],
            "resource_group_name": "sg-sea-prd-rsg-01",
            "tags": {},
            "timeouts": null,
            "virtual_machine_id": "/subscriptions/0da0b47d-2014-4004-8b29-2795334e34da/resourceGroups/sg-sea-prd-rsg-01/providers/Microsoft.Compute/virtualMachines/Prd-Linux"
          },
          "sensitive_attributes": [],
          "private": "eyJlMmJmYjczMC1lY2FhLTExZTYtOGY4OC0zNDM2M2JjN2M0YzAiOnsiY3JlYXRlIjoxODAwMDAwMDAwMDAwLCJkZWxldGUiOjE4MDAwMDAwMDAwMDAsInJlYWQiOjMwMDAwMDAwMDAwMCwidXBkYXRlIjoxODAwMDAwMDAwMDAwfX0=",
          "dependencies": [
            "module.general_module.azurerm_consumption_budget_resource_group.tf-conbudgetrsg-dmgmt",
            "module.general_module.azurerm_monitor_action_group.tf-monitorgrp-dmgmt",
            "module.general_module.azurerm_resource_group.tf-rg",
            "module.general_module.azurerm_virtual_network.tf-vnet",
            "module.general_module.azurerm_virtual_network_peering.tf-vnet-peer1to2-dmgmt",
            "module.general_module.azurerm_virtual_network_peering.tf-vnet-peer1to3-dmgmt",
            "module.general_module.azurerm_virtual_network_peering.tf-vnet-peer2to1-dmgmt",
            "module.general_module.azurerm_virtual_network_peering.tf-vnet-peer2to3-dmgmt",
            "module.general_module.azurerm_virtual_network_peering.tf-vnet-peer3to1-dmgmt",
            "module.general_module.azurerm_virtual_network_peering.tf-vnet-peer3to2-dmgmt",
            "module.prd_module.azurerm_network_security_group.tf-netsecgrp-prd",
            "module.prd_module.azurerm_subnet.tf-prdsubnet",
            "module.prd_module.azurerm_subnet_network_security_group_association.tf-netsecgrpass-prd"
          ]
        }
      ]
    },
    {
      "module": "module.prd_module",
      "mode": "managed",
      "type": "azurerm_network_security_group",
      "name": "tf-netsecgrp-prd",
      "provider": "provider[\"registry.terraform.io/hashicorp/azurerm\"]",
      "instances": [
        {
          "schema_version": 0,
          "attributes": {
            "id": "/subscriptions/0da0b47d-2014-4004-8b29-2795334e34da/resourceGroups/sg-sea-prd-rsg-01/providers/Microsoft.Network/networkSecurityGroups/sg-sea-prd-netsecgrp-01",
            "location": "southeastasia",
            "name": "sg-sea-prd-netsecgrp-01",
            "resource_group_name": "sg-sea-prd-rsg-01",
            "security_rule": [
              {
                "access": "Allow",
                "description": "",
                "destination_address_prefix": "*",
                "destination_address_prefixes": [],
                "destination_application_security_group_ids": [],
                "destination_port_range": "22",
                "destination_port_ranges": [],
                "direction": "Inbound",
                "name": "AllowSSH",
                "priority": 201,
                "protocol": "Tcp",
                "source_address_prefix": "*",
                "source_address_prefixes": [],
                "source_application_security_group_ids": [],
                "source_port_range": "*",
                "source_port_ranges": []
              },
              {
                "access": "Allow",
                "description": "",
                "destination_address_prefix": "*",
                "destination_address_prefixes": [],
                "destination_application_security_group_ids": [],
                "destination_port_range": "3389",
                "destination_port_ranges": [],
                "direction": "Inbound",
                "name": "AllowRDP",
                "priority": 200,
                "protocol": "Tcp",
                "source_address_prefix": "*",
                "source_address_prefixes": [],
                "source_application_security_group_ids": [],
                "source_port_range": "*",
                "source_port_ranges": []
              },
              {
                "access": "Allow",
                "description": "",
                "destination_address_prefix": "*",
                "destination_address_prefixes": [],
                "destination_application_security_group_ids": [],
                "destination_port_range": "80",
                "destination_port_ranges": [],
                "direction": "Inbound",
                "name": "AllowHTTP",
                "priority": 202,
                "protocol": "Tcp",
                "source_address_prefix": "*",
                "source_address_prefixes": [],
                "source_application_security_group_ids": [],
                "source_port_range": "*",
                "source_port_ranges": []
              }
            ],
            "tags": {},
            "timeouts": null
          },
          "sensitive_attributes": [],
          "private": "eyJlMmJmYjczMC1lY2FhLTExZTYtOGY4OC0zNDM2M2JjN2M0YzAiOnsiY3JlYXRlIjoxODAwMDAwMDAwMDAwLCJkZWxldGUiOjE4MDAwMDAwMDAwMDAsInJlYWQiOjMwMDAwMDAwMDAwMCwidXBkYXRlIjoxODAwMDAwMDAwMDAwfX0=",
          "dependencies": [
            "module.general_module.azurerm_consumption_budget_resource_group.tf-conbudgetrsg-dmgmt",
            "module.general_module.azurerm_monitor_action_group.tf-monitorgrp-dmgmt",
            "module.general_module.azurerm_resource_group.tf-rg",
            "module.general_module.azurerm_virtual_network.tf-vnet",
            "module.general_module.azurerm_virtual_network_peering.tf-vnet-peer1to2-dmgmt",
            "module.general_module.azurerm_virtual_network_peering.tf-vnet-peer1to3-dmgmt",
            "module.general_module.azurerm_virtual_network_peering.tf-vnet-peer2to1-dmgmt",
            "module.general_module.azurerm_virtual_network_peering.tf-vnet-peer2to3-dmgmt",
            "module.general_module.azurerm_virtual_network_peering.tf-vnet-peer3to1-dmgmt",
            "module.general_module.azurerm_virtual_network_peering.tf-vnet-peer3to2-dmgmt"
          ]
        }
      ]
    },
    {
      "module": "module.prd_module",
      "mode": "managed",
      "type": "azurerm_subnet",
      "name": "tf-prdsubnet",
      "provider": "provider[\"registry.terraform.io/hashicorp/azurerm\"]",
      "instances": [
        {
          "index_key": 0,
          "schema_version": 0,
          "attributes": {
            "address_prefixes": [
              "10.80.4.0/24"
            ],
            "delegation": [],
            "enforce_private_link_endpoint_network_policies": false,
            "enforce_private_link_service_network_policies": false,
            "id": "/subscriptions/0da0b47d-2014-4004-8b29-2795334e34da/resourceGroups/sg-sea-prd-rsg-01/providers/Microsoft.Network/virtualNetworks/sg-sea-prd-vnet-01/subnets/sg-sea-prd-subnet-01",
            "name": "sg-sea-prd-subnet-01",
            "private_endpoint_network_policies_enabled": true,
            "private_link_service_network_policies_enabled": true,
            "resource_group_name": "sg-sea-prd-rsg-01",
            "service_endpoint_policy_ids": [],
            "service_endpoints": [],
            "timeouts": null,
            "virtual_network_name": "sg-sea-prd-vnet-01"
          },
          "sensitive_attributes": [],
          "private": "eyJlMmJmYjczMC1lY2FhLTExZTYtOGY4OC0zNDM2M2JjN2M0YzAiOnsiY3JlYXRlIjoxODAwMDAwMDAwMDAwLCJkZWxldGUiOjE4MDAwMDAwMDAwMDAsInJlYWQiOjMwMDAwMDAwMDAwMCwidXBkYXRlIjoxODAwMDAwMDAwMDAwfX0=",
          "dependencies": [
            "module.general_module.azurerm_consumption_budget_resource_group.tf-conbudgetrsg-dmgmt",
            "module.general_module.azurerm_monitor_action_group.tf-monitorgrp-dmgmt",
            "module.general_module.azurerm_resource_group.tf-rg",
            "module.general_module.azurerm_virtual_network.tf-vnet",
            "module.general_module.azurerm_virtual_network_peering.tf-vnet-peer1to2-dmgmt",
            "module.general_module.azurerm_virtual_network_peering.tf-vnet-peer1to3-dmgmt",
            "module.general_module.azurerm_virtual_network_peering.tf-vnet-peer2to1-dmgmt",
            "module.general_module.azurerm_virtual_network_peering.tf-vnet-peer2to3-dmgmt",
            "module.general_module.azurerm_virtual_network_peering.tf-vnet-peer3to1-dmgmt",
            "module.general_module.azurerm_virtual_network_peering.tf-vnet-peer3to2-dmgmt"
          ]
        }
      ]
    },
    {
      "module": "module.prd_module",
      "mode": "managed",
      "type": "azurerm_subnet_network_security_group_association",
      "name": "tf-netsecgrpass-prd",
      "provider": "provider[\"registry.terraform.io/hashicorp/azurerm\"]",
      "instances": [
        {
          "index_key": 0,
          "schema_version": 0,
          "attributes": {
            "id": "/subscriptions/0da0b47d-2014-4004-8b29-2795334e34da/resourceGroups/sg-sea-prd-rsg-01/providers/Microsoft.Network/virtualNetworks/sg-sea-prd-vnet-01/subnets/sg-sea-prd-subnet-01",
            "network_security_group_id": "/subscriptions/0da0b47d-2014-4004-8b29-2795334e34da/resourceGroups/sg-sea-prd-rsg-01/providers/Microsoft.Network/networkSecurityGroups/sg-sea-prd-netsecgrp-01",
            "subnet_id": "/subscriptions/0da0b47d-2014-4004-8b29-2795334e34da/resourceGroups/sg-sea-prd-rsg-01/providers/Microsoft.Network/virtualNetworks/sg-sea-prd-vnet-01/subnets/sg-sea-prd-subnet-01",
            "timeouts": null
          },
          "sensitive_attributes": [],
          "private": "eyJlMmJmYjczMC1lY2FhLTExZTYtOGY4OC0zNDM2M2JjN2M0YzAiOnsiY3JlYXRlIjoxODAwMDAwMDAwMDAwLCJkZWxldGUiOjE4MDAwMDAwMDAwMDAsInJlYWQiOjMwMDAwMDAwMDAwMCwidXBkYXRlIjoxODAwMDAwMDAwMDAwfX0=",
          "dependencies": [
            "module.general_module.azurerm_consumption_budget_resource_group.tf-conbudgetrsg-dmgmt",
            "module.general_module.azurerm_monitor_action_group.tf-monitorgrp-dmgmt",
            "module.general_module.azurerm_resource_group.tf-rg",
            "module.general_module.azurerm_virtual_network.tf-vnet",
            "module.general_module.azurerm_virtual_network_peering.tf-vnet-peer1to2-dmgmt",
            "module.general_module.azurerm_virtual_network_peering.tf-vnet-peer1to3-dmgmt",
            "module.general_module.azurerm_virtual_network_peering.tf-vnet-peer2to1-dmgmt",
            "module.general_module.azurerm_virtual_network_peering.tf-vnet-peer2to3-dmgmt",
            "module.general_module.azurerm_virtual_network_peering.tf-vnet-peer3to1-dmgmt",
            "module.general_module.azurerm_virtual_network_peering.tf-vnet-peer3to2-dmgmt",
            "module.prd_module.azurerm_network_security_group.tf-netsecgrp-prd",
            "module.prd_module.azurerm_subnet.tf-prdsubnet"
          ]
        }
      ]
    }
  ],
  "check_results": null
}
