{
  "version": 4,
  "terraform_version": "1.3.9",
  "serial": 294,
  "lineage": "ed1e1ee9-a655-2cd4-cf31-2b2d86c3a860",
  "outputs": {
    "availabilityset-output": {
      "value": "availabilityset file",
      "type": "string"
    },
    "bastion_output": {
      "value": "Bastion file",
      "type": "string"
    },
    "customscript_output": {
      "value": "Customscript file",
      "type": "string"
    },
    "keyvalue_output": {
      "value": "keyvalue file",
      "type": "string"
    },
    "linuxvm_file": {
      "value": "Linux virtual machine output",
      "type": "string"
    },
    "linuxvm_ip": {
      "value": [
        "4.193.60.203"
      ],
      "type": [
        "tuple",
        [
          "string"
        ]
      ]
    },
    "main_file": {
      "value": "main file",
      "type": "string"
    },
    "network_file": {
      "value": "network file",
      "type": "string"
    },
    "virtualmachine_file": {
      "value": [
        "4.193.141.15"
      ],
      "type": [
        "tuple",
        [
          "string"
        ]
      ]
    }
  },
  "resources": [
    {
      "mode": "data",
      "type": "azurerm_client_config",
      "name": "current",
      "provider": "provider[\"registry.terraform.io/hashicorp/azurerm\"]",
      "instances": [
        {
          "schema_version": 0,
          "attributes": {
            "client_id": "f8587ba8-3128-4b2c-862a-7521de3ec366",
            "id": "Y2xpZW50Q29uZmlncy9jbGllbnRJZD1mODU4N2JhOC0zMTI4LTRiMmMtODYyYS03NTIxZGUzZWMzNjY7b2JqZWN0SWQ9N2NkZmZiYjktZTUwYS00ZTQ0LWE3OTctOTg0NGM2MWY4ZThlO3N1YnNjcmlwdGlvbklkPWY5YTkyZDE1LTM0YjctNDY2NS1iMWQxLTM5ZTFhMzljMWQxNTt0ZW5hbnRJZD1lMjNmNDlmOS1mYzViLTQ2ZWQtYjVlNi02NjA2ZTI5ZTBiMTQ=",
            "object_id": "7cdffbb9-e50a-4e44-a797-9844c61f8e8e",
            "subscription_id": "f9a92d15-34b7-4665-b1d1-39e1a39c1d15",
            "tenant_id": "e23f49f9-fc5b-46ed-b5e6-6606e29e0b14",
            "timeouts": null
          },
          "sensitive_attributes": []
        }
      ]
    },
    {
      "mode": "data",
      "type": "template_file",
      "name": "tf-cloudinit",
      "provider": "provider[\"registry.terraform.io/hashicorp/template\"]",
      "instances": [
        {
          "schema_version": 0,
          "attributes": {
            "filename": null,
            "id": "8162e416ded05ac9d092d03f721aed9d5ee5896266cadc3d0ff3655071cbed88",
            "rendered": "#cloud-config\npackage_upgrade: true\npackages:\n  - nginx\nruncmd:\n  - cd /var/www\n  - sudo chmod 757 html",
            "template": "#cloud-config\npackage_upgrade: true\npackages:\n  - nginx\nruncmd:\n  - cd /var/www\n  - sudo chmod 757 html",
            "vars": null
          },
          "sensitive_attributes": []
        }
      ]
    },
    {
      "mode": "managed",
      "type": "azurerm_availability_set",
      "name": "tf-aset",
      "provider": "provider[\"registry.terraform.io/hashicorp/azurerm\"]",
      "instances": [
        {
          "schema_version": 0,
          "attributes": {
            "id": "/subscriptions/f9a92d15-34b7-4665-b1d1-39e1a39c1d15/resourceGroups/tf-rg/providers/Microsoft.Compute/availabilitySets/tfaset",
            "location": "southeastasia",
            "managed": true,
            "name": "tfaset",
            "platform_fault_domain_count": 1,
            "platform_update_domain_count": 1,
            "proximity_placement_group_id": null,
            "resource_group_name": "tf-rg",
            "tags": {
              "environment": "Production"
            },
            "timeouts": null
          },
          "sensitive_attributes": [],
          "private": "eyJlMmJmYjczMC1lY2FhLTExZTYtOGY4OC0zNDM2M2JjN2M0YzAiOnsiY3JlYXRlIjoxODAwMDAwMDAwMDAwLCJkZWxldGUiOjE4MDAwMDAwMDAwMDAsInJlYWQiOjMwMDAwMDAwMDAwMCwidXBkYXRlIjoxODAwMDAwMDAwMDAwfX0=",
          "dependencies": [
            "azurerm_resource_group.tf-rg"
          ]
        }
      ]
    },
    {
      "mode": "managed",
      "type": "azurerm_bastion_host",
      "name": "tf-bashost",
      "provider": "provider[\"registry.terraform.io/hashicorp/azurerm\"]",
      "instances": [
        {
          "schema_version": 0,
          "attributes": {
            "copy_paste_enabled": true,
            "dns_name": "bst-77b480a9-b245-437c-8b3f-5eed7052fc56.bastion.azure.com",
            "file_copy_enabled": false,
            "id": "/subscriptions/f9a92d15-34b7-4665-b1d1-39e1a39c1d15/resourceGroups/tf-rg/providers/Microsoft.Network/bastionHosts/tfbashost",
            "ip_configuration": [
              {
                "name": "ipbasconf",
                "public_ip_address_id": "/subscriptions/f9a92d15-34b7-4665-b1d1-39e1a39c1d15/resourceGroups/tf-rg/providers/Microsoft.Network/publicIPAddresses/tfbaspubip",
                "subnet_id": "/subscriptions/f9a92d15-34b7-4665-b1d1-39e1a39c1d15/resourceGroups/tf-rg/providers/Microsoft.Network/virtualNetworks/tfvirnet/subnets/AzureBastionSubnet"
              }
            ],
            "ip_connect_enabled": false,
            "location": "southeastasia",
            "name": "tfbashost",
            "resource_group_name": "tf-rg",
            "scale_units": 2,
            "shareable_link_enabled": false,
            "sku": "Basic",
            "tags": {},
            "timeouts": null,
            "tunneling_enabled": false
          },
          "sensitive_attributes": [],
          "private": "eyJlMmJmYjczMC1lY2FhLTExZTYtOGY4OC0zNDM2M2JjN2M0YzAiOnsiY3JlYXRlIjoxODAwMDAwMDAwMDAwLCJkZWxldGUiOjE4MDAwMDAwMDAwMDAsInJlYWQiOjMwMDAwMDAwMDAwMCwidXBkYXRlIjoxODAwMDAwMDAwMDAwfX0=",
          "dependencies": [
            "azurerm_public_ip.tf-baspubip",
            "azurerm_resource_group.tf-rg",
            "azurerm_subnet.tf-bassub",
            "azurerm_virtual_network.tf-virnet"
          ]
        }
      ]
    },
    {
      "mode": "managed",
      "type": "azurerm_key_vault",
      "name": "tf-keyvault",
      "provider": "provider[\"registry.terraform.io/hashicorp/azurerm\"]",
      "instances": [
        {
          "schema_version": 2,
          "attributes": {
            "access_policy": [
              {
                "application_id": "",
                "certificate_permissions": [],
                "key_permissions": [
                  "Get",
                  "Delete",
                  "Purge",
                  "Create"
                ],
                "object_id": "7cdffbb9-e50a-4e44-a797-9844c61f8e8e",
                "secret_permissions": [
                  "Get",
                  "Set",
                  "Delete",
                  "Purge"
                ],
                "storage_permissions": [],
                "tenant_id": "e23f49f9-fc5b-46ed-b5e6-6606e29e0b14"
              }
            ],
            "contact": [],
            "enable_rbac_authorization": false,
            "enabled_for_deployment": false,
            "enabled_for_disk_encryption": true,
            "enabled_for_template_deployment": false,
            "id": "/subscriptions/f9a92d15-34b7-4665-b1d1-39e1a39c1d15/resourceGroups/tf-rg/providers/Microsoft.KeyVault/vaults/tfkeyvaultbythinhphung",
            "location": "southeastasia",
            "name": "tfkeyvaultbythinhphung",
            "network_acls": [
              {
                "bypass": "AzureServices",
                "default_action": "Allow",
                "ip_rules": [],
                "virtual_network_subnet_ids": []
              }
            ],
            "public_network_access_enabled": true,
            "purge_protection_enabled": false,
            "resource_group_name": "tf-rg",
            "sku_name": "standard",
            "soft_delete_retention_days": 7,
            "tags": {},
            "tenant_id": "e23f49f9-fc5b-46ed-b5e6-6606e29e0b14",
            "timeouts": null,
            "vault_uri": "https://tfkeyvaultbythinhphung.vault.azure.net/"
          },
          "sensitive_attributes": [],
          "private": "eyJlMmJmYjczMC1lY2FhLTExZTYtOGY4OC0zNDM2M2JjN2M0YzAiOnsiY3JlYXRlIjoxODAwMDAwMDAwMDAwLCJkZWxldGUiOjE4MDAwMDAwMDAwMDAsInJlYWQiOjMwMDAwMDAwMDAwMCwidXBkYXRlIjoxODAwMDAwMDAwMDAwfSwic2NoZW1hX3ZlcnNpb24iOiIyIn0=",
          "dependencies": [
            "data.azurerm_client_config.current"
          ]
        }
      ]
    },
    {
      "mode": "managed",
      "type": "azurerm_key_vault_secret",
      "name": "tf-keyvaultsec",
      "provider": "provider[\"registry.terraform.io/hashicorp/azurerm\"]",
      "instances": [
        {
          "schema_version": 0,
          "attributes": {
            "content_type": "",
            "expiration_date": null,
            "id": "https://tfkeyvaultbythinhphung.vault.azure.net/secrets/tfkeyvaultsecthinhphung1/703e8c49973e4ab3928130fce01299e0",
            "key_vault_id": "/subscriptions/f9a92d15-34b7-4665-b1d1-39e1a39c1d15/resourceGroups/tf-rg/providers/Microsoft.KeyVault/vaults/tfkeyvaultbythinhphung",
            "name": "tfkeyvaultsecthinhphung1",
            "not_before_date": null,
            "resource_id": "/subscriptions/f9a92d15-34b7-4665-b1d1-39e1a39c1d15/resourceGroups/tf-rg/providers/Microsoft.KeyVault/vaults/tfkeyvaultbythinhphung/secrets/tfkeyvaultsecthinhphung1/versions/703e8c49973e4ab3928130fce01299e0",
            "resource_versionless_id": "/subscriptions/f9a92d15-34b7-4665-b1d1-39e1a39c1d15/resourceGroups/tf-rg/providers/Microsoft.KeyVault/vaults/tfkeyvaultbythinhphung/secrets/tfkeyvaultsecthinhphung1",
            "tags": {},
            "timeouts": null,
            "value": "123qwe!@#QWE",
            "version": "703e8c49973e4ab3928130fce01299e0",
            "versionless_id": "https://tfkeyvaultbythinhphung.vault.azure.net/secrets/tfkeyvaultsecthinhphung1"
          },
          "sensitive_attributes": [],
          "private": "eyJlMmJmYjczMC1lY2FhLTExZTYtOGY4OC0zNDM2M2JjN2M0YzAiOnsiY3JlYXRlIjoxODAwMDAwMDAwMDAwLCJkZWxldGUiOjE4MDAwMDAwMDAwMDAsInJlYWQiOjE4MDAwMDAwMDAwMDAsInVwZGF0ZSI6MTgwMDAwMDAwMDAwMH19",
          "dependencies": [
            "azurerm_key_vault.tf-keyvault",
            "data.azurerm_client_config.current"
          ]
        }
      ]
    },
    {
      "mode": "managed",
      "type": "azurerm_linux_virtual_machine",
      "name": "tf-linuxvm",
      "provider": "provider[\"registry.terraform.io/hashicorp/azurerm\"]",
      "instances": [
        {
          "index_key": 0,
          "schema_version": 0,
          "attributes": {
            "additional_capabilities": [],
            "admin_password": null,
            "admin_ssh_key": [
              {
                "public_key": "ssh-rsa AAAAB3NzaC1yc2EAAAADAQABAAABAQDKYzBKdrpWqLXbsg6a2J+bCuwOpY1A/Pp80k9j04aU1UTpAmUmS/D9W8vPY+hefj7NctbrlukBZeZ05Yk6CAhFRdEpvYZm+a0TWdeaObcqKrs3Go+laHOE09kOb/xmtDRwPsA1MW5lH5aAhcaY1IrAyhdu8CkH5PUv43dlbwm/kLFIvuy/ptXWgNA34nY22VzenkUmFMWgME4KEDSXc7blbDPlkGfCVqI6BZlGBZ5gCUCibHvNR5rtQDuOSb/Sc3vht0uMpzwbraDDgZGtKzdlJucyBMymwXXIg1f4rhDQGWlkncMmXHG+KhUO/eJ9iJkV12vYjKi0v3mjURlX5Dtx\n",
                "username": "adminuser"
              }
            ],
            "admin_username": "adminuser",
            "allow_extension_operations": true,
            "availability_set_id": "",
            "boot_diagnostics": [],
            "capacity_reservation_group_id": "",
            "computer_name": "tf-linuxU18-0",
            "custom_data": "I2Nsb3VkLWNvbmZpZwpwYWNrYWdlX3VwZ3JhZGU6IHRydWUKcGFja2FnZXM6CiAgLSBuZ2lueApydW5jbWQ6CiAgLSBjZCAvdmFyL3d3dwogIC0gc3VkbyBjaG1vZCA3NTcgaHRtbA==",
            "dedicated_host_group_id": "",
            "dedicated_host_id": "",
            "disable_password_authentication": true,
            "edge_zone": "",
            "encryption_at_host_enabled": false,
            "eviction_policy": "",
            "extensions_time_budget": "PT1H30M",
            "gallery_application": [],
            "id": "/subscriptions/f9a92d15-34b7-4665-b1d1-39e1a39c1d15/resourceGroups/tf-rg/providers/Microsoft.Compute/virtualMachines/tf-linuxU18-0",
            "identity": [],
            "license_type": "",
            "location": "southeastasia",
            "max_bid_price": -1,
            "name": "tf-linuxU18-0",
            "network_interface_ids": [
              "/subscriptions/f9a92d15-34b7-4665-b1d1-39e1a39c1d15/resourceGroups/tf-rg/providers/Microsoft.Network/networkInterfaces/tflinuxnwinterface0"
            ],
            "os_disk": [
              {
                "caching": "ReadWrite",
                "diff_disk_settings": [],
                "disk_encryption_set_id": "",
                "disk_size_gb": 30,
                "name": "tf-linuxU18-0_OsDisk_1_35b5603bffd1464bae88ffe8f0424956",
                "secure_vm_disk_encryption_set_id": "",
                "security_encryption_type": "",
                "storage_account_type": "Standard_LRS",
                "write_accelerator_enabled": false
              }
            ],
            "patch_assessment_mode": "ImageDefault",
            "patch_mode": "ImageDefault",
            "plan": [],
            "platform_fault_domain": -1,
            "priority": "Regular",
            "private_ip_address": "10.0.0.5",
            "private_ip_addresses": [
              "10.0.0.5"
            ],
            "provision_vm_agent": true,
            "proximity_placement_group_id": "",
            "public_ip_address": "4.193.60.203",
            "public_ip_addresses": [
              "4.193.60.203"
            ],
            "resource_group_name": "tf-rg",
            "secret": [],
            "secure_boot_enabled": false,
            "size": "Standard_D2a_v4",
            "source_image_id": "",
            "source_image_reference": [
              {
                "offer": "UbuntuServer",
                "publisher": "Canonical",
                "sku": "18.04-LTS",
                "version": "latest"
              }
            ],
            "tags": {},
            "termination_notification": [],
            "timeouts": null,
            "user_data": "",
            "virtual_machine_id": "c2967114-1fea-45e1-a02a-02745ce59756",
            "virtual_machine_scale_set_id": "",
            "vtpm_enabled": false,
            "zone": ""
          },
          "sensitive_attributes": [],
          "private": "eyJlMmJmYjczMC1lY2FhLTExZTYtOGY4OC0zNDM2M2JjN2M0YzAiOnsiY3JlYXRlIjoyNzAwMDAwMDAwMDAwLCJkZWxldGUiOjI3MDAwMDAwMDAwMDAsInJlYWQiOjMwMDAwMDAwMDAwMCwidXBkYXRlIjoyNzAwMDAwMDAwMDAwfX0=",
          "dependencies": [
            "azurerm_key_vault.tf-keyvault",
            "azurerm_key_vault_secret.tf-keyvaultsec",
            "azurerm_network_interface.tf-linuxnwinterface",
            "azurerm_network_interface.tf-nwinterface",
            "azurerm_public_ip.tf-linuxpublicip",
            "azurerm_public_ip.tf-publicip",
            "azurerm_resource_group.tf-rg",
            "azurerm_subnet.tf-subnet",
            "azurerm_virtual_network.tf-virnet",
            "data.azurerm_client_config.current",
            "data.template_file.tf-cloudinit",
            "tls_private_key.tf-linuxkey"
          ]
        }
      ]
    },
    {
      "mode": "managed",
      "type": "azurerm_network_interface",
      "name": "tf-linuxnwinterface",
      "provider": "provider[\"registry.terraform.io/hashicorp/azurerm\"]",
      "instances": [
        {
          "index_key": 0,
          "schema_version": 0,
          "attributes": {
            "applied_dns_servers": [],
            "dns_servers": [],
            "edge_zone": "",
            "enable_accelerated_networking": false,
            "enable_ip_forwarding": false,
            "id": "/subscriptions/f9a92d15-34b7-4665-b1d1-39e1a39c1d15/resourceGroups/tf-rg/providers/Microsoft.Network/networkInterfaces/tflinuxnwinterface0",
            "internal_dns_name_label": "",
            "internal_domain_name_suffix": "cysxzo5qjpmedgezusqtb0zs0a.ix.internal.cloudapp.net",
            "ip_configuration": [
              {
                "gateway_load_balancer_frontend_ip_configuration_id": "",
                "name": "internal0",
                "primary": true,
                "private_ip_address": "10.0.0.5",
                "private_ip_address_allocation": "Dynamic",
                "private_ip_address_version": "IPv4",
                "public_ip_address_id": "/subscriptions/f9a92d15-34b7-4665-b1d1-39e1a39c1d15/resourceGroups/tf-rg/providers/Microsoft.Network/publicIPAddresses/tflinuxpublicip0",
                "subnet_id": "/subscriptions/f9a92d15-34b7-4665-b1d1-39e1a39c1d15/resourceGroups/tf-rg/providers/Microsoft.Network/virtualNetworks/tfvirnet/subnets/tfsubnet-0"
              }
            ],
            "location": "southeastasia",
            "mac_address": "00-22-48-58-BB-8D",
            "name": "tflinuxnwinterface0",
            "private_ip_address": "10.0.0.5",
            "private_ip_addresses": [
              "10.0.0.5"
            ],
            "resource_group_name": "tf-rg",
            "tags": {},
            "timeouts": null,
            "virtual_machine_id": "/subscriptions/f9a92d15-34b7-4665-b1d1-39e1a39c1d15/resourceGroups/tf-rg/providers/Microsoft.Compute/virtualMachines/tf-linuxU18-0"
          },
          "sensitive_attributes": [],
          "private": "eyJlMmJmYjczMC1lY2FhLTExZTYtOGY4OC0zNDM2M2JjN2M0YzAiOnsiY3JlYXRlIjoxODAwMDAwMDAwMDAwLCJkZWxldGUiOjE4MDAwMDAwMDAwMDAsInJlYWQiOjMwMDAwMDAwMDAwMCwidXBkYXRlIjoxODAwMDAwMDAwMDAwfX0=",
          "dependencies": [
            "azurerm_public_ip.tf-linuxpublicip",
            "azurerm_resource_group.tf-rg",
            "azurerm_subnet.tf-subnet",
            "azurerm_virtual_network.tf-virnet"
          ]
        }
      ]
    },
    {
      "mode": "managed",
      "type": "azurerm_network_interface",
      "name": "tf-nwinterface",
      "provider": "provider[\"registry.terraform.io/hashicorp/azurerm\"]",
      "instances": [
        {
          "index_key": 0,
          "schema_version": 0,
          "attributes": {
            "applied_dns_servers": [],
            "dns_servers": [],
            "edge_zone": "",
            "enable_accelerated_networking": false,
            "enable_ip_forwarding": false,
            "id": "/subscriptions/f9a92d15-34b7-4665-b1d1-39e1a39c1d15/resourceGroups/tf-rg/providers/Microsoft.Network/networkInterfaces/tfnetinterface0",
            "internal_dns_name_label": "",
            "internal_domain_name_suffix": "cysxzo5qjpmedgezusqtb0zs0a.ix.internal.cloudapp.net",
            "ip_configuration": [
              {
                "gateway_load_balancer_frontend_ip_configuration_id": "",
                "name": "ipconf0",
                "primary": true,
                "private_ip_address": "10.0.0.4",
                "private_ip_address_allocation": "Dynamic",
                "private_ip_address_version": "IPv4",
                "public_ip_address_id": "/subscriptions/f9a92d15-34b7-4665-b1d1-39e1a39c1d15/resourceGroups/tf-rg/providers/Microsoft.Network/publicIPAddresses/tfpublicip0",
                "subnet_id": "/subscriptions/f9a92d15-34b7-4665-b1d1-39e1a39c1d15/resourceGroups/tf-rg/providers/Microsoft.Network/virtualNetworks/tfvirnet/subnets/tfsubnet-0"
              }
            ],
            "location": "southeastasia",
            "mac_address": "00-0D-3A-C7-57-92",
            "name": "tfnetinterface0",
            "private_ip_address": "10.0.0.4",
            "private_ip_addresses": [
              "10.0.0.4"
            ],
            "resource_group_name": "tf-rg",
            "tags": {},
            "timeouts": null,
            "virtual_machine_id": "/subscriptions/f9a92d15-34b7-4665-b1d1-39e1a39c1d15/resourceGroups/tf-rg/providers/Microsoft.Compute/virtualMachines/tf-winsrv2019-0"
          },
          "sensitive_attributes": [],
          "private": "eyJlMmJmYjczMC1lY2FhLTExZTYtOGY4OC0zNDM2M2JjN2M0YzAiOnsiY3JlYXRlIjoxODAwMDAwMDAwMDAwLCJkZWxldGUiOjE4MDAwMDAwMDAwMDAsInJlYWQiOjMwMDAwMDAwMDAwMCwidXBkYXRlIjoxODAwMDAwMDAwMDAwfX0=",
          "dependencies": [
            "azurerm_public_ip.tf-publicip",
            "azurerm_resource_group.tf-rg",
            "azurerm_subnet.tf-subnet",
            "azurerm_virtual_network.tf-virnet"
          ]
        }
      ]
    },
    {
      "mode": "managed",
      "type": "azurerm_network_security_group",
      "name": "tf-nwsecgrp",
      "provider": "provider[\"registry.terraform.io/hashicorp/azurerm\"]",
      "instances": [
        {
          "schema_version": 0,
          "attributes": {
            "id": "/subscriptions/f9a92d15-34b7-4665-b1d1-39e1a39c1d15/resourceGroups/tf-rg/providers/Microsoft.Network/networkSecurityGroups/tfnwsecgrp",
            "location": "southeastasia",
            "name": "tfnwsecgrp",
            "resource_group_name": "tf-rg",
            "security_rule": [
              {
                "access": "Allow",
                "description": "",
                "destination_address_prefix": "*",
                "destination_address_prefixes": [],
                "destination_application_security_group_ids": [],
                "destination_port_range": "22",
                "destination_port_ranges": [],
                "direction": "Inbound",
                "name": "AllowSSH",
                "priority": 201,
                "protocol": "Tcp",
                "source_address_prefix": "*",
                "source_address_prefixes": [],
                "source_application_security_group_ids": [],
                "source_port_range": "*",
                "source_port_ranges": []
              },
              {
                "access": "Allow",
                "description": "",
                "destination_address_prefix": "*",
                "destination_address_prefixes": [],
                "destination_application_security_group_ids": [],
                "destination_port_range": "3389",
                "destination_port_ranges": [],
                "direction": "Inbound",
                "name": "AllowRDP",
                "priority": 200,
                "protocol": "Tcp",
                "source_address_prefix": "*",
                "source_address_prefixes": [],
                "source_application_security_group_ids": [],
                "source_port_range": "*",
                "source_port_ranges": []
              },
              {
                "access": "Allow",
                "description": "",
                "destination_address_prefix": "*",
                "destination_address_prefixes": [],
                "destination_application_security_group_ids": [],
                "destination_port_range": "80",
                "destination_port_ranges": [],
                "direction": "Inbound",
                "name": "AllowHTTP",
                "priority": 202,
                "protocol": "Tcp",
                "source_address_prefix": "*",
                "source_address_prefixes": [],
                "source_application_security_group_ids": [],
                "source_port_range": "*",
                "source_port_ranges": []
              }
            ],
            "tags": {},
            "timeouts": null
          },
          "sensitive_attributes": [],
          "private": "eyJlMmJmYjczMC1lY2FhLTExZTYtOGY4OC0zNDM2M2JjN2M0YzAiOnsiY3JlYXRlIjoxODAwMDAwMDAwMDAwLCJkZWxldGUiOjE4MDAwMDAwMDAwMDAsInJlYWQiOjMwMDAwMDAwMDAwMCwidXBkYXRlIjoxODAwMDAwMDAwMDAwfX0=",
          "dependencies": [
            "azurerm_resource_group.tf-rg",
            "azurerm_virtual_network.tf-virnet"
          ]
        }
      ]
    },
    {
      "mode": "managed",
      "type": "azurerm_public_ip",
      "name": "tf-baspubip",
      "provider": "provider[\"registry.terraform.io/hashicorp/azurerm\"]",
      "instances": [
        {
          "schema_version": 0,
          "attributes": {
            "allocation_method": "Static",
            "ddos_protection_mode": "VirtualNetworkInherited",
            "ddos_protection_plan_id": null,
            "domain_name_label": null,
            "edge_zone": "",
            "fqdn": null,
            "id": "/subscriptions/f9a92d15-34b7-4665-b1d1-39e1a39c1d15/resourceGroups/tf-rg/providers/Microsoft.Network/publicIPAddresses/tfbaspubip",
            "idle_timeout_in_minutes": 4,
            "ip_address": "4.193.141.29",
            "ip_tags": {},
            "ip_version": "IPv4",
            "location": "southeastasia",
            "name": "tfbaspubip",
            "public_ip_prefix_id": null,
            "resource_group_name": "tf-rg",
            "reverse_fqdn": null,
            "sku": "Standard",
            "sku_tier": "Regional",
            "tags": {},
            "timeouts": null,
            "zones": []
          },
          "sensitive_attributes": [],
          "private": "eyJlMmJmYjczMC1lY2FhLTExZTYtOGY4OC0zNDM2M2JjN2M0YzAiOnsiY3JlYXRlIjoxODAwMDAwMDAwMDAwLCJkZWxldGUiOjE4MDAwMDAwMDAwMDAsInJlYWQiOjMwMDAwMDAwMDAwMCwidXBkYXRlIjoxODAwMDAwMDAwMDAwfX0=",
          "dependencies": [
            "azurerm_resource_group.tf-rg"
          ]
        }
      ]
    },
    {
      "mode": "managed",
      "type": "azurerm_public_ip",
      "name": "tf-linuxpublicip",
      "provider": "provider[\"registry.terraform.io/hashicorp/azurerm\"]",
      "instances": [
        {
          "index_key": 0,
          "schema_version": 0,
          "attributes": {
            "allocation_method": "Static",
            "ddos_protection_mode": "VirtualNetworkInherited",
            "ddos_protection_plan_id": null,
            "domain_name_label": null,
            "edge_zone": "",
            "fqdn": null,
            "id": "/subscriptions/f9a92d15-34b7-4665-b1d1-39e1a39c1d15/resourceGroups/tf-rg/providers/Microsoft.Network/publicIPAddresses/tflinuxpublicip0",
            "idle_timeout_in_minutes": 4,
            "ip_address": "4.193.60.203",
            "ip_tags": {},
            "ip_version": "IPv4",
            "location": "southeastasia",
            "name": "tflinuxpublicip0",
            "public_ip_prefix_id": null,
            "resource_group_name": "tf-rg",
            "reverse_fqdn": null,
            "sku": "Basic",
            "sku_tier": "Regional",
            "tags": {
              "environment": "Production"
            },
            "timeouts": null,
            "zones": []
          },
          "sensitive_attributes": [],
          "private": "eyJlMmJmYjczMC1lY2FhLTExZTYtOGY4OC0zNDM2M2JjN2M0YzAiOnsiY3JlYXRlIjoxODAwMDAwMDAwMDAwLCJkZWxldGUiOjE4MDAwMDAwMDAwMDAsInJlYWQiOjMwMDAwMDAwMDAwMCwidXBkYXRlIjoxODAwMDAwMDAwMDAwfX0=",
          "dependencies": [
            "azurerm_resource_group.tf-rg"
          ]
        }
      ]
    },
    {
      "mode": "managed",
      "type": "azurerm_public_ip",
      "name": "tf-publicip",
      "provider": "provider[\"registry.terraform.io/hashicorp/azurerm\"]",
      "instances": [
        {
          "index_key": 0,
          "schema_version": 0,
          "attributes": {
            "allocation_method": "Static",
            "ddos_protection_mode": "VirtualNetworkInherited",
            "ddos_protection_plan_id": null,
            "domain_name_label": null,
            "edge_zone": "",
            "fqdn": null,
            "id": "/subscriptions/f9a92d15-34b7-4665-b1d1-39e1a39c1d15/resourceGroups/tf-rg/providers/Microsoft.Network/publicIPAddresses/tfpublicip0",
            "idle_timeout_in_minutes": 4,
            "ip_address": "4.193.141.15",
            "ip_tags": {},
            "ip_version": "IPv4",
            "location": "southeastasia",
            "name": "tfpublicip0",
            "public_ip_prefix_id": null,
            "resource_group_name": "tf-rg",
            "reverse_fqdn": null,
            "sku": "Basic",
            "sku_tier": "Regional",
            "tags": {
              "environment": "Production"
            },
            "timeouts": null,
            "zones": []
          },
          "sensitive_attributes": [],
          "private": "eyJlMmJmYjczMC1lY2FhLTExZTYtOGY4OC0zNDM2M2JjN2M0YzAiOnsiY3JlYXRlIjoxODAwMDAwMDAwMDAwLCJkZWxldGUiOjE4MDAwMDAwMDAwMDAsInJlYWQiOjMwMDAwMDAwMDAwMCwidXBkYXRlIjoxODAwMDAwMDAwMDAwfX0=",
          "dependencies": [
            "azurerm_resource_group.tf-rg"
          ]
        }
      ]
    },
    {
      "mode": "managed",
      "type": "azurerm_resource_group",
      "name": "tf-rg",
      "provider": "provider[\"registry.terraform.io/hashicorp/azurerm\"]",
      "instances": [
        {
          "schema_version": 0,
          "attributes": {
            "id": "/subscriptions/f9a92d15-34b7-4665-b1d1-39e1a39c1d15/resourceGroups/tf-rg",
            "location": "southeastasia",
            "name": "tf-rg",
            "tags": {},
            "timeouts": null
          },
          "sensitive_attributes": [],
          "private": "eyJlMmJmYjczMC1lY2FhLTExZTYtOGY4OC0zNDM2M2JjN2M0YzAiOnsiY3JlYXRlIjo1NDAwMDAwMDAwMDAwLCJkZWxldGUiOjU0MDAwMDAwMDAwMDAsInJlYWQiOjMwMDAwMDAwMDAwMCwidXBkYXRlIjo1NDAwMDAwMDAwMDAwfX0="
        }
      ]
    },
    {
      "mode": "managed",
      "type": "azurerm_storage_account",
      "name": "tf-stracc",
      "provider": "provider[\"registry.terraform.io/hashicorp/azurerm\"]",
      "instances": [
        {
          "schema_version": 3,
          "attributes": {
            "access_tier": "Hot",
            "account_kind": "StorageV2",
            "account_replication_type": "LRS",
            "account_tier": "Standard",
            "allow_nested_items_to_be_public": true,
            "allowed_copy_scope": "",
            "azure_files_authentication": [],
            "blob_properties": [
              {
                "change_feed_enabled": false,
                "change_feed_retention_in_days": 0,
                "container_delete_retention_policy": [],
                "cors_rule": [],
                "default_service_version": "",
                "delete_retention_policy": [],
                "last_access_time_enabled": false,
                "restore_policy": [],
                "versioning_enabled": false
              }
            ],
            "cross_tenant_replication_enabled": true,
            "custom_domain": [],
            "customer_managed_key": [],
            "default_to_oauth_authentication": false,
            "edge_zone": "",
            "enable_https_traffic_only": true,
            "id": "/subscriptions/f9a92d15-34b7-4665-b1d1-39e1a39c1d15/resourceGroups/tf-rg/providers/Microsoft.Storage/storageAccounts/tfstraccthinhphung",
            "identity": [],
            "immutability_policy": [],
            "infrastructure_encryption_enabled": false,
            "is_hns_enabled": false,
            "large_file_share_enabled": null,
            "location": "southeastasia",
            "min_tls_version": "TLS1_2",
            "name": "tfstraccthinhphung",
            "network_rules": [
              {
                "bypass": [
                  "AzureServices"
                ],
                "default_action": "Allow",
                "ip_rules": [],
                "private_link_access": [],
                "virtual_network_subnet_ids": []
              }
            ],
            "nfsv3_enabled": false,
            "primary_access_key": "ossWdj/IW+5T+tFdi+mrZdA6dSZoiPqGcSPhRZJVeZl6RQQ2XtCgk1TR0ol/bVpcwB0RnLudNl8y+AStaedtZw==",
            "primary_blob_connection_string": "DefaultEndpointsProtocol=https;BlobEndpoint=https://tfstraccthinhphung.blob.core.windows.net/;AccountName=tfstraccthinhphung;AccountKey=ossWdj/IW+5T+tFdi+mrZdA6dSZoiPqGcSPhRZJVeZl6RQQ2XtCgk1TR0ol/bVpcwB0RnLudNl8y+AStaedtZw==",
            "primary_blob_endpoint": "https://tfstraccthinhphung.blob.core.windows.net/",
            "primary_blob_host": "tfstraccthinhphung.blob.core.windows.net",
            "primary_connection_string": "DefaultEndpointsProtocol=https;AccountName=tfstraccthinhphung;AccountKey=ossWdj/IW+5T+tFdi+mrZdA6dSZoiPqGcSPhRZJVeZl6RQQ2XtCgk1TR0ol/bVpcwB0RnLudNl8y+AStaedtZw==;EndpointSuffix=core.windows.net",
            "primary_dfs_endpoint": "https://tfstraccthinhphung.dfs.core.windows.net/",
            "primary_dfs_host": "tfstraccthinhphung.dfs.core.windows.net",
            "primary_file_endpoint": "https://tfstraccthinhphung.file.core.windows.net/",
            "primary_file_host": "tfstraccthinhphung.file.core.windows.net",
            "primary_location": "southeastasia",
            "primary_queue_endpoint": "https://tfstraccthinhphung.queue.core.windows.net/",
            "primary_queue_host": "tfstraccthinhphung.queue.core.windows.net",
            "primary_table_endpoint": "https://tfstraccthinhphung.table.core.windows.net/",
            "primary_table_host": "tfstraccthinhphung.table.core.windows.net",
            "primary_web_endpoint": "https://tfstraccthinhphung.z23.web.core.windows.net/",
            "primary_web_host": "tfstraccthinhphung.z23.web.core.windows.net",
            "public_network_access_enabled": true,
            "queue_encryption_key_type": "Service",
            "queue_properties": [
              {
                "cors_rule": [],
                "hour_metrics": [
                  {
                    "enabled": true,
                    "include_apis": true,
                    "retention_policy_days": 7,
                    "version": "1.0"
                  }
                ],
                "logging": [
                  {
                    "delete": false,
                    "read": false,
                    "retention_policy_days": 0,
                    "version": "1.0",
                    "write": false
                  }
                ],
                "minute_metrics": [
                  {
                    "enabled": false,
                    "include_apis": false,
                    "retention_policy_days": 0,
                    "version": "1.0"
                  }
                ]
              }
            ],
            "resource_group_name": "tf-rg",
            "routing": [],
            "sas_policy": [],
            "secondary_access_key": "F9o3n3oeqwmyVPTB0Bp8CLPv60SZkNLJMOZWv9EUYEOhn+eFfmPA06Mse0rjBM37rjYN7H2YPdVZ+ASt469f/A==",
            "secondary_blob_connection_string": "",
            "secondary_blob_endpoint": null,
            "secondary_blob_host": null,
            "secondary_connection_string": "DefaultEndpointsProtocol=https;AccountName=tfstraccthinhphung;AccountKey=F9o3n3oeqwmyVPTB0Bp8CLPv60SZkNLJMOZWv9EUYEOhn+eFfmPA06Mse0rjBM37rjYN7H2YPdVZ+ASt469f/A==;EndpointSuffix=core.windows.net",
            "secondary_dfs_endpoint": null,
            "secondary_dfs_host": null,
            "secondary_file_endpoint": null,
            "secondary_file_host": null,
            "secondary_location": "",
            "secondary_queue_endpoint": null,
            "secondary_queue_host": null,
            "secondary_table_endpoint": null,
            "secondary_table_host": null,
            "secondary_web_endpoint": null,
            "secondary_web_host": null,
            "sftp_enabled": false,
            "share_properties": [
              {
                "cors_rule": [],
                "retention_policy": [
                  {
                    "days": 7
                  }
                ],
                "smb": []
              }
            ],
            "shared_access_key_enabled": true,
            "static_website": [],
            "table_encryption_key_type": "Service",
            "tags": {},
            "timeouts": null
          },
          "sensitive_attributes": [],
          "private": "eyJlMmJmYjczMC1lY2FhLTExZTYtOGY4OC0zNDM2M2JjN2M0YzAiOnsiY3JlYXRlIjozNjAwMDAwMDAwMDAwLCJkZWxldGUiOjM2MDAwMDAwMDAwMDAsInJlYWQiOjMwMDAwMDAwMDAwMCwidXBkYXRlIjozNjAwMDAwMDAwMDAwfSwic2NoZW1hX3ZlcnNpb24iOiIzIn0=",
          "dependencies": [
            "azurerm_resource_group.tf-rg"
          ]
        }
      ]
    },
    {
      "mode": "managed",
      "type": "azurerm_storage_blob",
      "name": "tf-strblob",
      "provider": "provider[\"registry.terraform.io/hashicorp/azurerm\"]",
      "instances": [
        {
          "schema_version": 1,
          "attributes": {
            "access_tier": "Hot",
            "cache_control": "",
            "content_md5": "",
            "content_type": "application/octet-stream",
            "id": "https://tfstraccthinhphung.blob.core.windows.net/tfstrcon/IIS_Config.ps1",
            "metadata": {},
            "name": "IIS_Config.ps1",
            "parallelism": 8,
            "size": 0,
            "source": "IIS_Config.ps1",
            "source_content": null,
            "source_uri": null,
            "storage_account_name": "tfstraccthinhphung",
            "storage_container_name": "tfstrcon",
            "timeouts": null,
            "type": "Block",
            "url": "https://tfstraccthinhphung.blob.core.windows.net/tfstrcon/IIS_Config.ps1"
          },
          "sensitive_attributes": [],
          "private": "eyJlMmJmYjczMC1lY2FhLTExZTYtOGY4OC0zNDM2M2JjN2M0YzAiOnsiY3JlYXRlIjoxODAwMDAwMDAwMDAwLCJkZWxldGUiOjE4MDAwMDAwMDAwMDAsInJlYWQiOjMwMDAwMDAwMDAwMCwidXBkYXRlIjoxODAwMDAwMDAwMDAwfSwic2NoZW1hX3ZlcnNpb24iOiIxIn0=",
          "dependencies": [
            "azurerm_resource_group.tf-rg",
            "azurerm_storage_account.tf-stracc",
            "azurerm_storage_container.tf-strcon"
          ]
        }
      ]
    },
    {
      "mode": "managed",
      "type": "azurerm_storage_container",
      "name": "tf-strcon",
      "provider": "provider[\"registry.terraform.io/hashicorp/azurerm\"]",
      "instances": [
        {
          "schema_version": 1,
          "attributes": {
            "container_access_type": "blob",
            "has_immutability_policy": false,
            "has_legal_hold": false,
            "id": "https://tfstraccthinhphung.blob.core.windows.net/tfstrcon",
            "metadata": {},
            "name": "tfstrcon",
            "resource_manager_id": "/subscriptions/f9a92d15-34b7-4665-b1d1-39e1a39c1d15/resourceGroups/tf-rg/providers/Microsoft.Storage/storageAccounts/tfstraccthinhphung/blobServices/default/containers/tfstrcon",
            "storage_account_name": "tfstraccthinhphung",
            "timeouts": null
          },
          "sensitive_attributes": [],
          "private": "eyJlMmJmYjczMC1lY2FhLTExZTYtOGY4OC0zNDM2M2JjN2M0YzAiOnsiY3JlYXRlIjoxODAwMDAwMDAwMDAwLCJkZWxldGUiOjE4MDAwMDAwMDAwMDAsInJlYWQiOjMwMDAwMDAwMDAwMCwidXBkYXRlIjoxODAwMDAwMDAwMDAwfSwic2NoZW1hX3ZlcnNpb24iOiIxIn0=",
          "dependencies": [
            "azurerm_resource_group.tf-rg",
            "azurerm_storage_account.tf-stracc"
          ]
        }
      ]
    },
    {
      "mode": "managed",
      "type": "azurerm_subnet",
      "name": "tf-bassub",
      "provider": "provider[\"registry.terraform.io/hashicorp/azurerm\"]",
      "instances": [
        {
          "schema_version": 0,
          "attributes": {
            "address_prefixes": [
              "10.0.10.0/24"
            ],
            "delegation": [],
            "enforce_private_link_endpoint_network_policies": false,
            "enforce_private_link_service_network_policies": false,
            "id": "/subscriptions/f9a92d15-34b7-4665-b1d1-39e1a39c1d15/resourceGroups/tf-rg/providers/Microsoft.Network/virtualNetworks/tfvirnet/subnets/AzureBastionSubnet",
            "name": "AzureBastionSubnet",
            "private_endpoint_network_policies_enabled": true,
            "private_link_service_network_policies_enabled": true,
            "resource_group_name": "tf-rg",
            "service_endpoint_policy_ids": [],
            "service_endpoints": [],
            "timeouts": null,
            "virtual_network_name": "tfvirnet"
          },
          "sensitive_attributes": [],
          "private": "eyJlMmJmYjczMC1lY2FhLTExZTYtOGY4OC0zNDM2M2JjN2M0YzAiOnsiY3JlYXRlIjoxODAwMDAwMDAwMDAwLCJkZWxldGUiOjE4MDAwMDAwMDAwMDAsInJlYWQiOjMwMDAwMDAwMDAwMCwidXBkYXRlIjoxODAwMDAwMDAwMDAwfX0=",
          "dependencies": [
            "azurerm_resource_group.tf-rg",
            "azurerm_virtual_network.tf-virnet"
          ]
        }
      ]
    },
    {
      "mode": "managed",
      "type": "azurerm_subnet",
      "name": "tf-subnet",
      "provider": "provider[\"registry.terraform.io/hashicorp/azurerm\"]",
      "instances": [
        {
          "index_key": 0,
          "schema_version": 0,
          "attributes": {
            "address_prefixes": [
              "10.0.0.0/24"
            ],
            "delegation": [],
            "enforce_private_link_endpoint_network_policies": false,
            "enforce_private_link_service_network_policies": false,
            "id": "/subscriptions/f9a92d15-34b7-4665-b1d1-39e1a39c1d15/resourceGroups/tf-rg/providers/Microsoft.Network/virtualNetworks/tfvirnet/subnets/tfsubnet-0",
            "name": "tfsubnet-0",
            "private_endpoint_network_policies_enabled": true,
            "private_link_service_network_policies_enabled": true,
            "resource_group_name": "tf-rg",
            "service_endpoint_policy_ids": [],
            "service_endpoints": [],
            "timeouts": null,
            "virtual_network_name": "tfvirnet"
          },
          "sensitive_attributes": [],
          "private": "eyJlMmJmYjczMC1lY2FhLTExZTYtOGY4OC0zNDM2M2JjN2M0YzAiOnsiY3JlYXRlIjoxODAwMDAwMDAwMDAwLCJkZWxldGUiOjE4MDAwMDAwMDAwMDAsInJlYWQiOjMwMDAwMDAwMDAwMCwidXBkYXRlIjoxODAwMDAwMDAwMDAwfX0=",
          "dependencies": [
            "azurerm_resource_group.tf-rg",
            "azurerm_virtual_network.tf-virnet"
          ]
        },
        {
          "index_key": 1,
          "schema_version": 0,
          "attributes": {
            "address_prefixes": [
              "10.0.1.0/24"
            ],
            "delegation": [],
            "enforce_private_link_endpoint_network_policies": false,
            "enforce_private_link_service_network_policies": false,
            "id": "/subscriptions/f9a92d15-34b7-4665-b1d1-39e1a39c1d15/resourceGroups/tf-rg/providers/Microsoft.Network/virtualNetworks/tfvirnet/subnets/tfsubnet-1",
            "name": "tfsubnet-1",
            "private_endpoint_network_policies_enabled": true,
            "private_link_service_network_policies_enabled": true,
            "resource_group_name": "tf-rg",
            "service_endpoint_policy_ids": [],
            "service_endpoints": [],
            "timeouts": null,
            "virtual_network_name": "tfvirnet"
          },
          "sensitive_attributes": [],
          "private": "eyJlMmJmYjczMC1lY2FhLTExZTYtOGY4OC0zNDM2M2JjN2M0YzAiOnsiY3JlYXRlIjoxODAwMDAwMDAwMDAwLCJkZWxldGUiOjE4MDAwMDAwMDAwMDAsInJlYWQiOjMwMDAwMDAwMDAwMCwidXBkYXRlIjoxODAwMDAwMDAwMDAwfX0=",
          "dependencies": [
            "azurerm_resource_group.tf-rg",
            "azurerm_virtual_network.tf-virnet"
          ]
        }
      ]
    },
    {
      "mode": "managed",
      "type": "azurerm_subnet_network_security_group_association",
      "name": "tf-nwsecgrpass",
      "provider": "provider[\"registry.terraform.io/hashicorp/azurerm\"]",
      "instances": [
        {
          "index_key": 0,
          "schema_version": 0,
          "attributes": {
            "id": "/subscriptions/f9a92d15-34b7-4665-b1d1-39e1a39c1d15/resourceGroups/tf-rg/providers/Microsoft.Network/virtualNetworks/tfvirnet/subnets/tfsubnet-0",
            "network_security_group_id": "/subscriptions/f9a92d15-34b7-4665-b1d1-39e1a39c1d15/resourceGroups/tf-rg/providers/Microsoft.Network/networkSecurityGroups/tfnwsecgrp",
            "subnet_id": "/subscriptions/f9a92d15-34b7-4665-b1d1-39e1a39c1d15/resourceGroups/tf-rg/providers/Microsoft.Network/virtualNetworks/tfvirnet/subnets/tfsubnet-0",
            "timeouts": null
          },
          "sensitive_attributes": [],
          "private": "eyJlMmJmYjczMC1lY2FhLTExZTYtOGY4OC0zNDM2M2JjN2M0YzAiOnsiY3JlYXRlIjoxODAwMDAwMDAwMDAwLCJkZWxldGUiOjE4MDAwMDAwMDAwMDAsInJlYWQiOjMwMDAwMDAwMDAwMCwidXBkYXRlIjoxODAwMDAwMDAwMDAwfX0=",
          "dependencies": [
            "azurerm_network_security_group.tf-nwsecgrp",
            "azurerm_resource_group.tf-rg",
            "azurerm_subnet.tf-subnet",
            "azurerm_virtual_network.tf-virnet"
          ]
        },
        {
          "index_key": 1,
          "schema_version": 0,
          "attributes": {
            "id": "/subscriptions/f9a92d15-34b7-4665-b1d1-39e1a39c1d15/resourceGroups/tf-rg/providers/Microsoft.Network/virtualNetworks/tfvirnet/subnets/tfsubnet-1",
            "network_security_group_id": "/subscriptions/f9a92d15-34b7-4665-b1d1-39e1a39c1d15/resourceGroups/tf-rg/providers/Microsoft.Network/networkSecurityGroups/tfnwsecgrp",
            "subnet_id": "/subscriptions/f9a92d15-34b7-4665-b1d1-39e1a39c1d15/resourceGroups/tf-rg/providers/Microsoft.Network/virtualNetworks/tfvirnet/subnets/tfsubnet-1",
            "timeouts": null
          },
          "sensitive_attributes": [],
          "private": "eyJlMmJmYjczMC1lY2FhLTExZTYtOGY4OC0zNDM2M2JjN2M0YzAiOnsiY3JlYXRlIjoxODAwMDAwMDAwMDAwLCJkZWxldGUiOjE4MDAwMDAwMDAwMDAsInJlYWQiOjMwMDAwMDAwMDAwMCwidXBkYXRlIjoxODAwMDAwMDAwMDAwfX0=",
          "dependencies": [
            "azurerm_network_security_group.tf-nwsecgrp",
            "azurerm_resource_group.tf-rg",
            "azurerm_subnet.tf-subnet",
            "azurerm_virtual_network.tf-virnet"
          ]
        }
      ]
    },
    {
      "mode": "managed",
      "type": "azurerm_virtual_machine_extension",
      "name": "tf-vmext",
      "provider": "provider[\"registry.terraform.io/hashicorp/azurerm\"]",
      "instances": [
        {
          "schema_version": 0,
          "attributes": {
            "auto_upgrade_minor_version": false,
            "automatic_upgrade_enabled": false,
            "failure_suppression_enabled": false,
            "id": "/subscriptions/f9a92d15-34b7-4665-b1d1-39e1a39c1d15/resourceGroups/tf-rg/providers/Microsoft.Compute/virtualMachines/tf-winsrv2019-0/extensions/tfvmext",
            "name": "tfvmext",
            "protected_settings": null,
            "protected_settings_from_key_vault": [],
            "publisher": "Microsoft.Compute",
            "settings": "{\"commandToExecute\":\"powershell -ExecutionPolicy Unrestricted -File IIS_Config.ps1\",\"fileUris\":[\"https://tfstraccthinhphung.blob.core.windows.net/tfstrcon/IIS_Config.ps1\"]}",
            "tags": {},
            "timeouts": null,
            "type": "CustomScriptExtension",
            "type_handler_version": "1.10",
            "virtual_machine_id": "/subscriptions/f9a92d15-34b7-4665-b1d1-39e1a39c1d15/resourceGroups/tf-rg/providers/Microsoft.Compute/virtualMachines/tf-winsrv2019-0"
          },
          "sensitive_attributes": [],
          "private": "eyJlMmJmYjczMC1lY2FhLTExZTYtOGY4OC0zNDM2M2JjN2M0YzAiOnsiY3JlYXRlIjoxODAwMDAwMDAwMDAwLCJkZWxldGUiOjE4MDAwMDAwMDAwMDAsInJlYWQiOjMwMDAwMDAwMDAwMCwidXBkYXRlIjoxODAwMDAwMDAwMDAwfX0=",
          "dependencies": [
            "azurerm_availability_set.tf-aset",
            "azurerm_key_vault.tf-keyvault",
            "azurerm_key_vault_secret.tf-keyvaultsec",
            "azurerm_network_interface.tf-nwinterface",
            "azurerm_public_ip.tf-publicip",
            "azurerm_resource_group.tf-rg",
            "azurerm_storage_account.tf-stracc",
            "azurerm_subnet.tf-subnet",
            "azurerm_virtual_network.tf-virnet",
            "azurerm_windows_virtual_machine.tf-winsrv2019",
            "data.azurerm_client_config.current"
          ]
        }
      ]
    },
    {
      "mode": "managed",
      "type": "azurerm_virtual_network",
      "name": "tf-virnet",
      "provider": "provider[\"registry.terraform.io/hashicorp/azurerm\"]",
      "instances": [
        {
          "schema_version": 0,
          "attributes": {
            "address_space": [
              "10.0.0.0/16"
            ],
            "bgp_community": "",
            "ddos_protection_plan": [],
            "dns_servers": [],
            "edge_zone": "",
            "flow_timeout_in_minutes": 0,
            "guid": "bb7c2516-4bf0-41d8-9899-a4a130eb32d0",
            "id": "/subscriptions/f9a92d15-34b7-4665-b1d1-39e1a39c1d15/resourceGroups/tf-rg/providers/Microsoft.Network/virtualNetworks/tfvirnet",
            "location": "southeastasia",
            "name": "tfvirnet",
            "resource_group_name": "tf-rg",
            "subnet": [
              {
                "address_prefix": "10.0.0.0/24",
                "id": "/subscriptions/f9a92d15-34b7-4665-b1d1-39e1a39c1d15/resourceGroups/tf-rg/providers/Microsoft.Network/virtualNetworks/tfvirnet/subnets/tfsubnet-0",
                "name": "tfsubnet-0",
                "security_group": "/subscriptions/f9a92d15-34b7-4665-b1d1-39e1a39c1d15/resourceGroups/tf-rg/providers/Microsoft.Network/networkSecurityGroups/tfnwsecgrp"
              },
              {
                "address_prefix": "10.0.1.0/24",
                "id": "/subscriptions/f9a92d15-34b7-4665-b1d1-39e1a39c1d15/resourceGroups/tf-rg/providers/Microsoft.Network/virtualNetworks/tfvirnet/subnets/tfsubnet-1",
                "name": "tfsubnet-1",
                "security_group": "/subscriptions/f9a92d15-34b7-4665-b1d1-39e1a39c1d15/resourceGroups/tf-rg/providers/Microsoft.Network/networkSecurityGroups/tfnwsecgrp"
              },
              {
                "address_prefix": "10.0.10.0/24",
                "id": "/subscriptions/f9a92d15-34b7-4665-b1d1-39e1a39c1d15/resourceGroups/tf-rg/providers/Microsoft.Network/virtualNetworks/tfvirnet/subnets/AzureBastionSubnet",
                "name": "AzureBastionSubnet",
                "security_group": ""
              }
            ],
            "tags": {},
            "timeouts": null
          },
          "sensitive_attributes": [],
          "private": "eyJlMmJmYjczMC1lY2FhLTExZTYtOGY4OC0zNDM2M2JjN2M0YzAiOnsiY3JlYXRlIjoxODAwMDAwMDAwMDAwLCJkZWxldGUiOjE4MDAwMDAwMDAwMDAsInJlYWQiOjMwMDAwMDAwMDAwMCwidXBkYXRlIjoxODAwMDAwMDAwMDAwfX0=",
          "dependencies": [
            "azurerm_resource_group.tf-rg"
          ]
        }
      ]
    },
    {
      "mode": "managed",
      "type": "azurerm_windows_virtual_machine",
      "name": "tf-winsrv2019",
      "provider": "provider[\"registry.terraform.io/hashicorp/azurerm\"]",
      "instances": [
        {
          "index_key": 0,
          "schema_version": 0,
          "attributes": {
            "additional_capabilities": [],
            "additional_unattend_content": [],
            "admin_password": "123qwe!@#QWE",
            "admin_username": "adminuser",
            "allow_extension_operations": true,
            "availability_set_id": "/subscriptions/f9a92d15-34b7-4665-b1d1-39e1a39c1d15/resourceGroups/tf-rg/providers/Microsoft.Compute/availabilitySets/TFASET",
            "boot_diagnostics": [],
            "capacity_reservation_group_id": "",
            "computer_name": "tf-winsrv2019-0",
            "custom_data": null,
            "dedicated_host_group_id": "",
            "dedicated_host_id": "",
            "edge_zone": "",
            "enable_automatic_updates": true,
            "encryption_at_host_enabled": false,
            "eviction_policy": "",
            "extensions_time_budget": "PT1H30M",
            "gallery_application": [],
            "hotpatching_enabled": false,
            "id": "/subscriptions/f9a92d15-34b7-4665-b1d1-39e1a39c1d15/resourceGroups/tf-rg/providers/Microsoft.Compute/virtualMachines/tf-winsrv2019-0",
            "identity": [],
            "license_type": "",
            "location": "southeastasia",
            "max_bid_price": -1,
            "name": "tf-winsrv2019-0",
            "network_interface_ids": [
              "/subscriptions/f9a92d15-34b7-4665-b1d1-39e1a39c1d15/resourceGroups/tf-rg/providers/Microsoft.Network/networkInterfaces/tfnetinterface0"
            ],
            "os_disk": [
              {
                "caching": "ReadWrite",
                "diff_disk_settings": [],
                "disk_encryption_set_id": "",
                "disk_size_gb": 127,
                "name": "tf-winsrv2019-0_OsDisk_1_cde872caa64745448d69f959628f06f1",
                "secure_vm_disk_encryption_set_id": "",
                "security_encryption_type": "",
                "storage_account_type": "Standard_LRS",
                "write_accelerator_enabled": false
              }
            ],
            "patch_assessment_mode": "ImageDefault",
            "patch_mode": "AutomaticByOS",
            "plan": [],
            "platform_fault_domain": -1,
            "priority": "Regular",
            "private_ip_address": "10.0.0.4",
            "private_ip_addresses": [
              "10.0.0.4"
            ],
            "provision_vm_agent": true,
            "proximity_placement_group_id": "",
            "public_ip_address": "4.193.141.15",
            "public_ip_addresses": [
              "4.193.141.15"
            ],
            "resource_group_name": "tf-rg",
            "secret": [],
            "secure_boot_enabled": false,
            "size": "Standard_D2a_v4",
            "source_image_id": "",
            "source_image_reference": [
              {
                "offer": "WindowsServer",
                "publisher": "MicrosoftWindowsServer",
                "sku": "2019-Datacenter",
                "version": "latest"
              }
            ],
            "tags": {},
            "termination_notification": [],
            "timeouts": null,
            "timezone": "",
            "user_data": "",
            "virtual_machine_id": "b83449f8-86b0-46dd-817b-daf2f1156fc1",
            "virtual_machine_scale_set_id": "",
            "vtpm_enabled": false,
            "winrm_listener": [],
            "zone": ""
          },
          "sensitive_attributes": [
            [
              {
                "type": "get_attr",
                "value": "admin_password"
              }
            ]
          ],
          "private": "eyJlMmJmYjczMC1lY2FhLTExZTYtOGY4OC0zNDM2M2JjN2M0YzAiOnsiY3JlYXRlIjoyNzAwMDAwMDAwMDAwLCJkZWxldGUiOjI3MDAwMDAwMDAwMDAsInJlYWQiOjMwMDAwMDAwMDAwMCwidXBkYXRlIjoyNzAwMDAwMDAwMDAwfX0=",
          "dependencies": [
            "azurerm_availability_set.tf-aset",
            "azurerm_key_vault.tf-keyvault",
            "azurerm_key_vault_secret.tf-keyvaultsec",
            "azurerm_network_interface.tf-nwinterface",
            "azurerm_public_ip.tf-publicip",
            "azurerm_resource_group.tf-rg",
            "azurerm_subnet.tf-subnet",
            "azurerm_virtual_network.tf-virnet",
            "data.azurerm_client_config.current"
          ]
        }
      ]
    },
    {
      "mode": "managed",
      "type": "local_file",
      "name": "tf-linuxpemkey",
      "provider": "provider[\"registry.terraform.io/hashicorp/local\"]",
      "instances": [
        {
          "schema_version": 0,
          "attributes": {
            "content": "-----BEGIN RSA PRIVATE KEY-----\nMIIEogIBAAKCAQEAymMwSna6Vqi127IOmtifmwrsDqWNQPz6fNJPY9OGlNVE6QJl\nJkvw/VvLz2PoXn4+zXLW65bpAWXmdOWJOggIRUXRKb2GZvmtE1nXmjm3Kiq7NxqP\npWhzhNPZDm/8ZrQ0cD7ANTFuZR+WgIXGmNSKwMoXbvApB+T1L+N3ZW8Jv5CxSL7s\nv6bV1oDQN+J2Ntlc3p5FJhTFoDBOChA0l3O25Wwz5ZBnwlaiOgWZRgWeYAlAomx7\nzUea7UA7jkm/0nN74bdLjKc8G62gw4GRrSs3ZSbnMgTMpsF1yINX+K4Q0BlpZJ3D\nJlxxvioVDv3ifYiZFddr2IyotL95o1EZV+Q7cQIDAQABAoIBAGYfKKXaROonVSRX\nM1FlDxwfpb86QA1T2V0UjeS0PktpVc0xXTK2zRI6uJucMQtFLpFiahoUWtxOu7uu\netDibrHtqb4jGOdrAq8p/UWf69GGIFOMvoDbNLcIYpULYtO8CF2+/CObHrY9+yY8\n2loRnTXsg2iCHGIUYLfaUkvHfKbBCUL++N+SmIgij+RHW3bPJ1lqBoy3UlqfTl9n\nrrgDhT7m2O8xmBJljK59Wt9FCFVHn7X3Ckb2+ZZ5T/K3iIEGSHZPXI4HA42pzet2\nNEe2aWY7S6n3exN8Jwcc22TtwylLxAVCpVdX5CcoSs2CP7gp89hEh6CM12YcSs3E\nMOIXeeUCgYEA5/z8rLOBZ3Mu75HgtJBTzoyFvG2DSXmqi4hkqUk759DbYqnn3Kd3\n325dAv5qabbD3NcFcSDJxrfioUBH6YG7iwb+BQtKw6j5gQ4eCt4EokTo64IIcre/\nGciNmeTzLH0t8E3AsENBRtanGCjAKoxiDDWy3uf46gktGlvzuHV45hsCgYEA31Xe\nAwaNpR0qqNGct8NwUfDyPNmATGzdB0x6hFkvigIl8OMjpRfGywBIwuVwPnuM/XDq\nU3dOZKbNDWFXaKV/AcPFmcq6zXVw+HUoUow2mzifQyNwkJCb4+/EDehuZgXO84bk\nTLEyEg3Z8IHH2qa0RZdVBSuvzsfIpdFe3BoZrWMCgYBvLocmec1N+B0Jgh9wSi9w\nMVay7MVcBGxg/RhJLakBO8645XcTAEvqECmRkr8LNSV/hKm+AxnRHDYIVBdi6OMq\nCUravgOx7BzP5iUtziPoZSBAJozH9honUD/U/q4wpznKDmmH0GPLgHqKkJUwjyE6\nes3kGMbp20X7eRBAWkR7+wKBgF8zGw/vGzHm3OhZcZRjmt1S9+84R5hMT2ttDkyc\nN8d8Yu/r4qXdHMArvthVNSNtRwxBtaEemiwNbhrmA3x4D0uRSAnmgPpTtXQzfJyz\naBOCb2EPGkyFV+4xpkDHc0fJ8g2c0nRelBleDiiXKbnqla2UdIlftfFO+Bi2xtjL\nx2ZBAoGAIPvG24Gg7iN3avJfxZfAQeW8LL0FJN9s7ipaZDAx5NfuVwafQ5NMVlQk\nIPafxYw8BUlg6EQW11D21Rz2wZxqqFcB2kKvzgLruswAhJbUpGLPOHB+v77C50RI\nzrS4wjRGWTGPkbiNfQfdyjerbNAvcCC5nxOJMsNcp0aSJKG/aIg=\n-----END RSA PRIVATE KEY-----\n",
            "content_base64": null,
            "content_base64sha256": "MlD6SsMolMVcrwhcVFWiPlQ0FW0HS3BBguKd6Os+Ix8=",
            "content_base64sha512": "12VklHkvoICNvxTEvUgl+6kp5aBn8URXsTxCVnJ96nmHj7B97V2DdPWgPvG64WiqcveHT7gln32POrmACEl2eQ==",
            "content_md5": "05dc73d37d144398441deb02f69e9c93",
            "content_sha1": "56b0dde02b5fdfaa29ed8296752d08090eadc379",
            "content_sha256": "3250fa4ac32894c55caf085c5455a23e5434156d074b704182e29de8eb3e231f",
            "content_sha512": "d7656494792fa0808dbf14c4bd4825fba929e5a067f14457b13c4256727dea79878fb07ded5d8374f5a03ef1bae168aa72f7874fb8259f7d8f3ab98008497679",
            "directory_permission": "0777",
            "file_permission": "0777",
            "filename": "linuxkey.pem",
            "id": "56b0dde02b5fdfaa29ed8296752d08090eadc379",
            "sensitive_content": null,
            "source": null
          },
          "sensitive_attributes": [
            [
              {
                "type": "get_attr",
                "value": "content"
              }
            ]
          ],
          "dependencies": [
            "tls_private_key.tf-linuxkey"
          ]
        }
      ]
    },
    {
      "mode": "managed",
      "type": "local_file",
      "name": "tf-linuxpubkey",
      "provider": "provider[\"registry.terraform.io/hashicorp/local\"]",
      "instances": [
        {
          "schema_version": 0,
          "attributes": {
            "content": "ssh-rsa AAAAB3NzaC1yc2EAAAADAQABAAABAQDKYzBKdrpWqLXbsg6a2J+bCuwOpY1A/Pp80k9j04aU1UTpAmUmS/D9W8vPY+hefj7NctbrlukBZeZ05Yk6CAhFRdEpvYZm+a0TWdeaObcqKrs3Go+laHOE09kOb/xmtDRwPsA1MW5lH5aAhcaY1IrAyhdu8CkH5PUv43dlbwm/kLFIvuy/ptXWgNA34nY22VzenkUmFMWgME4KEDSXc7blbDPlkGfCVqI6BZlGBZ5gCUCibHvNR5rtQDuOSb/Sc3vht0uMpzwbraDDgZGtKzdlJucyBMymwXXIg1f4rhDQGWlkncMmXHG+KhUO/eJ9iJkV12vYjKi0v3mjURlX5Dtx\n",
            "content_base64": null,
            "content_base64sha256": "rgmEE4kysWsPT7ZB8FIsbhWAaCV8VEEP+LH3HHoyE/4=",
            "content_base64sha512": "fr9FAOiX24zw/KXkadqucCv7ztAv3k2r2OIqdtQcOq/kL0ciIhuJQM/CwKrMvpHOSk3wGZx7QmC1EOKO46r1Ng==",
            "content_md5": "6b39b50c7de46ba659bd05ceaf90cfc4",
            "content_sha1": "f9b1f00807d123c8975c83ec2906b24f65361bd9",
            "content_sha256": "ae0984138932b16b0f4fb641f0522c6e158068257c54410ff8b1f71c7a3213fe",
            "content_sha512": "7ebf4500e897db8cf0fca5e469daae702bfbced02fde4dabd8e22a76d41c3aafe42f4722221b8940cfc2c0aaccbe91ce4a4df0199c7b4260b510e28ee3aaf536",
            "directory_permission": "0777",
            "file_permission": "0777",
            "filename": "linuxpubkey.pem",
            "id": "f9b1f00807d123c8975c83ec2906b24f65361bd9",
            "sensitive_content": null,
            "source": null
          },
          "sensitive_attributes": [],
          "dependencies": [
            "tls_private_key.tf-linuxkey"
          ]
        }
      ]
    },
    {
      "mode": "managed",
      "type": "null_resource",
      "name": "tf-addfile",
      "provider": "provider[\"registry.terraform.io/hashicorp/null\"]",
      "instances": [
        {
          "index_key": 0,
          "schema_version": 0,
          "attributes": {
            "id": "6939952531621911237",
            "triggers": null
          },
          "sensitive_attributes": [],
          "dependencies": [
            "azurerm_linux_virtual_machine.tf-linuxvm",
            "azurerm_public_ip.tf-linuxpublicip",
            "local_file.tf-linuxpemkey"
          ]
        }
      ]
    },
    {
      "mode": "managed",
      "type": "tls_private_key",
      "name": "tf-linuxkey",
      "provider": "provider[\"registry.terraform.io/hashicorp/tls\"]",
      "instances": [
        {
          "schema_version": 1,
          "attributes": {
            "algorithm": "RSA",
            "ecdsa_curve": "P224",
            "id": "22a62f27ea0edad4c9795d47da78097c654dd3bb",
            "private_key_openssh": "-----BEGIN OPENSSH PRIVATE KEY-----\nb3BlbnNzaC1rZXktdjEAAAAABG5vbmUAAAAEbm9uZQAAAAAAAAABAAABFwAAAAdz\nc2gtcnNhAAAAAwEAAQAAAQEAymMwSna6Vqi127IOmtifmwrsDqWNQPz6fNJPY9OG\nlNVE6QJlJkvw/VvLz2PoXn4+zXLW65bpAWXmdOWJOggIRUXRKb2GZvmtE1nXmjm3\nKiq7NxqPpWhzhNPZDm/8ZrQ0cD7ANTFuZR+WgIXGmNSKwMoXbvApB+T1L+N3ZW8J\nv5CxSL7sv6bV1oDQN+J2Ntlc3p5FJhTFoDBOChA0l3O25Wwz5ZBnwlaiOgWZRgWe\nYAlAomx7zUea7UA7jkm/0nN74bdLjKc8G62gw4GRrSs3ZSbnMgTMpsF1yINX+K4Q\n0BlpZJ3DJlxxvioVDv3ifYiZFddr2IyotL95o1EZV+Q7cQAAA7gvTQ1yL00NcgAA\nAAdzc2gtcnNhAAABAQDKYzBKdrpWqLXbsg6a2J+bCuwOpY1A/Pp80k9j04aU1UTp\nAmUmS/D9W8vPY+hefj7NctbrlukBZeZ05Yk6CAhFRdEpvYZm+a0TWdeaObcqKrs3\nGo+laHOE09kOb/xmtDRwPsA1MW5lH5aAhcaY1IrAyhdu8CkH5PUv43dlbwm/kLFI\nvuy/ptXWgNA34nY22VzenkUmFMWgME4KEDSXc7blbDPlkGfCVqI6BZlGBZ5gCUCi\nbHvNR5rtQDuOSb/Sc3vht0uMpzwbraDDgZGtKzdlJucyBMymwXXIg1f4rhDQGWlk\nncMmXHG+KhUO/eJ9iJkV12vYjKi0v3mjURlX5DtxAAAAAwEAAQAAAQBmHyil2kTq\nJ1UkVzNRZQ8cH6W/OkANU9ldFI3ktD5LaVXNMV0yts0SOribnDELRS6RYmoaFFrc\nTru7rnrQ4m6x7am+IxjnawKvKf1Fn+vRhiBTjL6A2zS3CGKVC2LTvAhdvvwjmx62\nPfsmPNpaEZ017INoghxiFGC32lJLx3ymwQlC/vjfkpiIIo/kR1t2zydZagaMt1Ja\nn05fZ664A4U+5tjvMZgSZYyufVrfRQhVR5+19wpG9vmWeU/yt4iBBkh2T1yOBwON\nqc3rdjRHtmlmO0up93sTfCcHHNtk7cMpS8QFQqVXV+QnKErNgj+4KfPYRIegjNdm\nHErNxDDiF3nlAAAAgCD7xtuBoO4jd2ryX8WXwEHlvCy9BSTfbO4qWmQwMeTX7lcG\nn0OTTFZUJCD2n8WMPAVJYOhEFtdQ9tUc9sGcaqhXAdpCr84C67rMAISW1KRizzhw\nfr++wudESM60uMI0Rlkxj5G4jX0H3co3q2zQL3AguZ8TiTLDXKdGkiShv2iIAAAA\ngQDn/Pyss4Fncy7vkeC0kFPOjIW8bYNJeaqLiGSpSTvn0Ntiqefcp3ffbl0C/mpp\ntsPc1wVxIMnGt+KhQEfpgbuLBv4FC0rDqPmBDh4K3gSiROjrgghyt78ZyI2Z5PMs\nfS3wTcCwQ0FG1qcYKMAqjGIMNbLe5/jqCS0aW/O4dXjmGwAAAIEA31XeAwaNpR0q\nqNGct8NwUfDyPNmATGzdB0x6hFkvigIl8OMjpRfGywBIwuVwPnuM/XDqU3dOZKbN\nDWFXaKV/AcPFmcq6zXVw+HUoUow2mzifQyNwkJCb4+/EDehuZgXO84bkTLEyEg3Z\n8IHH2qa0RZdVBSuvzsfIpdFe3BoZrWMAAAAAAQID\n-----END OPENSSH PRIVATE KEY-----\n",
            "private_key_pem": "-----BEGIN RSA PRIVATE KEY-----\nMIIEogIBAAKCAQEAymMwSna6Vqi127IOmtifmwrsDqWNQPz6fNJPY9OGlNVE6QJl\nJkvw/VvLz2PoXn4+zXLW65bpAWXmdOWJOggIRUXRKb2GZvmtE1nXmjm3Kiq7NxqP\npWhzhNPZDm/8ZrQ0cD7ANTFuZR+WgIXGmNSKwMoXbvApB+T1L+N3ZW8Jv5CxSL7s\nv6bV1oDQN+J2Ntlc3p5FJhTFoDBOChA0l3O25Wwz5ZBnwlaiOgWZRgWeYAlAomx7\nzUea7UA7jkm/0nN74bdLjKc8G62gw4GRrSs3ZSbnMgTMpsF1yINX+K4Q0BlpZJ3D\nJlxxvioVDv3ifYiZFddr2IyotL95o1EZV+Q7cQIDAQABAoIBAGYfKKXaROonVSRX\nM1FlDxwfpb86QA1T2V0UjeS0PktpVc0xXTK2zRI6uJucMQtFLpFiahoUWtxOu7uu\netDibrHtqb4jGOdrAq8p/UWf69GGIFOMvoDbNLcIYpULYtO8CF2+/CObHrY9+yY8\n2loRnTXsg2iCHGIUYLfaUkvHfKbBCUL++N+SmIgij+RHW3bPJ1lqBoy3UlqfTl9n\nrrgDhT7m2O8xmBJljK59Wt9FCFVHn7X3Ckb2+ZZ5T/K3iIEGSHZPXI4HA42pzet2\nNEe2aWY7S6n3exN8Jwcc22TtwylLxAVCpVdX5CcoSs2CP7gp89hEh6CM12YcSs3E\nMOIXeeUCgYEA5/z8rLOBZ3Mu75HgtJBTzoyFvG2DSXmqi4hkqUk759DbYqnn3Kd3\n325dAv5qabbD3NcFcSDJxrfioUBH6YG7iwb+BQtKw6j5gQ4eCt4EokTo64IIcre/\nGciNmeTzLH0t8E3AsENBRtanGCjAKoxiDDWy3uf46gktGlvzuHV45hsCgYEA31Xe\nAwaNpR0qqNGct8NwUfDyPNmATGzdB0x6hFkvigIl8OMjpRfGywBIwuVwPnuM/XDq\nU3dOZKbNDWFXaKV/AcPFmcq6zXVw+HUoUow2mzifQyNwkJCb4+/EDehuZgXO84bk\nTLEyEg3Z8IHH2qa0RZdVBSuvzsfIpdFe3BoZrWMCgYBvLocmec1N+B0Jgh9wSi9w\nMVay7MVcBGxg/RhJLakBO8645XcTAEvqECmRkr8LNSV/hKm+AxnRHDYIVBdi6OMq\nCUravgOx7BzP5iUtziPoZSBAJozH9honUD/U/q4wpznKDmmH0GPLgHqKkJUwjyE6\nes3kGMbp20X7eRBAWkR7+wKBgF8zGw/vGzHm3OhZcZRjmt1S9+84R5hMT2ttDkyc\nN8d8Yu/r4qXdHMArvthVNSNtRwxBtaEemiwNbhrmA3x4D0uRSAnmgPpTtXQzfJyz\naBOCb2EPGkyFV+4xpkDHc0fJ8g2c0nRelBleDiiXKbnqla2UdIlftfFO+Bi2xtjL\nx2ZBAoGAIPvG24Gg7iN3avJfxZfAQeW8LL0FJN9s7ipaZDAx5NfuVwafQ5NMVlQk\nIPafxYw8BUlg6EQW11D21Rz2wZxqqFcB2kKvzgLruswAhJbUpGLPOHB+v77C50RI\nzrS4wjRGWTGPkbiNfQfdyjerbNAvcCC5nxOJMsNcp0aSJKG/aIg=\n-----END RSA PRIVATE KEY-----\n",
            "private_key_pem_pkcs8": "-----BEGIN PRIVATE KEY-----\nMIIEvAIBADANBgkqhkiG9w0BAQEFAASCBKYwggSiAgEAAoIBAQDKYzBKdrpWqLXb\nsg6a2J+bCuwOpY1A/Pp80k9j04aU1UTpAmUmS/D9W8vPY+hefj7NctbrlukBZeZ0\n5Yk6CAhFRdEpvYZm+a0TWdeaObcqKrs3Go+laHOE09kOb/xmtDRwPsA1MW5lH5aA\nhcaY1IrAyhdu8CkH5PUv43dlbwm/kLFIvuy/ptXWgNA34nY22VzenkUmFMWgME4K\nEDSXc7blbDPlkGfCVqI6BZlGBZ5gCUCibHvNR5rtQDuOSb/Sc3vht0uMpzwbraDD\ngZGtKzdlJucyBMymwXXIg1f4rhDQGWlkncMmXHG+KhUO/eJ9iJkV12vYjKi0v3mj\nURlX5DtxAgMBAAECggEAZh8opdpE6idVJFczUWUPHB+lvzpADVPZXRSN5LQ+S2lV\nzTFdMrbNEjq4m5wxC0UukWJqGhRa3E67u6560OJuse2pviMY52sCryn9RZ/r0YYg\nU4y+gNs0twhilQti07wIXb78I5setj37JjzaWhGdNeyDaIIcYhRgt9pSS8d8psEJ\nQv7435KYiCKP5Edbds8nWWoGjLdSWp9OX2euuAOFPubY7zGYEmWMrn1a30UIVUef\ntfcKRvb5lnlP8reIgQZIdk9cjgcDjanN63Y0R7ZpZjtLqfd7E3wnBxzbZO3DKUvE\nBUKlV1fkJyhKzYI/uCnz2ESHoIzXZhxKzcQw4hd55QKBgQDn/Pyss4Fncy7vkeC0\nkFPOjIW8bYNJeaqLiGSpSTvn0Ntiqefcp3ffbl0C/mpptsPc1wVxIMnGt+KhQEfp\ngbuLBv4FC0rDqPmBDh4K3gSiROjrgghyt78ZyI2Z5PMsfS3wTcCwQ0FG1qcYKMAq\njGIMNbLe5/jqCS0aW/O4dXjmGwKBgQDfVd4DBo2lHSqo0Zy3w3BR8PI82YBMbN0H\nTHqEWS+KAiXw4yOlF8bLAEjC5XA+e4z9cOpTd05kps0NYVdopX8Bw8WZyrrNdXD4\ndShSjDabOJ9DI3CQkJvj78QN6G5mBc7zhuRMsTISDdnwgcfaprRFl1UFK6/Ox8il\n0V7cGhmtYwKBgG8uhyZ5zU34HQmCH3BKL3AxVrLsxVwEbGD9GEktqQE7zrjldxMA\nS+oQKZGSvws1JX+Eqb4DGdEcNghUF2Lo4yoJStq+A7HsHM/mJS3OI+hlIEAmjMf2\nGidQP9T+rjCnOcoOaYfQY8uAeoqQlTCPITp6zeQYxunbRft5EEBaRHv7AoGAXzMb\nD+8bMebc6FlxlGOa3VL37zhHmExPa20OTJw3x3xi7+vipd0cwCu+2FU1I21HDEG1\noR6aLA1uGuYDfHgPS5FICeaA+lO1dDN8nLNoE4JvYQ8aTIVX7jGmQMdzR8nyDZzS\ndF6UGV4OKJcpueqVrZR0iV+18U74GLbG2MvHZkECgYAg+8bbgaDuI3dq8l/Fl8BB\n5bwsvQUk32zuKlpkMDHk1+5XBp9Dk0xWVCQg9p/FjDwFSWDoRBbXUPbVHPbBnGqo\nVwHaQq/OAuu6zACEltSkYs84cH6/vsLnREjOtLjCNEZZMY+RuI19B93KN6ts0C9w\nILmfE4kyw1ynRpIkob9oiA==\n-----END PRIVATE KEY-----\n",
            "public_key_fingerprint_md5": "b3:78:2a:72:7e:cf:98:6d:c3:e2:92:a9:1a:34:e4:a2",
            "public_key_fingerprint_sha256": "SHA256:j9giFqoEO7Hk0Hh4+pUIMokjG6ynobcRAtIp+5CdODk",
            "public_key_openssh": "ssh-rsa AAAAB3NzaC1yc2EAAAADAQABAAABAQDKYzBKdrpWqLXbsg6a2J+bCuwOpY1A/Pp80k9j04aU1UTpAmUmS/D9W8vPY+hefj7NctbrlukBZeZ05Yk6CAhFRdEpvYZm+a0TWdeaObcqKrs3Go+laHOE09kOb/xmtDRwPsA1MW5lH5aAhcaY1IrAyhdu8CkH5PUv43dlbwm/kLFIvuy/ptXWgNA34nY22VzenkUmFMWgME4KEDSXc7blbDPlkGfCVqI6BZlGBZ5gCUCibHvNR5rtQDuOSb/Sc3vht0uMpzwbraDDgZGtKzdlJucyBMymwXXIg1f4rhDQGWlkncMmXHG+KhUO/eJ9iJkV12vYjKi0v3mjURlX5Dtx\n",
            "public_key_pem": "-----BEGIN PUBLIC KEY-----\nMIIBIjANBgkqhkiG9w0BAQEFAAOCAQ8AMIIBCgKCAQEAymMwSna6Vqi127IOmtif\nmwrsDqWNQPz6fNJPY9OGlNVE6QJlJkvw/VvLz2PoXn4+zXLW65bpAWXmdOWJOggI\nRUXRKb2GZvmtE1nXmjm3Kiq7NxqPpWhzhNPZDm/8ZrQ0cD7ANTFuZR+WgIXGmNSK\nwMoXbvApB+T1L+N3ZW8Jv5CxSL7sv6bV1oDQN+J2Ntlc3p5FJhTFoDBOChA0l3O2\n5Wwz5ZBnwlaiOgWZRgWeYAlAomx7zUea7UA7jkm/0nN74bdLjKc8G62gw4GRrSs3\nZSbnMgTMpsF1yINX+K4Q0BlpZJ3DJlxxvioVDv3ifYiZFddr2IyotL95o1EZV+Q7\ncQIDAQAB\n-----END PUBLIC KEY-----\n",
            "rsa_bits": 2048
          },
          "sensitive_attributes": []
        }
      ]
    }
  ],
  "check_results": null
}
