{
  "version": 4,
  "terraform_version": "1.3.9",
  "serial": 628,
  "lineage": "6692f926-2455-755b-8590-8b82a722b2c0",
  "outputs": {
    "tf-linuxpublic-ip": {
      "value": "20.239.89.188",
      "type": "string"
    },
    "tf-public-ip": {
      "value": [
        "20.205.15.164"
      ],
      "type": [
        "tuple",
        [
          "string"
        ]
      ]
    }
  },
  "resources": [
    {
      "mode": "managed",
      "type": "azurerm_linux_virtual_machine",
      "name": "tf-linuxvm",
      "provider": "provider[\"registry.terraform.io/hashicorp/azurerm\"]",
      "instances": [
        {
          "index_key": 0,
          "schema_version": 0,
          "attributes": {
            "additional_capabilities": [],
            "admin_password": "123qwe!@#QWE",
            "admin_ssh_key": [],
            "admin_username": "adminuser",
            "allow_extension_operations": true,
            "availability_set_id": "",
            "boot_diagnostics": [],
            "capacity_reservation_group_id": "",
            "computer_name": "tf-linuxU18-1",
            "custom_data": null,
            "dedicated_host_group_id": "",
            "dedicated_host_id": "",
            "disable_password_authentication": false,
            "edge_zone": "",
            "encryption_at_host_enabled": false,
            "eviction_policy": "",
            "extensions_time_budget": "PT1H30M",
            "gallery_application": [],
            "id": "/subscriptions/f9a92d15-34b7-4665-b1d1-39e1a39c1d15/resourceGroups/tf-rg/providers/Microsoft.Compute/virtualMachines/tf-linuxU18-1",
            "identity": [],
            "license_type": "",
            "location": "eastasia",
            "max_bid_price": -1,
            "name": "tf-linuxU18-1",
            "network_interface_ids": [
              "/subscriptions/f9a92d15-34b7-4665-b1d1-39e1a39c1d15/resourceGroups/tf-rg/providers/Microsoft.Network/networkInterfaces/tfnetworkinterface1"
            ],
            "os_disk": [
              {
                "caching": "ReadWrite",
                "diff_disk_settings": [],
                "disk_encryption_set_id": "",
                "disk_size_gb": 30,
                "name": "tf-linuxU18-1_OsDisk_1_9f4bc66fa8f74fa9836b1f4a33f05895",
                "secure_vm_disk_encryption_set_id": "",
                "security_encryption_type": "",
                "storage_account_type": "Standard_LRS",
                "write_accelerator_enabled": false
              }
            ],
            "patch_assessment_mode": "ImageDefault",
            "patch_mode": "ImageDefault",
            "plan": [],
            "platform_fault_domain": -1,
            "priority": "Regular",
            "private_ip_address": "10.0.1.4",
            "private_ip_addresses": [
              "10.0.1.4"
            ],
            "provision_vm_agent": true,
            "proximity_placement_group_id": "",
            "public_ip_address": "",
            "public_ip_addresses": [],
            "resource_group_name": "tf-rg",
            "secret": [],
            "secure_boot_enabled": false,
            "size": "Standard_DS1",
            "source_image_id": "",
            "source_image_reference": [
              {
                "offer": "UbuntuServer",
                "publisher": "Canonical",
                "sku": "18.04-LTS",
                "version": "latest"
              }
            ],
            "tags": {},
            "termination_notification": [],
            "timeouts": null,
            "user_data": "",
            "virtual_machine_id": "131aba4c-1774-4dbf-b362-11cb4174a2db",
            "virtual_machine_scale_set_id": "",
            "vtpm_enabled": false,
            "zone": ""
          },
          "sensitive_attributes": [],
          "private": "eyJlMmJmYjczMC1lY2FhLTExZTYtOGY4OC0zNDM2M2JjN2M0YzAiOnsiY3JlYXRlIjoyNzAwMDAwMDAwMDAwLCJkZWxldGUiOjI3MDAwMDAwMDAwMDAsInJlYWQiOjMwMDAwMDAwMDAwMCwidXBkYXRlIjoyNzAwMDAwMDAwMDAwfX0=",
          "dependencies": [
            "azurerm_network_interface.tf-networkinterface",
            "azurerm_resource_group.tf-resourcegrp",
            "azurerm_subnet.tf-sub",
            "azurerm_virtual_network.tf-virnet"
          ]
        },
        {
          "index_key": 1,
          "schema_version": 0,
          "attributes": {
            "additional_capabilities": [],
            "admin_password": "123qwe!@#QWE",
            "admin_ssh_key": [],
            "admin_username": "adminuser",
            "allow_extension_operations": true,
            "availability_set_id": "",
            "boot_diagnostics": [],
            "capacity_reservation_group_id": "",
            "computer_name": "tf-linuxU18-2",
            "custom_data": null,
            "dedicated_host_group_id": "",
            "dedicated_host_id": "",
            "disable_password_authentication": false,
            "edge_zone": "",
            "encryption_at_host_enabled": false,
            "eviction_policy": "",
            "extensions_time_budget": "PT1H30M",
            "gallery_application": [],
            "id": "/subscriptions/f9a92d15-34b7-4665-b1d1-39e1a39c1d15/resourceGroups/tf-rg/providers/Microsoft.Compute/virtualMachines/tf-linuxU18-2",
            "identity": [],
            "license_type": "",
            "location": "eastasia",
            "max_bid_price": -1,
            "name": "tf-linuxU18-2",
            "network_interface_ids": [
              "/subscriptions/f9a92d15-34b7-4665-b1d1-39e1a39c1d15/resourceGroups/tf-rg/providers/Microsoft.Network/networkInterfaces/tfnetworkinterface2"
            ],
            "os_disk": [
              {
                "caching": "ReadWrite",
                "diff_disk_settings": [],
                "disk_encryption_set_id": "",
                "disk_size_gb": 30,
                "name": "tf-linuxU18-2_OsDisk_1_560a7957f5e741ccb0553ee54f597e2c",
                "secure_vm_disk_encryption_set_id": "",
                "security_encryption_type": "",
                "storage_account_type": "Standard_LRS",
                "write_accelerator_enabled": false
              }
            ],
            "patch_assessment_mode": "ImageDefault",
            "patch_mode": "ImageDefault",
            "plan": [],
            "platform_fault_domain": -1,
            "priority": "Regular",
            "private_ip_address": "10.0.1.5",
            "private_ip_addresses": [
              "10.0.1.5"
            ],
            "provision_vm_agent": true,
            "proximity_placement_group_id": "",
            "public_ip_address": "",
            "public_ip_addresses": [],
            "resource_group_name": "tf-rg",
            "secret": [],
            "secure_boot_enabled": false,
            "size": "Standard_DS1",
            "source_image_id": "",
            "source_image_reference": [
              {
                "offer": "UbuntuServer",
                "publisher": "Canonical",
                "sku": "18.04-LTS",
                "version": "latest"
              }
            ],
            "tags": {},
            "termination_notification": [],
            "timeouts": null,
            "user_data": "",
            "virtual_machine_id": "cd53b044-0338-43a7-ba62-c212e47f78ac",
            "virtual_machine_scale_set_id": "",
            "vtpm_enabled": false,
            "zone": ""
          },
          "sensitive_attributes": [],
          "private": "eyJlMmJmYjczMC1lY2FhLTExZTYtOGY4OC0zNDM2M2JjN2M0YzAiOnsiY3JlYXRlIjoyNzAwMDAwMDAwMDAwLCJkZWxldGUiOjI3MDAwMDAwMDAwMDAsInJlYWQiOjMwMDAwMDAwMDAwMCwidXBkYXRlIjoyNzAwMDAwMDAwMDAwfX0=",
          "dependencies": [
            "azurerm_network_interface.tf-networkinterface",
            "azurerm_resource_group.tf-resourcegrp",
            "azurerm_subnet.tf-sub",
            "azurerm_virtual_network.tf-virnet"
          ]
        }
      ]
    },
    {
      "mode": "managed",
      "type": "azurerm_linux_virtual_machine",
      "name": "tf-linuxvmansible",
      "provider": "provider[\"registry.terraform.io/hashicorp/azurerm\"]",
      "instances": [
        {
          "schema_version": 0,
          "attributes": {
            "additional_capabilities": [],
            "admin_password": "123qwe!@#QWE",
            "admin_ssh_key": [],
            "admin_username": "adminuser",
            "allow_extension_operations": true,
            "availability_set_id": "",
            "boot_diagnostics": [],
            "capacity_reservation_group_id": "",
            "computer_name": "tf-linuxU18-0",
            "custom_data": null,
            "dedicated_host_group_id": "",
            "dedicated_host_id": "",
            "disable_password_authentication": false,
            "edge_zone": "",
            "encryption_at_host_enabled": false,
            "eviction_policy": "",
            "extensions_time_budget": "PT1H30M",
            "gallery_application": [],
            "id": "/subscriptions/f9a92d15-34b7-4665-b1d1-39e1a39c1d15/resourceGroups/tf-rg/providers/Microsoft.Compute/virtualMachines/tf-linuxU18-0",
            "identity": [],
            "license_type": "",
            "location": "eastasia",
            "max_bid_price": -1,
            "name": "tf-linuxU18-0",
            "network_interface_ids": [
              "/subscriptions/f9a92d15-34b7-4665-b1d1-39e1a39c1d15/resourceGroups/tf-rg/providers/Microsoft.Network/networkInterfaces/tfnetworkinterface0"
            ],
            "os_disk": [
              {
                "caching": "ReadWrite",
                "diff_disk_settings": [],
                "disk_encryption_set_id": "",
                "disk_size_gb": 30,
                "name": "tf-linuxU18-0_OsDisk_1_cdc82da54c5f4ce8a402bb92b0505c18",
                "secure_vm_disk_encryption_set_id": "",
                "security_encryption_type": "",
                "storage_account_type": "Standard_LRS",
                "write_accelerator_enabled": false
              }
            ],
            "patch_assessment_mode": "ImageDefault",
            "patch_mode": "ImageDefault",
            "plan": [],
            "platform_fault_domain": -1,
            "priority": "Regular",
            "private_ip_address": "10.0.1.6",
            "private_ip_addresses": [
              "10.0.1.6"
            ],
            "provision_vm_agent": true,
            "proximity_placement_group_id": "",
            "public_ip_address": "20.239.89.188",
            "public_ip_addresses": [
              "20.239.89.188"
            ],
            "resource_group_name": "tf-rg",
            "secret": [],
            "secure_boot_enabled": false,
            "size": "Standard_DS1",
            "source_image_id": "",
            "source_image_reference": [
              {
                "offer": "UbuntuServer",
                "publisher": "Canonical",
                "sku": "18.04-LTS",
                "version": "latest"
              }
            ],
            "tags": {},
            "termination_notification": [],
            "timeouts": null,
            "user_data": "",
            "virtual_machine_id": "24caaf40-5ca7-4922-93c8-25ffe50fc388",
            "virtual_machine_scale_set_id": "",
            "vtpm_enabled": false,
            "zone": ""
          },
          "sensitive_attributes": [],
          "private": "eyJlMmJmYjczMC1lY2FhLTExZTYtOGY4OC0zNDM2M2JjN2M0YzAiOnsiY3JlYXRlIjoyNzAwMDAwMDAwMDAwLCJkZWxldGUiOjI3MDAwMDAwMDAwMDAsInJlYWQiOjMwMDAwMDAwMDAwMCwidXBkYXRlIjoyNzAwMDAwMDAwMDAwfX0=",
          "dependencies": [
            "azurerm_network_interface.tf-networkinterfaceansible",
            "azurerm_public_ip.tf-linuxpublicip",
            "azurerm_resource_group.tf-resourcegrp",
            "azurerm_subnet.tf-sub",
            "azurerm_virtual_network.tf-virnet"
          ]
        }
      ]
    },
    {
      "mode": "managed",
      "type": "azurerm_network_interface",
      "name": "tf-netint",
      "provider": "provider[\"registry.terraform.io/hashicorp/azurerm\"]",
      "instances": [
        {
          "index_key": 0,
          "schema_version": 0,
          "attributes": {
            "applied_dns_servers": [],
            "dns_servers": [],
            "edge_zone": "",
            "enable_accelerated_networking": false,
            "enable_ip_forwarding": false,
            "id": "/subscriptions/f9a92d15-34b7-4665-b1d1-39e1a39c1d15/resourceGroups/tf-rg/providers/Microsoft.Network/networkInterfaces/tfnetint",
            "internal_dns_name_label": "",
            "internal_domain_name_suffix": "joxczzwqefcevmaslwsuldotoe.hx.internal.cloudapp.net",
            "ip_configuration": [
              {
                "gateway_load_balancer_frontend_ip_configuration_id": "",
                "name": "internal",
                "primary": true,
                "private_ip_address": "10.0.1.7",
                "private_ip_address_allocation": "Dynamic",
                "private_ip_address_version": "IPv4",
                "public_ip_address_id": "/subscriptions/f9a92d15-34b7-4665-b1d1-39e1a39c1d15/resourceGroups/tf-rg/providers/Microsoft.Network/publicIPAddresses/tfpublicip0",
                "subnet_id": "/subscriptions/f9a92d15-34b7-4665-b1d1-39e1a39c1d15/resourceGroups/tf-rg/providers/Microsoft.Network/virtualNetworks/tfvirnet/subnets/tfsub"
              }
            ],
            "location": "eastasia",
            "mac_address": "00-22-48-ED-38-7E",
            "name": "tfnetint",
            "private_ip_address": "10.0.1.7",
            "private_ip_addresses": [
              "10.0.1.7"
            ],
            "resource_group_name": "tf-rg",
            "tags": {},
            "timeouts": null,
            "virtual_machine_id": "/subscriptions/f9a92d15-34b7-4665-b1d1-39e1a39c1d15/resourceGroups/tf-rg/providers/Microsoft.Compute/virtualMachines/tfvm"
          },
          "sensitive_attributes": [],
          "private": "eyJlMmJmYjczMC1lY2FhLTExZTYtOGY4OC0zNDM2M2JjN2M0YzAiOnsiY3JlYXRlIjoxODAwMDAwMDAwMDAwLCJkZWxldGUiOjE4MDAwMDAwMDAwMDAsInJlYWQiOjMwMDAwMDAwMDAwMCwidXBkYXRlIjoxODAwMDAwMDAwMDAwfX0=",
          "dependencies": [
            "azurerm_public_ip.tf-publicip",
            "azurerm_resource_group.tf-resourcegrp",
            "azurerm_subnet.tf-sub",
            "azurerm_virtual_network.tf-virnet"
          ]
        }
      ]
    },
    {
      "mode": "managed",
      "type": "azurerm_network_interface",
      "name": "tf-networkinterface",
      "provider": "provider[\"registry.terraform.io/hashicorp/azurerm\"]",
      "instances": [
        {
          "index_key": 0,
          "schema_version": 0,
          "attributes": {
            "applied_dns_servers": [],
            "dns_servers": [],
            "edge_zone": "",
            "enable_accelerated_networking": false,
            "enable_ip_forwarding": false,
            "id": "/subscriptions/f9a92d15-34b7-4665-b1d1-39e1a39c1d15/resourceGroups/tf-rg/providers/Microsoft.Network/networkInterfaces/tfnetworkinterface1",
            "internal_dns_name_label": "",
            "internal_domain_name_suffix": "joxczzwqefcevmaslwsuldotoe.hx.internal.cloudapp.net",
            "ip_configuration": [
              {
                "gateway_load_balancer_frontend_ip_configuration_id": "",
                "name": "internal1",
                "primary": true,
                "private_ip_address": "10.0.1.4",
                "private_ip_address_allocation": "Dynamic",
                "private_ip_address_version": "IPv4",
                "public_ip_address_id": "",
                "subnet_id": "/subscriptions/f9a92d15-34b7-4665-b1d1-39e1a39c1d15/resourceGroups/tf-rg/providers/Microsoft.Network/virtualNetworks/tfvirnet/subnets/tfsub"
              }
            ],
            "location": "eastasia",
            "mac_address": "00-22-48-19-1E-57",
            "name": "tfnetworkinterface1",
            "private_ip_address": "10.0.1.4",
            "private_ip_addresses": [
              "10.0.1.4"
            ],
            "resource_group_name": "tf-rg",
            "tags": {},
            "timeouts": null,
            "virtual_machine_id": "/subscriptions/f9a92d15-34b7-4665-b1d1-39e1a39c1d15/resourceGroups/tf-rg/providers/Microsoft.Compute/virtualMachines/tf-linuxU18-1"
          },
          "sensitive_attributes": [],
          "private": "eyJlMmJmYjczMC1lY2FhLTExZTYtOGY4OC0zNDM2M2JjN2M0YzAiOnsiY3JlYXRlIjoxODAwMDAwMDAwMDAwLCJkZWxldGUiOjE4MDAwMDAwMDAwMDAsInJlYWQiOjMwMDAwMDAwMDAwMCwidXBkYXRlIjoxODAwMDAwMDAwMDAwfX0=",
          "dependencies": [
            "azurerm_resource_group.tf-resourcegrp",
            "azurerm_subnet.tf-sub",
            "azurerm_virtual_network.tf-virnet"
          ]
        },
        {
          "index_key": 1,
          "schema_version": 0,
          "attributes": {
            "applied_dns_servers": [],
            "dns_servers": [],
            "edge_zone": "",
            "enable_accelerated_networking": false,
            "enable_ip_forwarding": false,
            "id": "/subscriptions/f9a92d15-34b7-4665-b1d1-39e1a39c1d15/resourceGroups/tf-rg/providers/Microsoft.Network/networkInterfaces/tfnetworkinterface2",
            "internal_dns_name_label": "",
            "internal_domain_name_suffix": "joxczzwqefcevmaslwsuldotoe.hx.internal.cloudapp.net",
            "ip_configuration": [
              {
                "gateway_load_balancer_frontend_ip_configuration_id": "",
                "name": "internal2",
                "primary": true,
                "private_ip_address": "10.0.1.5",
                "private_ip_address_allocation": "Dynamic",
                "private_ip_address_version": "IPv4",
                "public_ip_address_id": "",
                "subnet_id": "/subscriptions/f9a92d15-34b7-4665-b1d1-39e1a39c1d15/resourceGroups/tf-rg/providers/Microsoft.Network/virtualNetworks/tfvirnet/subnets/tfsub"
              }
            ],
            "location": "eastasia",
            "mac_address": "60-45-BD-55-79-DF",
            "name": "tfnetworkinterface2",
            "private_ip_address": "10.0.1.5",
            "private_ip_addresses": [
              "10.0.1.5"
            ],
            "resource_group_name": "tf-rg",
            "tags": {},
            "timeouts": null,
            "virtual_machine_id": "/subscriptions/f9a92d15-34b7-4665-b1d1-39e1a39c1d15/resourceGroups/tf-rg/providers/Microsoft.Compute/virtualMachines/tf-linuxU18-2"
          },
          "sensitive_attributes": [],
          "private": "eyJlMmJmYjczMC1lY2FhLTExZTYtOGY4OC0zNDM2M2JjN2M0YzAiOnsiY3JlYXRlIjoxODAwMDAwMDAwMDAwLCJkZWxldGUiOjE4MDAwMDAwMDAwMDAsInJlYWQiOjMwMDAwMDAwMDAwMCwidXBkYXRlIjoxODAwMDAwMDAwMDAwfX0=",
          "dependencies": [
            "azurerm_resource_group.tf-resourcegrp",
            "azurerm_subnet.tf-sub",
            "azurerm_virtual_network.tf-virnet"
          ]
        }
      ]
    },
    {
      "mode": "managed",
      "type": "azurerm_network_interface",
      "name": "tf-networkinterfaceansible",
      "provider": "provider[\"registry.terraform.io/hashicorp/azurerm\"]",
      "instances": [
        {
          "schema_version": 0,
          "attributes": {
            "applied_dns_servers": [],
            "dns_servers": [],
            "edge_zone": "",
            "enable_accelerated_networking": false,
            "enable_ip_forwarding": false,
            "id": "/subscriptions/f9a92d15-34b7-4665-b1d1-39e1a39c1d15/resourceGroups/tf-rg/providers/Microsoft.Network/networkInterfaces/tfnetworkinterface0",
            "internal_dns_name_label": "",
            "internal_domain_name_suffix": "joxczzwqefcevmaslwsuldotoe.hx.internal.cloudapp.net",
            "ip_configuration": [
              {
                "gateway_load_balancer_frontend_ip_configuration_id": "",
                "name": "internal0",
                "primary": true,
                "private_ip_address": "10.0.1.6",
                "private_ip_address_allocation": "Dynamic",
                "private_ip_address_version": "IPv4",
                "public_ip_address_id": "/subscriptions/f9a92d15-34b7-4665-b1d1-39e1a39c1d15/resourceGroups/tf-rg/providers/Microsoft.Network/publicIPAddresses/tflinuxpublicip",
                "subnet_id": "/subscriptions/f9a92d15-34b7-4665-b1d1-39e1a39c1d15/resourceGroups/tf-rg/providers/Microsoft.Network/virtualNetworks/tfvirnet/subnets/tfsub"
              }
            ],
            "location": "eastasia",
            "mac_address": "60-45-BD-58-13-1F",
            "name": "tfnetworkinterface0",
            "private_ip_address": "10.0.1.6",
            "private_ip_addresses": [
              "10.0.1.6"
            ],
            "resource_group_name": "tf-rg",
            "tags": {},
            "timeouts": null,
            "virtual_machine_id": "/subscriptions/f9a92d15-34b7-4665-b1d1-39e1a39c1d15/resourceGroups/tf-rg/providers/Microsoft.Compute/virtualMachines/tf-linuxU18-0"
          },
          "sensitive_attributes": [],
          "private": "eyJlMmJmYjczMC1lY2FhLTExZTYtOGY4OC0zNDM2M2JjN2M0YzAiOnsiY3JlYXRlIjoxODAwMDAwMDAwMDAwLCJkZWxldGUiOjE4MDAwMDAwMDAwMDAsInJlYWQiOjMwMDAwMDAwMDAwMCwidXBkYXRlIjoxODAwMDAwMDAwMDAwfX0=",
          "dependencies": [
            "azurerm_public_ip.tf-linuxpublicip",
            "azurerm_resource_group.tf-resourcegrp",
            "azurerm_subnet.tf-sub",
            "azurerm_virtual_network.tf-virnet"
          ]
        }
      ]
    },
    {
      "mode": "managed",
      "type": "azurerm_network_security_group",
      "name": "tf-nwsecgrp",
      "provider": "provider[\"registry.terraform.io/hashicorp/azurerm\"]",
      "instances": [
        {
          "schema_version": 0,
          "attributes": {
            "id": "/subscriptions/f9a92d15-34b7-4665-b1d1-39e1a39c1d15/resourceGroups/tf-rg/providers/Microsoft.Network/networkSecurityGroups/tfnwsecgrp",
            "location": "eastasia",
            "name": "tfnwsecgrp",
            "resource_group_name": "tf-rg",
            "security_rule": [
              {
                "access": "Allow",
                "description": "",
                "destination_address_prefix": "*",
                "destination_address_prefixes": [],
                "destination_application_security_group_ids": [],
                "destination_port_range": "22",
                "destination_port_ranges": [],
                "direction": "Inbound",
                "name": "AllowSSH",
                "priority": 201,
                "protocol": "Tcp",
                "source_address_prefix": "*",
                "source_address_prefixes": [],
                "source_application_security_group_ids": [],
                "source_port_range": "*",
                "source_port_ranges": []
              },
              {
                "access": "Allow",
                "description": "",
                "destination_address_prefix": "*",
                "destination_address_prefixes": [],
                "destination_application_security_group_ids": [],
                "destination_port_range": "3389",
                "destination_port_ranges": [],
                "direction": "Inbound",
                "name": "AllowRDP",
                "priority": 200,
                "protocol": "Tcp",
                "source_address_prefix": "*",
                "source_address_prefixes": [],
                "source_application_security_group_ids": [],
                "source_port_range": "*",
                "source_port_ranges": []
              }
            ],
            "tags": {},
            "timeouts": null
          },
          "sensitive_attributes": [],
          "private": "eyJlMmJmYjczMC1lY2FhLTExZTYtOGY4OC0zNDM2M2JjN2M0YzAiOnsiY3JlYXRlIjoxODAwMDAwMDAwMDAwLCJkZWxldGUiOjE4MDAwMDAwMDAwMDAsInJlYWQiOjMwMDAwMDAwMDAwMCwidXBkYXRlIjoxODAwMDAwMDAwMDAwfX0=",
          "dependencies": [
            "azurerm_resource_group.tf-resourcegrp",
            "azurerm_virtual_network.tf-virnet"
          ]
        }
      ]
    },
    {
      "mode": "managed",
      "type": "azurerm_public_ip",
      "name": "tf-linuxpublicip",
      "provider": "provider[\"registry.terraform.io/hashicorp/azurerm\"]",
      "instances": [
        {
          "schema_version": 0,
          "attributes": {
            "allocation_method": "Static",
            "ddos_protection_mode": "VirtualNetworkInherited",
            "ddos_protection_plan_id": null,
            "domain_name_label": null,
            "edge_zone": "",
            "fqdn": null,
            "id": "/subscriptions/f9a92d15-34b7-4665-b1d1-39e1a39c1d15/resourceGroups/tf-rg/providers/Microsoft.Network/publicIPAddresses/tflinuxpublicip",
            "idle_timeout_in_minutes": 4,
            "ip_address": "20.239.89.188",
            "ip_tags": {},
            "ip_version": "IPv4",
            "location": "eastasia",
            "name": "tflinuxpublicip",
            "public_ip_prefix_id": null,
            "resource_group_name": "tf-rg",
            "reverse_fqdn": null,
            "sku": "Basic",
            "sku_tier": "Regional",
            "tags": {
              "environment": "Production"
            },
            "timeouts": null,
            "zones": []
          },
          "sensitive_attributes": [],
          "private": "eyJlMmJmYjczMC1lY2FhLTExZTYtOGY4OC0zNDM2M2JjN2M0YzAiOnsiY3JlYXRlIjoxODAwMDAwMDAwMDAwLCJkZWxldGUiOjE4MDAwMDAwMDAwMDAsInJlYWQiOjMwMDAwMDAwMDAwMCwidXBkYXRlIjoxODAwMDAwMDAwMDAwfX0=",
          "dependencies": [
            "azurerm_resource_group.tf-resourcegrp"
          ]
        }
      ]
    },
    {
      "mode": "managed",
      "type": "azurerm_public_ip",
      "name": "tf-publicip",
      "provider": "provider[\"registry.terraform.io/hashicorp/azurerm\"]",
      "instances": [
        {
          "index_key": 0,
          "schema_version": 0,
          "attributes": {
            "allocation_method": "Static",
            "ddos_protection_mode": "VirtualNetworkInherited",
            "ddos_protection_plan_id": null,
            "domain_name_label": null,
            "edge_zone": "",
            "fqdn": null,
            "id": "/subscriptions/f9a92d15-34b7-4665-b1d1-39e1a39c1d15/resourceGroups/tf-rg/providers/Microsoft.Network/publicIPAddresses/tfpublicip0",
            "idle_timeout_in_minutes": 4,
            "ip_address": "20.205.15.164",
            "ip_tags": {},
            "ip_version": "IPv4",
            "location": "eastasia",
            "name": "tfpublicip0",
            "public_ip_prefix_id": null,
            "resource_group_name": "tf-rg",
            "reverse_fqdn": null,
            "sku": "Basic",
            "sku_tier": "Regional",
            "tags": {
              "environment": "Production"
            },
            "timeouts": null,
            "zones": []
          },
          "sensitive_attributes": [],
          "private": "eyJlMmJmYjczMC1lY2FhLTExZTYtOGY4OC0zNDM2M2JjN2M0YzAiOnsiY3JlYXRlIjoxODAwMDAwMDAwMDAwLCJkZWxldGUiOjE4MDAwMDAwMDAwMDAsInJlYWQiOjMwMDAwMDAwMDAwMCwidXBkYXRlIjoxODAwMDAwMDAwMDAwfX0=",
          "dependencies": [
            "azurerm_resource_group.tf-resourcegrp"
          ]
        }
      ]
    },
    {
      "mode": "managed",
      "type": "azurerm_resource_group",
      "name": "tf-resourcegrp",
      "provider": "provider[\"registry.terraform.io/hashicorp/azurerm\"]",
      "instances": [
        {
          "schema_version": 0,
          "attributes": {
            "id": "/subscriptions/f9a92d15-34b7-4665-b1d1-39e1a39c1d15/resourceGroups/tf-rg",
            "location": "eastasia",
            "name": "tf-rg",
            "tags": {},
            "timeouts": null
          },
          "sensitive_attributes": [],
          "private": "eyJlMmJmYjczMC1lY2FhLTExZTYtOGY4OC0zNDM2M2JjN2M0YzAiOnsiY3JlYXRlIjo1NDAwMDAwMDAwMDAwLCJkZWxldGUiOjU0MDAwMDAwMDAwMDAsInJlYWQiOjMwMDAwMDAwMDAwMCwidXBkYXRlIjo1NDAwMDAwMDAwMDAwfX0="
        }
      ]
    },
    {
      "mode": "managed",
      "type": "azurerm_subnet",
      "name": "tf-sub",
      "provider": "provider[\"registry.terraform.io/hashicorp/azurerm\"]",
      "instances": [
        {
          "schema_version": 0,
          "attributes": {
            "address_prefixes": [
              "10.0.1.0/24"
            ],
            "delegation": [],
            "enforce_private_link_endpoint_network_policies": false,
            "enforce_private_link_service_network_policies": false,
            "id": "/subscriptions/f9a92d15-34b7-4665-b1d1-39e1a39c1d15/resourceGroups/tf-rg/providers/Microsoft.Network/virtualNetworks/tfvirnet/subnets/tfsub",
            "name": "tfsub",
            "private_endpoint_network_policies_enabled": true,
            "private_link_service_network_policies_enabled": true,
            "resource_group_name": "tf-rg",
            "service_endpoint_policy_ids": [],
            "service_endpoints": [],
            "timeouts": null,
            "virtual_network_name": "tfvirnet"
          },
          "sensitive_attributes": [],
          "private": "eyJlMmJmYjczMC1lY2FhLTExZTYtOGY4OC0zNDM2M2JjN2M0YzAiOnsiY3JlYXRlIjoxODAwMDAwMDAwMDAwLCJkZWxldGUiOjE4MDAwMDAwMDAwMDAsInJlYWQiOjMwMDAwMDAwMDAwMCwidXBkYXRlIjoxODAwMDAwMDAwMDAwfX0=",
          "dependencies": [
            "azurerm_resource_group.tf-resourcegrp",
            "azurerm_virtual_network.tf-virnet"
          ]
        }
      ]
    },
    {
      "mode": "managed",
      "type": "azurerm_virtual_network",
      "name": "tf-virnet",
      "provider": "provider[\"registry.terraform.io/hashicorp/azurerm\"]",
      "instances": [
        {
          "schema_version": 0,
          "attributes": {
            "address_space": [
              "10.0.0.0/16"
            ],
            "bgp_community": "",
            "ddos_protection_plan": [],
            "dns_servers": [],
            "edge_zone": "",
            "flow_timeout_in_minutes": 0,
            "guid": "e62cae4b-21d0-4a44-b012-5da5458dd374",
            "id": "/subscriptions/f9a92d15-34b7-4665-b1d1-39e1a39c1d15/resourceGroups/tf-rg/providers/Microsoft.Network/virtualNetworks/tfvirnet",
            "location": "eastasia",
            "name": "tfvirnet",
            "resource_group_name": "tf-rg",
            "subnet": [
              {
                "address_prefix": "10.0.1.0/24",
                "id": "/subscriptions/f9a92d15-34b7-4665-b1d1-39e1a39c1d15/resourceGroups/tf-rg/providers/Microsoft.Network/virtualNetworks/tfvirnet/subnets/tfsub",
                "name": "tfsub",
                "security_group": ""
              }
            ],
            "tags": {},
            "timeouts": null
          },
          "sensitive_attributes": [],
          "private": "eyJlMmJmYjczMC1lY2FhLTExZTYtOGY4OC0zNDM2M2JjN2M0YzAiOnsiY3JlYXRlIjoxODAwMDAwMDAwMDAwLCJkZWxldGUiOjE4MDAwMDAwMDAwMDAsInJlYWQiOjMwMDAwMDAwMDAwMCwidXBkYXRlIjoxODAwMDAwMDAwMDAwfX0=",
          "dependencies": [
            "azurerm_resource_group.tf-resourcegrp"
          ]
        }
      ]
    },
    {
      "mode": "managed",
      "type": "azurerm_windows_virtual_machine",
      "name": "tf-vm",
      "provider": "provider[\"registry.terraform.io/hashicorp/azurerm\"]",
      "instances": [
        {
          "index_key": 0,
          "schema_version": 0,
          "attributes": {
            "additional_capabilities": [],
            "additional_unattend_content": [],
            "admin_password": "123qwe!@#QWE",
            "admin_username": "adminuser",
            "allow_extension_operations": true,
            "availability_set_id": "",
            "boot_diagnostics": [],
            "capacity_reservation_group_id": "",
            "computer_name": "tfvm",
            "custom_data": null,
            "dedicated_host_group_id": "",
            "dedicated_host_id": "",
            "edge_zone": "",
            "enable_automatic_updates": true,
            "encryption_at_host_enabled": false,
            "eviction_policy": "",
            "extensions_time_budget": "PT1H30M",
            "gallery_application": [],
            "hotpatching_enabled": false,
            "id": "/subscriptions/f9a92d15-34b7-4665-b1d1-39e1a39c1d15/resourceGroups/tf-rg/providers/Microsoft.Compute/virtualMachines/tfvm",
            "identity": [],
            "license_type": "",
            "location": "eastasia",
            "max_bid_price": -1,
            "name": "tfvm",
            "network_interface_ids": [
              "/subscriptions/f9a92d15-34b7-4665-b1d1-39e1a39c1d15/resourceGroups/tf-rg/providers/Microsoft.Network/networkInterfaces/tfnetint"
            ],
            "os_disk": [
              {
                "caching": "ReadWrite",
                "diff_disk_settings": [],
                "disk_encryption_set_id": "",
                "disk_size_gb": 127,
                "name": "tfvm_disk1_4dee5744523543449704c828e5b0346c",
                "secure_vm_disk_encryption_set_id": "",
                "security_encryption_type": "",
                "storage_account_type": "Standard_LRS",
                "write_accelerator_enabled": false
              }
            ],
            "patch_assessment_mode": "ImageDefault",
            "patch_mode": "AutomaticByOS",
            "plan": [],
            "platform_fault_domain": -1,
            "priority": "Regular",
            "private_ip_address": "10.0.1.7",
            "private_ip_addresses": [
              "10.0.1.7"
            ],
            "provision_vm_agent": true,
            "proximity_placement_group_id": "",
            "public_ip_address": "20.205.15.164",
            "public_ip_addresses": [
              "20.205.15.164"
            ],
            "resource_group_name": "tf-rg",
            "secret": [],
            "secure_boot_enabled": false,
            "size": "Standard_DS1",
            "source_image_id": "",
            "source_image_reference": [
              {
                "offer": "WindowsServer",
                "publisher": "MicrosoftWindowsServer",
                "sku": "2019-Datacenter",
                "version": "latest"
              }
            ],
            "tags": {},
            "termination_notification": [],
            "timeouts": null,
            "timezone": "",
            "user_data": "",
            "virtual_machine_id": "a7cac227-4611-4f2e-bfe3-b979f9dea520",
            "virtual_machine_scale_set_id": "",
            "vtpm_enabled": false,
            "winrm_listener": [],
            "zone": ""
          },
          "sensitive_attributes": [],
          "private": "eyJlMmJmYjczMC1lY2FhLTExZTYtOGY4OC0zNDM2M2JjN2M0YzAiOnsiY3JlYXRlIjoyNzAwMDAwMDAwMDAwLCJkZWxldGUiOjI3MDAwMDAwMDAwMDAsInJlYWQiOjMwMDAwMDAwMDAwMCwidXBkYXRlIjoyNzAwMDAwMDAwMDAwfX0=",
          "dependencies": [
            "azurerm_network_interface.tf-netint",
            "azurerm_public_ip.tf-publicip",
            "azurerm_resource_group.tf-resourcegrp",
            "azurerm_subnet.tf-sub",
            "azurerm_virtual_network.tf-virnet"
          ]
        }
      ]
    },
    {
      "mode": "managed",
      "type": "null_resource",
      "name": "tf-addfile",
      "provider": "provider[\"registry.terraform.io/hashicorp/null\"]",
      "instances": [
        {
          "schema_version": 0,
          "attributes": {
            "id": "5869976116367220150",
            "triggers": null
          },
          "sensitive_attributes": [],
          "dependencies": [
            "azurerm_linux_virtual_machine.tf-linuxvm",
            "azurerm_network_interface.tf-networkinterface",
            "azurerm_public_ip.tf-linuxpublicip",
            "null_resource.tf-file-ip"
          ]
        }
      ]
    },
    {
      "mode": "managed",
      "type": "null_resource",
      "name": "tf-file-ip",
      "provider": "provider[\"registry.terraform.io/hashicorp/null\"]",
      "instances": [
        {
          "index_key": 0,
          "schema_version": 0,
          "attributes": {
            "id": "3470009377209904092",
            "triggers": null
          },
          "sensitive_attributes": [],
          "dependencies": [
            "azurerm_linux_virtual_machine.tf-linuxvm",
            "azurerm_network_interface.tf-networkinterface",
            "azurerm_resource_group.tf-resourcegrp",
            "azurerm_subnet.tf-sub",
            "azurerm_virtual_network.tf-virnet"
          ]
        },
        {
          "index_key": 1,
          "schema_version": 0,
          "attributes": {
            "id": "2358635119784982384",
            "triggers": null
          },
          "sensitive_attributes": [],
          "dependencies": [
            "azurerm_linux_virtual_machine.tf-linuxvm",
            "azurerm_network_interface.tf-networkinterface"
          ]
        }
      ]
    }
  ],
  "check_results": null
}
